PODS:
  - SwiftProtobuf (1.22.0)
  - TrustWalletCore (3.1.39):
    - TrustWalletCore/Core (= 3.1.39)
  - TrustWalletCore/Core (3.1.39):
    - TrustWalletCore/Types
  - TrustWalletCore/Types (3.1.39):
    - SwiftProtobuf

DEPENDENCIES:
  - TrustWalletCore

SPEC REPOS:
  trunk:
    - SwiftProtobuf
    - TrustWalletCore

SPEC CHECKSUMS:
  SwiftProtobuf: 40bd808372cb8706108f22d28f8ab4a6b9bc6989
  TrustWalletCore: 0fcf8290c89ffb0b155d441a48d1e14cf3641b8a

PODFILE CHECKSUM: ea326ecc28d6e48031c7248ce97d27f3c23c28f1

COCOAPODS: 1.12.0
