PODS:
  - SwiftProtobuf (1.20.3)
  - TrustWalletCore (3.0.9):
    - TrustWalletCore/Core (= 3.0.9)
  - TrustWalletCore/Core (3.0.9):
    - TrustWalletCore/Types
  - TrustWalletCore/Types (3.0.9):
    - SwiftProtobuf

DEPENDENCIES:
  - TrustWalletCore

SPEC REPOS:
  trunk:
    - SwiftProtobuf
    - TrustWalletCore

SPEC CHECKSUMS:
  SwiftProtobuf: b02b5075dcf60c9f5f403000b3b0c202a11b6ae1
  TrustWalletCore: 06241bbe060e64d51d787b600036312d3332a835

PODFILE CHECKSUM: f672a208c0bce036f7e68d2ce809e1997ed81539

COCOAPODS: 1.11.3
