// !$*UTF8*$!
{
	archiveVersion = 1;
	classes = {
	};
	objectVersion = 52;
	objects = {

/* Begin PBXBuildFile section */
		007C1C6857A3E1996AB101DF /* PPPangramSans-ExtraboldItalic.ttf in Resources */ = {isa = PBXBuildFile; fileRef = 0EDBBFAD004B3CE088F12483 /* PPPangramSans-ExtraboldItalic.ttf */; };
		00840F972A3BC4A38A93791F /* KeychainWrapperProtocol.swift in Sources */ = {isa = PBXBuildFile; fileRef = E2F12D00D4BD3A8B271BC47E /* KeychainWrapperProtocol.swift */; };
		02A97D4A9C207916DE660B71 /* BlurEffectView.swift in Sources */ = {isa = PBXBuildFile; fileRef = 29FA9F2B6774C623781F9BA2 /* BlurEffectView.swift */; };
		06218737C45E76782BCD109A /* TabBarItem.swift in Sources */ = {isa = PBXBuildFile; fileRef = 1E63A3FADC136684209F7A94 /* TabBarItem.swift */; };
		07348C7157600883D19BE3D1 /* VerifySecretPhraseViewModel.swift in Sources */ = {isa = PBXBuildFile; fileRef = FB0F79268C00324C48ACDFE9 /* VerifySecretPhraseViewModel.swift */; };
		07E7702AD0548B8DB7A2E6ED /* ImportSecretPhraseView.swift in Sources */ = {isa = PBXBuildFile; fileRef = E073F552ABC50DFF611DD6D7 /* ImportSecretPhraseView.swift */; };
		0A2F2A3C3D6AD92205953E59 /* PPPangramSans-BoldItalic.ttf in Resources */ = {isa = PBXBuildFile; fileRef = 1C64ED0E420A75845A204FD9 /* PPPangramSans-BoldItalic.ttf */; };
		0AAF5243F7A695BC9CC6CF16 /* InvestViewController.swift in Sources */ = {isa = PBXBuildFile; fileRef = 8CEE6EA6F86954BD72ED3DD5 /* InvestViewController.swift */; };
		120188FCE7A629105DC83F2E /* StringProtocol+Extension.swift in Sources */ = {isa = PBXBuildFile; fileRef = 71E37262DD3BAB9CAA733F2E /* StringProtocol+Extension.swift */; };
		120AFF9C42F188B5A9FB235D /* SceneDelegate.swift in Sources */ = {isa = PBXBuildFile; fileRef = 506778827BFFAD8480D0F2C2 /* SceneDelegate.swift */; };
		175302024392F42DD2B8F27F /* TuistFonts+PinoIOS.swift in Sources */ = {isa = PBXBuildFile; fileRef = B60F46869B827F258DCA7672 /* TuistFonts+PinoIOS.swift */; };
		1BBDBEBF5BEF06E5223ED29D /* ShowSecretPhraseViewModel.swift in Sources */ = {isa = PBXBuildFile; fileRef = 30FD27066FB1D5073296B68A /* ShowSecretPhraseViewModel.swift */; };
		1CCFE27434928B0335018B89 /* ShowSecretPhraseView.swift in Sources */ = {isa = PBXBuildFile; fileRef = 8261937722AB4BF364074A3F /* ShowSecretPhraseView.swift */; };
		1CFD33910DD070BA67163D66 /* SemiboldStyle.swift in Sources */ = {isa = PBXBuildFile; fileRef = 1500554F63220FE7B4551D27 /* SemiboldStyle.swift */; };
		20C403F37823EEC96AB303C1 /* ImportSecretPhraseViewController.swift in Sources */ = {isa = PBXBuildFile; fileRef = 52FA8EB610C9E5FBEB06A460 /* ImportSecretPhraseViewController.swift */; };
		20D7C7089C79E025BD88D5F6 /* AllDoneView.swift in Sources */ = {isa = PBXBuildFile; fileRef = F8BAA38133ECAEF6F11A90FE /* AllDoneView.swift */; };
		233F0422E45793A77FBC25D4 /* AllDoneViewModel.swift in Sources */ = {isa = PBXBuildFile; fileRef = 1C94D67366BBC5FC2E83690B /* AllDoneViewModel.swift */; };
		239B53123E599C3B8AD537B8 /* AlertHelper.swift in Sources */ = {isa = PBXBuildFile; fileRef = A5CFB36DDA732D8273860EDB /* AlertHelper.swift */; };
		244864C235A42742FA9574BB /* PPPangramSans-ExtraboldReclined.ttf in Resources */ = {isa = PBXBuildFile; fileRef = 3D9D19C9FA163F6540E69EB5 /* PPPangramSans-ExtraboldReclined.ttf */; };
		244B2034B6D44247035B9A44 /* BoldStyle.swift in Sources */ = {isa = PBXBuildFile; fileRef = 5873E89FD2DBE91A7B148B47 /* BoldStyle.swift */; };
		294BA6C699CF377D97E3425C /* CreatePasscodeViewController.swift in Sources */ = {isa = PBXBuildFile; fileRef = EB5BC47B119D6D83180C9BB4 /* CreatePasscodeViewController.swift */; };
		2AAB4235ADBFBD812D67698D /* PinoStepperView.swift in Sources */ = {isa = PBXBuildFile; fileRef = 8AF34662FFE25754189C5E1E /* PinoStepperView.swift */; };
		3256B0244DDF2151666D6D25 /* ValidateSecretPhraseViewModel.swift in Sources */ = {isa = PBXBuildFile; fileRef = 366A068543C0D3E62EC9633B /* ValidateSecretPhraseViewModel.swift */; };
		32C5A14C2878AF2717953CE4 /* PPPangramSans-ExtralightItalic.ttf in Resources */ = {isa = PBXBuildFile; fileRef = C4FD2F4E7B7B989C365E09ED /* PPPangramSans-ExtralightItalic.ttf */; };
		34F77E3B42F72AE7C04697F5 /* IntroViewController.swift in Sources */ = {isa = PBXBuildFile; fileRef = 67305E6086B83736D23758B5 /* IntroViewController.swift */; };
		35A80A475B24D411037931E2 /* ViewController+Extension.swift in Sources */ = {isa = PBXBuildFile; fileRef = 6106162A4785FF5E96E05450 /* ViewController+Extension.swift */; };
		35F653178497D3A93EE59E96 /* ImportWalletUITests.swift in Sources */ = {isa = PBXBuildFile; fileRef = F01BABB0D1DFE22BD293AAA1 /* ImportWalletUITests.swift */; };
		370D435DB8EDAFB747CEA9F6 /* SwapViewController.swift in Sources */ = {isa = PBXBuildFile; fileRef = 3B8EE37C4E43E8C7514B1BE8 /* SwapViewController.swift */; };
		37A1E23C2C51E48742D7DD75 /* PPPangramSans-RegularReclined.ttf in Resources */ = {isa = PBXBuildFile; fileRef = 29E7113D81B6454054D7AE8E /* PPPangramSans-RegularReclined.ttf */; };
		466880F2B0A5F10F70472A2E /* SecretPhraseTextView.swift in Sources */ = {isa = PBXBuildFile; fileRef = C01FDCDE60E35D59D29043B3 /* SecretPhraseTextView.swift */; };
		47FFF2797F79D9634EE23DBD /* PinoButton.swift in Sources */ = {isa = PBXBuildFile; fileRef = A2993F462134BC968390581B /* PinoButton.swift */; };
		48504F92B8A7034CB0B4071F /* IntroCollectionViewCell.swift in Sources */ = {isa = PBXBuildFile; fileRef = 8214B6DB674458531FD828D8 /* IntroCollectionViewCell.swift */; };
		48F457700DB7CE72B7530AD1 /* PinoCheckBox.swift in Sources */ = {isa = PBXBuildFile; fileRef = E79B1E9C41C5695BA0BD52FA /* PinoCheckBox.swift */; };
		49DC8279007186A8139D5C91 /* PPPangramSans-LightItalic.ttf in Resources */ = {isa = PBXBuildFile; fileRef = 1BCF5E198C52B3FC3A95AE6E /* PPPangramSans-LightItalic.ttf */; };
		4C44407F94ED41A43B00D737 /* PasscodeManagerService.swift in Sources */ = {isa = PBXBuildFile; fileRef = 41EB88C85736B9F693394AA4 /* PasscodeManagerService.swift */; };
		4E1CBAF16C15CF18F2ABD114 /* PPPangramSans-Medium.ttf in Resources */ = {isa = PBXBuildFile; fileRef = 866F55AC1BF993F3089F58CB /* PPPangramSans-Medium.ttf */; };
		50B8CB0CE94CDD45FDE87FE2 /* LaunchSettings.swift in Sources */ = {isa = PBXBuildFile; fileRef = D3F86A22750AABB6D384EB92 /* LaunchSettings.swift */; };
		551DBEFEDA1A86C9449731C1 /* CreatePasscodeUITests.swift in Sources */ = {isa = PBXBuildFile; fileRef = A9A418B7544504B2A6994680 /* CreatePasscodeUITests.swift */; };
		561483125EFABB6456EE17F1 /* IntroModel.swift in Sources */ = {isa = PBXBuildFile; fileRef = 43F45940BAC164B704B699D8 /* IntroModel.swift */; };
		59A3143F8F0941264604C439 /* PassDotsView.swift in Sources */ = {isa = PBXBuildFile; fileRef = B1446B74415E48D2296E87BC /* PassDotsView.swift */; };
		5B9A92B738DA8188F40FF49D /* KeychainHelper.swift in Sources */ = {isa = PBXBuildFile; fileRef = 88E8AAE8C17E29DFD088ABAC /* KeychainHelper.swift */; };
		615FB0112DB5AABF13D5F11D /* ActivityViewController.swift in Sources */ = {isa = PBXBuildFile; fileRef = 5CE4B6F03AD1FCB6C3A27BEA /* ActivityViewController.swift */; };
		6205D05A546D07F75FBD7044 /* PinoLabelStyle.swift in Sources */ = {isa = PBXBuildFile; fileRef = D7BDB65F49615F11E315D469 /* PinoLabelStyle.swift */; };
		62D76AEA21FA77F1B65B3C02 /* IntroView.swift in Sources */ = {isa = PBXBuildFile; fileRef = FBF0687C68426E0C6FD16E13 /* IntroView.swift */; };
		666DA2667A31CB08C5D950D8 /* SeedPhraseMock.swift in Sources */ = {isa = PBXBuildFile; fileRef = 4A632EA5045D73D766C9E7B9 /* SeedPhraseMock.swift */; };
		6924D5CB35490AB6CB6545BF /* Pods_Pino_iOS.framework in Frameworks */ = {isa = PBXBuildFile; fileRef = 274A1907FF0FE4E897536C69 /* Pods_Pino_iOS.framework */; };
		6AD4E26A99AFC84D2AF3A0C5 /* PPPangramSans-ExtralightReclined.ttf in Resources */ = {isa = PBXBuildFile; fileRef = 7A2ACF9076A6247FD47F2B30 /* PPPangramSans-ExtralightReclined.ttf */; };
		6AE519595A6DDBE4F1601A86 /* PassManagmentError.swift in Sources */ = {isa = PBXBuildFile; fileRef = E0F1CB70751B5BDDC10E3D0A /* PassManagmentError.swift */; };
		6C833B71B6F3BA139A33B322 /* AppDelegate.swift in Sources */ = {isa = PBXBuildFile; fileRef = D3F8A08022F6AA1BCD7CE38C /* AppDelegate.swift */; };
		6FBD490684FF9088441F2F5E /* PPPangramSans-LightReclined.ttf in Resources */ = {isa = PBXBuildFile; fileRef = B83ACA401EAD993F89B7023B /* PPPangramSans-LightReclined.ttf */; };
		716467A70048EC5A4D7FBBDA /* IntroCollectionView.swift in Sources */ = {isa = PBXBuildFile; fileRef = BF4A5DFEADC2FBAFE7C70004 /* IntroCollectionView.swift */; };
		71EC190154C695FC5D4C0823 /* PinoCheckBoxStyle.swift in Sources */ = {isa = PBXBuildFile; fileRef = CA04D3A0E125429268C463CD /* PinoCheckBoxStyle.swift */; };
		720765B87A342B788E9A6B47 /* VerifySecretPhraseView.swift in Sources */ = {isa = PBXBuildFile; fileRef = 0D8DCCF3A632ADB9C88A2384 /* VerifySecretPhraseView.swift */; };
		7FE41C7D4D9B9EEDF56B6B2F /* SecretPhraseCenteredFlowLayout.swift in Sources */ = {isa = PBXBuildFile; fileRef = 8987C33E118C46BE37E3E8F6 /* SecretPhraseCenteredFlowLayout.swift */; };
		818C29C2AAB8EE3DD35E3047 /* PPPangramSans-Thin.ttf in Resources */ = {isa = PBXBuildFile; fileRef = D63900FFBF6433FDC55C5C54 /* PPPangramSans-Thin.ttf */; };
		839AD85F3610B1884F399BBD /* SelectPassViewModel.swift in Sources */ = {isa = PBXBuildFile; fileRef = 5CD8CBC5172C786CEDDB7E7B /* SelectPassViewModel.swift */; };
		8A97DEF294C4F8A7134382F9 /* PPPangramSans-Bold.ttf in Resources */ = {isa = PBXBuildFile; fileRef = 9EB7328D7AFC63F20335F727 /* PPPangramSans-Bold.ttf */; };
		8D6E5B79F38B3297294D2ABE /* PPPangramSans-Semibold.ttf in Resources */ = {isa = PBXBuildFile; fileRef = 7BC90AED715801C425CA5724 /* PPPangramSans-Semibold.ttf */; };
		9037BEE05075EFF2E9C65690 /* PPPangramSans-BoldReclined.ttf in Resources */ = {isa = PBXBuildFile; fileRef = 39A8266BF566130DDABC5D6C /* PPPangramSans-BoldReclined.ttf */; };
		90A9F97705B775C38FA8C705 /* RegularStyle.swift in Sources */ = {isa = PBXBuildFile; fileRef = 46610D4A52E19F4867329D2B /* RegularStyle.swift */; };
		9118540534473F2A1E6F8A59 /* SecretPhraseCell.swift in Sources */ = {isa = PBXBuildFile; fileRef = C19F2E109660C75F8321C159 /* SecretPhraseCell.swift */; };
		928422E950AB93CB0FFFF02B /* Pods_Pino_iOS_Pino_iOSUITests.framework in Frameworks */ = {isa = PBXBuildFile; fileRef = CD34CCD4B3A2FB7FA03043C4 /* Pods_Pino_iOS_Pino_iOSUITests.framework */; };
		92947DD471513239423A1BCD /* HDWallet+Extension.swift in Sources */ = {isa = PBXBuildFile; fileRef = 310CAE9A900100EC87EC2674 /* HDWallet+Extension.swift */; };
		98F38099849FA1F234D5205A /* SeedPhrase.swift in Sources */ = {isa = PBXBuildFile; fileRef = 8EF25240E193E786A8C4D0A0 /* SeedPhrase.swift */; };
		9D45B189C0C0883C639430C0 /* PinoFont.swift in Sources */ = {isa = PBXBuildFile; fileRef = B62F9E39B86A096E08664A59 /* PinoFont.swift */; };
		9E693738B37406E522D53195 /* PPPangramSans-ThinItalic.ttf in Resources */ = {isa = PBXBuildFile; fileRef = 4CCA419E1D559BA8657B1C70 /* PPPangramSans-ThinItalic.ttf */; };
		9E6F1F8F5D453181F2383695 /* CreateWalletUITests.swift in Sources */ = {isa = PBXBuildFile; fileRef = 062E6876604749C171EA69BB /* CreateWalletUITests.swift */; };
		A08CDFD35C7AAC36C74E2CBD /* AllDoneViewController.swift in Sources */ = {isa = PBXBuildFile; fileRef = 14EE3BB5048106C04DE0056D /* AllDoneViewController.swift */; };
		A726245DE77E256226431CAF /* BorrowViewController.swift in Sources */ = {isa = PBXBuildFile; fileRef = ABAEB8A09A3BF2817C5D81BE /* BorrowViewController.swift */; };
		A83C7BC97FD11F4374613E04 /* PPPangramSans-Extralight.ttf in Resources */ = {isa = PBXBuildFile; fileRef = 421EC79F9E35B28183D2DA64 /* PPPangramSans-Extralight.ttf */; };
		A98FCF3568A5F8413CF3856F /* Pods_Pino_iOSTests.framework in Frameworks */ = {isa = PBXBuildFile; fileRef = B0CD94F8F77DD2E62355F4C1 /* Pods_Pino_iOSTests.framework */; };
		AB1B4AFE3D2CE9F26E7F280E /* Pino_iOSUITestsLaunchTests.swift in Sources */ = {isa = PBXBuildFile; fileRef = 8E1C4D60871024122BCDB64F /* Pino_iOSUITestsLaunchTests.swift */; };
		AD8CFE182E96D91FB17141EC /* PPPangramSans-MediumReclined.ttf in Resources */ = {isa = PBXBuildFile; fileRef = 3E0010EFD77EBF50D80DC886 /* PPPangramSans-MediumReclined.ttf */; };
		B1C4FD14B274C7B16BB549DF /* Array+Extension.swift in Sources */ = {isa = PBXBuildFile; fileRef = 641BE1B139C09070C930E6A6 /* Array+Extension.swift */; };
		B36A2186CD2F1AEC671E6CA6 /* SecretPhraseCollectionView.swift in Sources */ = {isa = PBXBuildFile; fileRef = B8323ABB59B47EAB52C2FBCB /* SecretPhraseCollectionView.swift */; };
		B5A21D5DA432C1EAF353FE4E /* VerifySecretPhraseViewController.swift in Sources */ = {isa = PBXBuildFile; fileRef = 18DF01D364AA00076D41093E /* VerifySecretPhraseViewController.swift */; };
		B7B9D333F681BE51B4B3AAC3 /* MediumStyle.swift in Sources */ = {isa = PBXBuildFile; fileRef = 556B9675B232923EF1060360 /* MediumStyle.swift */; };
		B8F78E54C8BF3BBFCFD195AA /* PPPangramSans-SemiboldReclined.ttf in Resources */ = {isa = PBXBuildFile; fileRef = 7395D70A3595B215173A4A19 /* PPPangramSans-SemiboldReclined.ttf */; };
		C4C15FCC4555C46A7D26DEC5 /* ShowSecretPhraseViewController.swift in Sources */ = {isa = PBXBuildFile; fileRef = 06F95A0A06CAEDD0D0E35B90 /* ShowSecretPhraseViewController.swift */; };
		C529AFB317518661ED54C292 /* VerifyPasscodeViewController.swift in Sources */ = {isa = PBXBuildFile; fileRef = B654918653EE2005F9BD660A /* VerifyPasscodeViewController.swift */; };
		C5B60FCBF9C58C5636F3B235 /* PinoColor.swift in Sources */ = {isa = PBXBuildFile; fileRef = D51E3C9E51997193B3FA7940 /* PinoColor.swift */; };
		C66BFBFF47B4502F6D41AEEA /* PPPangramSans-ThinReclined.ttf in Resources */ = {isa = PBXBuildFile; fileRef = 883717CE4E37DB31D9601240 /* PPPangramSans-ThinReclined.ttf */; };
		CD0821E21FFDEF7A687832D4 /* PPPangramSans-Extrabold.ttf in Resources */ = {isa = PBXBuildFile; fileRef = 72AFB6F2C99F2ED4135D1247 /* PPPangramSans-Extrabold.ttf */; };
		CDE54D2B9F6F8D8AD1A62285 /* TuistBundle+PinoIOS.swift in Sources */ = {isa = PBXBuildFile; fileRef = 1C38F142DD3FD85EB2F6ED4D /* TuistBundle+PinoIOS.swift */; };
		CFC1DA719A27D96B673F358D /* ImportWalletError.swift in Sources */ = {isa = PBXBuildFile; fileRef = 704129914486224A1BA93799 /* ImportWalletError.swift */; };
		DAD36881FD66D8BF61980707 /* PPPangramSans-RegularItalic.ttf in Resources */ = {isa = PBXBuildFile; fileRef = 02BD45C3E84B3CDFF4733978 /* PPPangramSans-RegularItalic.ttf */; };
		DDC632441C71223CD333CB92 /* PPPangramSans-Regular.ttf in Resources */ = {isa = PBXBuildFile; fileRef = 83F929215B78F7D302BCF7D2 /* PPPangramSans-Regular.ttf */; };
		DDF8283679A83C72884AACEF /* PPPangramSans-SemiboldItalic.ttf in Resources */ = {isa = PBXBuildFile; fileRef = 69D66831651093B0C3F30FEE /* PPPangramSans-SemiboldItalic.ttf */; };
		DFE73291B4F94E506417C01D /* HomepageViewController.swift in Sources */ = {isa = PBXBuildFile; fileRef = AA00C2C6F1682A46755116BB /* HomepageViewController.swift */; };
		E0DE588983C7AC30B4802B10 /* PPPangramSans-Light.ttf in Resources */ = {isa = PBXBuildFile; fileRef = F0E8C319A84CE10417DAA808 /* PPPangramSans-Light.ttf */; };
		E165679D239DB2BED33C962C /* VerifyPassViewModel.swift in Sources */ = {isa = PBXBuildFile; fileRef = 158701DA945370613C0A16CE /* VerifyPassViewModel.swift */; };
		E19A7F2C3DBEA0CE94C5AFD2 /* SuggestedSeedPhraseCell.swift in Sources */ = {isa = PBXBuildFile; fileRef = 33612257D0CFB9EF89C3D624 /* SuggestedSeedPhraseCell.swift */; };
		E781ED88BCAB3865AC2D82CF /* PasscodeManagerPages.swift in Sources */ = {isa = PBXBuildFile; fileRef = FC793D46C0F62CD2D6C831D0 /* PasscodeManagerPages.swift */; };
		EAB7622AC86DE97A2E743E0B /* TabBarViewController.swift in Sources */ = {isa = PBXBuildFile; fileRef = 7610E1FCF6F11ABC7E1235FB /* TabBarViewController.swift */; };
		EBEB8549012066F481D3084B /* IntroViewModel.swift in Sources */ = {isa = PBXBuildFile; fileRef = A0FF26CDB0C6ED2F4B3AB902 /* IntroViewModel.swift */; };
		EEB1C4854259141A60231C52 /* TuistAssets+PinoIOS.swift in Sources */ = {isa = PBXBuildFile; fileRef = D46E075E30E36B20CD5AF1BE /* TuistAssets+PinoIOS.swift */; };
		F34FAEA58B47B70159B2AD6E /* PinoLabel.swift in Sources */ = {isa = PBXBuildFile; fileRef = 3BC6ABCD9A118FA76DBB6D71 /* PinoLabel.swift */; };
		F4289CF17B60C5A3CE123531 /* SuggestedSeedPhraseCollectionView.swift in Sources */ = {isa = PBXBuildFile; fileRef = 04417724A503C252DB34F9CE /* SuggestedSeedPhraseCollectionView.swift */; };
		F49FCB2CC09235D0A4A92774 /* ManagePasscodeView.swift in Sources */ = {isa = PBXBuildFile; fileRef = 68C77D6D36520EFF14BD7334 /* ManagePasscodeView.swift */; };
		F54AD7E7F9CD0DD3B2FE12DA /* PinoButtonStyle.swift in Sources */ = {isa = PBXBuildFile; fileRef = AD992292B5AAF2A2B5E9BCE6 /* PinoButtonStyle.swift */; };
		F8AA65435058EEBDCECD6B84 /* AutolayoutHelper.swift in Sources */ = {isa = PBXBuildFile; fileRef = 3770680F63F42C0B0C895F58 /* AutolayoutHelper.swift */; };
		F9E052C96F840C3A185D9C2A /* PPPangramSans-MediumItalic.ttf in Resources */ = {isa = PBXBuildFile; fileRef = 3A3DB9962BC076A0A1F23256 /* PPPangramSans-MediumItalic.ttf */; };
		FCF8F498C31B4A3086818600 /* Assets.xcassets in Resources */ = {isa = PBXBuildFile; fileRef = AA8A35EE9855F8FA9C7C78EA /* Assets.xcassets */; };
		FD3139836A6E9D0A3EB63BDD /* Pino_iOSTests.swift in Sources */ = {isa = PBXBuildFile; fileRef = 940D4182A6B44B190376836F /* Pino_iOSTests.swift */; };
/* End PBXBuildFile section */

/* Begin PBXContainerItemProxy section */
		69F0BAF5F4CA11531B5F2E2E /* PBXContainerItemProxy */ = {
			isa = PBXContainerItemProxy;
			containerPortal = 5939E0FFBB001767AF40C17F /* Project object */;
			proxyType = 1;
			remoteGlobalIDString = 76B66D03FC77A6B968427190;
			remoteInfo = "Pino-iOS";
		};
		DBA0CDD520BFA313CF8CDA96 /* PBXContainerItemProxy */ = {
			isa = PBXContainerItemProxy;
			containerPortal = 5939E0FFBB001767AF40C17F /* Project object */;
			proxyType = 1;
			remoteGlobalIDString = 76B66D03FC77A6B968427190;
			remoteInfo = "Pino-iOS";
		};
/* End PBXContainerItemProxy section */

/* Begin PBXCopyFilesBuildPhase section */
		3BFEBA09CFB4A7B70880C090 /* Embed Frameworks */ = {
			isa = PBXCopyFilesBuildPhase;
			buildActionMask = 2147483647;
			dstPath = "";
			dstSubfolderSpec = 10;
			files = (
			);
			name = "Embed Frameworks";
			runOnlyForDeploymentPostprocessing = 0;
		};
		3E1C42A66789FB013BD13642 /* Embed Frameworks */ = {
			isa = PBXCopyFilesBuildPhase;
			buildActionMask = 2147483647;
			dstPath = "";
			dstSubfolderSpec = 10;
			files = (
			);
			name = "Embed Frameworks";
			runOnlyForDeploymentPostprocessing = 0;
		};
		C74161FE8841D6B6E5C098A8 /* Embed Frameworks */ = {
			isa = PBXCopyFilesBuildPhase;
			buildActionMask = 2147483647;
			dstPath = "";
			dstSubfolderSpec = 10;
			files = (
			);
			name = "Embed Frameworks";
			runOnlyForDeploymentPostprocessing = 0;
		};
/* End PBXCopyFilesBuildPhase section */

/* Begin PBXFileReference section */
		02BD45C3E84B3CDFF4733978 /* PPPangramSans-RegularItalic.ttf */ = {isa = PBXFileReference; lastKnownFileType = file; path = "PPPangramSans-RegularItalic.ttf"; sourceTree = "<group>"; };
		04417724A503C252DB34F9CE /* SuggestedSeedPhraseCollectionView.swift */ = {isa = PBXFileReference; lastKnownFileType = sourcecode.swift; path = SuggestedSeedPhraseCollectionView.swift; sourceTree = "<group>"; };
		062E6876604749C171EA69BB /* CreateWalletUITests.swift */ = {isa = PBXFileReference; lastKnownFileType = sourcecode.swift; path = CreateWalletUITests.swift; sourceTree = "<group>"; };
		06F95A0A06CAEDD0D0E35B90 /* ShowSecretPhraseViewController.swift */ = {isa = PBXFileReference; lastKnownFileType = sourcecode.swift; path = ShowSecretPhraseViewController.swift; sourceTree = "<group>"; };
		0A9E7D9EC8768B1B55DFA2F2 /* Pods-Pino-iOS.debug.xcconfig */ = {isa = PBXFileReference; includeInIndex = 1; lastKnownFileType = text.xcconfig; name = "Pods-Pino-iOS.debug.xcconfig"; path = "Target Support Files/Pods-Pino-iOS/Pods-Pino-iOS.debug.xcconfig"; sourceTree = "<group>"; };
		0D8DCCF3A632ADB9C88A2384 /* VerifySecretPhraseView.swift */ = {isa = PBXFileReference; lastKnownFileType = sourcecode.swift; path = VerifySecretPhraseView.swift; sourceTree = "<group>"; };
		0EDBBFAD004B3CE088F12483 /* PPPangramSans-ExtraboldItalic.ttf */ = {isa = PBXFileReference; lastKnownFileType = file; path = "PPPangramSans-ExtraboldItalic.ttf"; sourceTree = "<group>"; };
		132F0B27ACD56BA431F25865 /* Pods-Pino-iOS-Pino-iOSUITests.debug.xcconfig */ = {isa = PBXFileReference; includeInIndex = 1; lastKnownFileType = text.xcconfig; name = "Pods-Pino-iOS-Pino-iOSUITests.debug.xcconfig"; path = "Target Support Files/Pods-Pino-iOS-Pino-iOSUITests/Pods-Pino-iOS-Pino-iOSUITests.debug.xcconfig"; sourceTree = "<group>"; };
		14EE3BB5048106C04DE0056D /* AllDoneViewController.swift */ = {isa = PBXFileReference; lastKnownFileType = sourcecode.swift; path = AllDoneViewController.swift; sourceTree = "<group>"; };
		1500554F63220FE7B4551D27 /* SemiboldStyle.swift */ = {isa = PBXFileReference; lastKnownFileType = sourcecode.swift; path = SemiboldStyle.swift; sourceTree = "<group>"; };
		158701DA945370613C0A16CE /* VerifyPassViewModel.swift */ = {isa = PBXFileReference; lastKnownFileType = sourcecode.swift; path = VerifyPassViewModel.swift; sourceTree = "<group>"; };
		18DF01D364AA00076D41093E /* VerifySecretPhraseViewController.swift */ = {isa = PBXFileReference; lastKnownFileType = sourcecode.swift; path = VerifySecretPhraseViewController.swift; sourceTree = "<group>"; };
		1BCF5E198C52B3FC3A95AE6E /* PPPangramSans-LightItalic.ttf */ = {isa = PBXFileReference; lastKnownFileType = file; path = "PPPangramSans-LightItalic.ttf"; sourceTree = "<group>"; };
		1C38F142DD3FD85EB2F6ED4D /* TuistBundle+PinoIOS.swift */ = {isa = PBXFileReference; lastKnownFileType = sourcecode.swift; path = "TuistBundle+PinoIOS.swift"; sourceTree = "<group>"; };
		1C64ED0E420A75845A204FD9 /* PPPangramSans-BoldItalic.ttf */ = {isa = PBXFileReference; lastKnownFileType = file; path = "PPPangramSans-BoldItalic.ttf"; sourceTree = "<group>"; };
		1C94D67366BBC5FC2E83690B /* AllDoneViewModel.swift */ = {isa = PBXFileReference; lastKnownFileType = sourcecode.swift; path = AllDoneViewModel.swift; sourceTree = "<group>"; };
		1E63A3FADC136684209F7A94 /* TabBarItem.swift */ = {isa = PBXFileReference; lastKnownFileType = sourcecode.swift; path = TabBarItem.swift; sourceTree = "<group>"; };
		274A1907FF0FE4E897536C69 /* Pods_Pino_iOS.framework */ = {isa = PBXFileReference; explicitFileType = wrapper.framework; includeInIndex = 0; path = Pods_Pino_iOS.framework; sourceTree = BUILT_PRODUCTS_DIR; };
		29E7113D81B6454054D7AE8E /* PPPangramSans-RegularReclined.ttf */ = {isa = PBXFileReference; lastKnownFileType = file; path = "PPPangramSans-RegularReclined.ttf"; sourceTree = "<group>"; };
		29FA9F2B6774C623781F9BA2 /* BlurEffectView.swift */ = {isa = PBXFileReference; lastKnownFileType = sourcecode.swift; path = BlurEffectView.swift; sourceTree = "<group>"; };
		30FD27066FB1D5073296B68A /* ShowSecretPhraseViewModel.swift */ = {isa = PBXFileReference; lastKnownFileType = sourcecode.swift; path = ShowSecretPhraseViewModel.swift; sourceTree = "<group>"; };
		310CAE9A900100EC87EC2674 /* HDWallet+Extension.swift */ = {isa = PBXFileReference; lastKnownFileType = sourcecode.swift; path = "HDWallet+Extension.swift"; sourceTree = "<group>"; };
		33612257D0CFB9EF89C3D624 /* SuggestedSeedPhraseCell.swift */ = {isa = PBXFileReference; lastKnownFileType = sourcecode.swift; path = SuggestedSeedPhraseCell.swift; sourceTree = "<group>"; };
		366A068543C0D3E62EC9633B /* ValidateSecretPhraseViewModel.swift */ = {isa = PBXFileReference; lastKnownFileType = sourcecode.swift; path = ValidateSecretPhraseViewModel.swift; sourceTree = "<group>"; };
		3770680F63F42C0B0C895F58 /* AutolayoutHelper.swift */ = {isa = PBXFileReference; lastKnownFileType = sourcecode.swift; path = AutolayoutHelper.swift; sourceTree = "<group>"; };
		39A8266BF566130DDABC5D6C /* PPPangramSans-BoldReclined.ttf */ = {isa = PBXFileReference; lastKnownFileType = file; path = "PPPangramSans-BoldReclined.ttf"; sourceTree = "<group>"; };
		3A3DB9962BC076A0A1F23256 /* PPPangramSans-MediumItalic.ttf */ = {isa = PBXFileReference; lastKnownFileType = file; path = "PPPangramSans-MediumItalic.ttf"; sourceTree = "<group>"; };
		3B8EE37C4E43E8C7514B1BE8 /* SwapViewController.swift */ = {isa = PBXFileReference; lastKnownFileType = sourcecode.swift; path = SwapViewController.swift; sourceTree = "<group>"; };
		3BC6ABCD9A118FA76DBB6D71 /* PinoLabel.swift */ = {isa = PBXFileReference; lastKnownFileType = sourcecode.swift; path = PinoLabel.swift; sourceTree = "<group>"; };
		3D9D19C9FA163F6540E69EB5 /* PPPangramSans-ExtraboldReclined.ttf */ = {isa = PBXFileReference; lastKnownFileType = file; path = "PPPangramSans-ExtraboldReclined.ttf"; sourceTree = "<group>"; };
		3E0010EFD77EBF50D80DC886 /* PPPangramSans-MediumReclined.ttf */ = {isa = PBXFileReference; lastKnownFileType = file; path = "PPPangramSans-MediumReclined.ttf"; sourceTree = "<group>"; };
		41EB88C85736B9F693394AA4 /* PasscodeManagerService.swift */ = {isa = PBXFileReference; lastKnownFileType = sourcecode.swift; path = PasscodeManagerService.swift; sourceTree = "<group>"; };
		421EC79F9E35B28183D2DA64 /* PPPangramSans-Extralight.ttf */ = {isa = PBXFileReference; lastKnownFileType = file; path = "PPPangramSans-Extralight.ttf"; sourceTree = "<group>"; };
		43F45940BAC164B704B699D8 /* IntroModel.swift */ = {isa = PBXFileReference; lastKnownFileType = sourcecode.swift; path = IntroModel.swift; sourceTree = "<group>"; };
		46610D4A52E19F4867329D2B /* RegularStyle.swift */ = {isa = PBXFileReference; lastKnownFileType = sourcecode.swift; path = RegularStyle.swift; sourceTree = "<group>"; };
		4A632EA5045D73D766C9E7B9 /* SeedPhraseMock.swift */ = {isa = PBXFileReference; lastKnownFileType = sourcecode.swift; path = SeedPhraseMock.swift; sourceTree = "<group>"; };
		4CCA419E1D559BA8657B1C70 /* PPPangramSans-ThinItalic.ttf */ = {isa = PBXFileReference; lastKnownFileType = file; path = "PPPangramSans-ThinItalic.ttf"; sourceTree = "<group>"; };
		506778827BFFAD8480D0F2C2 /* SceneDelegate.swift */ = {isa = PBXFileReference; lastKnownFileType = sourcecode.swift; path = SceneDelegate.swift; sourceTree = "<group>"; };
		52FA8EB610C9E5FBEB06A460 /* ImportSecretPhraseViewController.swift */ = {isa = PBXFileReference; lastKnownFileType = sourcecode.swift; path = ImportSecretPhraseViewController.swift; sourceTree = "<group>"; };
		556B9675B232923EF1060360 /* MediumStyle.swift */ = {isa = PBXFileReference; lastKnownFileType = sourcecode.swift; path = MediumStyle.swift; sourceTree = "<group>"; };
		57AE994012288D40FAEB175B /* Pino-iOS-Info.plist */ = {isa = PBXFileReference; lastKnownFileType = text.plist; path = "Pino-iOS-Info.plist"; sourceTree = "<group>"; };
		5873E89FD2DBE91A7B148B47 /* BoldStyle.swift */ = {isa = PBXFileReference; lastKnownFileType = sourcecode.swift; path = BoldStyle.swift; sourceTree = "<group>"; };
		5CD8CBC5172C786CEDDB7E7B /* SelectPassViewModel.swift */ = {isa = PBXFileReference; lastKnownFileType = sourcecode.swift; path = SelectPassViewModel.swift; sourceTree = "<group>"; };
		5CE4B6F03AD1FCB6C3A27BEA /* ActivityViewController.swift */ = {isa = PBXFileReference; lastKnownFileType = sourcecode.swift; path = ActivityViewController.swift; sourceTree = "<group>"; };
		5EC98207842980D5328B25F8 /* Pino_iOSTests.xctest */ = {isa = PBXFileReference; explicitFileType = wrapper.cfbundle; includeInIndex = 0; path = Pino_iOSTests.xctest; sourceTree = BUILT_PRODUCTS_DIR; };
		6106162A4785FF5E96E05450 /* ViewController+Extension.swift */ = {isa = PBXFileReference; lastKnownFileType = sourcecode.swift; path = "ViewController+Extension.swift"; sourceTree = "<group>"; };
		641BE1B139C09070C930E6A6 /* Array+Extension.swift */ = {isa = PBXFileReference; lastKnownFileType = sourcecode.swift; path = "Array+Extension.swift"; sourceTree = "<group>"; };
		67305E6086B83736D23758B5 /* IntroViewController.swift */ = {isa = PBXFileReference; lastKnownFileType = sourcecode.swift; path = IntroViewController.swift; sourceTree = "<group>"; };
		68C77D6D36520EFF14BD7334 /* ManagePasscodeView.swift */ = {isa = PBXFileReference; lastKnownFileType = sourcecode.swift; path = ManagePasscodeView.swift; sourceTree = "<group>"; };
		69D66831651093B0C3F30FEE /* PPPangramSans-SemiboldItalic.ttf */ = {isa = PBXFileReference; lastKnownFileType = file; path = "PPPangramSans-SemiboldItalic.ttf"; sourceTree = "<group>"; };
		704129914486224A1BA93799 /* ImportWalletError.swift */ = {isa = PBXFileReference; lastKnownFileType = sourcecode.swift; path = ImportWalletError.swift; sourceTree = "<group>"; };
		71E37262DD3BAB9CAA733F2E /* StringProtocol+Extension.swift */ = {isa = PBXFileReference; lastKnownFileType = sourcecode.swift; path = "StringProtocol+Extension.swift"; sourceTree = "<group>"; };
		721F517E2069F5C34B4EE0B1 /* Pods-Pino-iOSTests.release.xcconfig */ = {isa = PBXFileReference; includeInIndex = 1; lastKnownFileType = text.xcconfig; name = "Pods-Pino-iOSTests.release.xcconfig"; path = "Target Support Files/Pods-Pino-iOSTests/Pods-Pino-iOSTests.release.xcconfig"; sourceTree = "<group>"; };
		72AFB6F2C99F2ED4135D1247 /* PPPangramSans-Extrabold.ttf */ = {isa = PBXFileReference; lastKnownFileType = file; path = "PPPangramSans-Extrabold.ttf"; sourceTree = "<group>"; };
		7395D70A3595B215173A4A19 /* PPPangramSans-SemiboldReclined.ttf */ = {isa = PBXFileReference; lastKnownFileType = file; path = "PPPangramSans-SemiboldReclined.ttf"; sourceTree = "<group>"; };
		7610E1FCF6F11ABC7E1235FB /* TabBarViewController.swift */ = {isa = PBXFileReference; lastKnownFileType = sourcecode.swift; path = TabBarViewController.swift; sourceTree = "<group>"; };
		7A2ACF9076A6247FD47F2B30 /* PPPangramSans-ExtralightReclined.ttf */ = {isa = PBXFileReference; lastKnownFileType = file; path = "PPPangramSans-ExtralightReclined.ttf"; sourceTree = "<group>"; };
		7BC90AED715801C425CA5724 /* PPPangramSans-Semibold.ttf */ = {isa = PBXFileReference; lastKnownFileType = file; path = "PPPangramSans-Semibold.ttf"; sourceTree = "<group>"; };
		8214B6DB674458531FD828D8 /* IntroCollectionViewCell.swift */ = {isa = PBXFileReference; lastKnownFileType = sourcecode.swift; path = IntroCollectionViewCell.swift; sourceTree = "<group>"; };
		8261937722AB4BF364074A3F /* ShowSecretPhraseView.swift */ = {isa = PBXFileReference; lastKnownFileType = sourcecode.swift; path = ShowSecretPhraseView.swift; sourceTree = "<group>"; };
		83F929215B78F7D302BCF7D2 /* PPPangramSans-Regular.ttf */ = {isa = PBXFileReference; lastKnownFileType = file; path = "PPPangramSans-Regular.ttf"; sourceTree = "<group>"; };
		866F55AC1BF993F3089F58CB /* PPPangramSans-Medium.ttf */ = {isa = PBXFileReference; lastKnownFileType = file; path = "PPPangramSans-Medium.ttf"; sourceTree = "<group>"; };
		883717CE4E37DB31D9601240 /* PPPangramSans-ThinReclined.ttf */ = {isa = PBXFileReference; lastKnownFileType = file; path = "PPPangramSans-ThinReclined.ttf"; sourceTree = "<group>"; };
		88E8AAE8C17E29DFD088ABAC /* KeychainHelper.swift */ = {isa = PBXFileReference; lastKnownFileType = sourcecode.swift; path = KeychainHelper.swift; sourceTree = "<group>"; };
		8987C33E118C46BE37E3E8F6 /* SecretPhraseCenteredFlowLayout.swift */ = {isa = PBXFileReference; lastKnownFileType = sourcecode.swift; path = SecretPhraseCenteredFlowLayout.swift; sourceTree = "<group>"; };
		8AF34662FFE25754189C5E1E /* PinoStepperView.swift */ = {isa = PBXFileReference; lastKnownFileType = sourcecode.swift; path = PinoStepperView.swift; sourceTree = "<group>"; };
		8CEE6EA6F86954BD72ED3DD5 /* InvestViewController.swift */ = {isa = PBXFileReference; lastKnownFileType = sourcecode.swift; path = InvestViewController.swift; sourceTree = "<group>"; };
		8E1C4D60871024122BCDB64F /* Pino_iOSUITestsLaunchTests.swift */ = {isa = PBXFileReference; lastKnownFileType = sourcecode.swift; path = Pino_iOSUITestsLaunchTests.swift; sourceTree = "<group>"; };
		8EF25240E193E786A8C4D0A0 /* SeedPhrase.swift */ = {isa = PBXFileReference; lastKnownFileType = sourcecode.swift; path = SeedPhrase.swift; sourceTree = "<group>"; };
		940D4182A6B44B190376836F /* Pino_iOSTests.swift */ = {isa = PBXFileReference; lastKnownFileType = sourcecode.swift; path = Pino_iOSTests.swift; sourceTree = "<group>"; };
		9B356FACE5AD121691B5EB0B /* Pino_iOS.app */ = {isa = PBXFileReference; explicitFileType = wrapper.application; includeInIndex = 0; path = Pino_iOS.app; sourceTree = BUILT_PRODUCTS_DIR; };
		9EB7328D7AFC63F20335F727 /* PPPangramSans-Bold.ttf */ = {isa = PBXFileReference; lastKnownFileType = file; path = "PPPangramSans-Bold.ttf"; sourceTree = "<group>"; };
		A0FF26CDB0C6ED2F4B3AB902 /* IntroViewModel.swift */ = {isa = PBXFileReference; lastKnownFileType = sourcecode.swift; path = IntroViewModel.swift; sourceTree = "<group>"; };
		A2993F462134BC968390581B /* PinoButton.swift */ = {isa = PBXFileReference; lastKnownFileType = sourcecode.swift; path = PinoButton.swift; sourceTree = "<group>"; };
		A5CFB36DDA732D8273860EDB /* AlertHelper.swift */ = {isa = PBXFileReference; lastKnownFileType = sourcecode.swift; path = AlertHelper.swift; sourceTree = "<group>"; };
		A990075B21467D9A8513640B /* Info.plist */ = {isa = PBXFileReference; lastKnownFileType = text.plist; path = Info.plist; sourceTree = "<group>"; };
		A9A418B7544504B2A6994680 /* CreatePasscodeUITests.swift */ = {isa = PBXFileReference; lastKnownFileType = sourcecode.swift; path = CreatePasscodeUITests.swift; sourceTree = "<group>"; };
		AA00C2C6F1682A46755116BB /* HomepageViewController.swift */ = {isa = PBXFileReference; lastKnownFileType = sourcecode.swift; path = HomepageViewController.swift; sourceTree = "<group>"; };
		AA8A35EE9855F8FA9C7C78EA /* Assets.xcassets */ = {isa = PBXFileReference; lastKnownFileType = folder.assetcatalog; path = Assets.xcassets; sourceTree = "<group>"; };
		ABAEB8A09A3BF2817C5D81BE /* BorrowViewController.swift */ = {isa = PBXFileReference; lastKnownFileType = sourcecode.swift; path = BorrowViewController.swift; sourceTree = "<group>"; };
		AD19E2C62A071C379D1A291E /* Pods-Pino-iOS-Pino-iOSUITests.release.xcconfig */ = {isa = PBXFileReference; includeInIndex = 1; lastKnownFileType = text.xcconfig; name = "Pods-Pino-iOS-Pino-iOSUITests.release.xcconfig"; path = "Target Support Files/Pods-Pino-iOS-Pino-iOSUITests/Pods-Pino-iOS-Pino-iOSUITests.release.xcconfig"; sourceTree = "<group>"; };
		AD992292B5AAF2A2B5E9BCE6 /* PinoButtonStyle.swift */ = {isa = PBXFileReference; lastKnownFileType = sourcecode.swift; path = PinoButtonStyle.swift; sourceTree = "<group>"; };
		AE566C3E5C85B51E58D04E7F /* Pods-Pino-iOSTests.debug.xcconfig */ = {isa = PBXFileReference; includeInIndex = 1; lastKnownFileType = text.xcconfig; name = "Pods-Pino-iOSTests.debug.xcconfig"; path = "Target Support Files/Pods-Pino-iOSTests/Pods-Pino-iOSTests.debug.xcconfig"; sourceTree = "<group>"; };
		B0CD94F8F77DD2E62355F4C1 /* Pods_Pino_iOSTests.framework */ = {isa = PBXFileReference; explicitFileType = wrapper.framework; includeInIndex = 0; path = Pods_Pino_iOSTests.framework; sourceTree = BUILT_PRODUCTS_DIR; };
		B1446B74415E48D2296E87BC /* PassDotsView.swift */ = {isa = PBXFileReference; lastKnownFileType = sourcecode.swift; path = PassDotsView.swift; sourceTree = "<group>"; };
		B60F46869B827F258DCA7672 /* TuistFonts+PinoIOS.swift */ = {isa = PBXFileReference; lastKnownFileType = sourcecode.swift; path = "TuistFonts+PinoIOS.swift"; sourceTree = "<group>"; };
		B62F9E39B86A096E08664A59 /* PinoFont.swift */ = {isa = PBXFileReference; lastKnownFileType = sourcecode.swift; path = PinoFont.swift; sourceTree = "<group>"; };
		B654918653EE2005F9BD660A /* VerifyPasscodeViewController.swift */ = {isa = PBXFileReference; lastKnownFileType = sourcecode.swift; path = VerifyPasscodeViewController.swift; sourceTree = "<group>"; };
		B8323ABB59B47EAB52C2FBCB /* SecretPhraseCollectionView.swift */ = {isa = PBXFileReference; lastKnownFileType = sourcecode.swift; path = SecretPhraseCollectionView.swift; sourceTree = "<group>"; };
		B83ACA401EAD993F89B7023B /* PPPangramSans-LightReclined.ttf */ = {isa = PBXFileReference; lastKnownFileType = file; path = "PPPangramSans-LightReclined.ttf"; sourceTree = "<group>"; };
		BF4A5DFEADC2FBAFE7C70004 /* IntroCollectionView.swift */ = {isa = PBXFileReference; lastKnownFileType = sourcecode.swift; path = IntroCollectionView.swift; sourceTree = "<group>"; };
		C01FDCDE60E35D59D29043B3 /* SecretPhraseTextView.swift */ = {isa = PBXFileReference; lastKnownFileType = sourcecode.swift; path = SecretPhraseTextView.swift; sourceTree = "<group>"; };
		C19F2E109660C75F8321C159 /* SecretPhraseCell.swift */ = {isa = PBXFileReference; lastKnownFileType = sourcecode.swift; path = SecretPhraseCell.swift; sourceTree = "<group>"; };
		C4FD2F4E7B7B989C365E09ED /* PPPangramSans-ExtralightItalic.ttf */ = {isa = PBXFileReference; lastKnownFileType = file; path = "PPPangramSans-ExtralightItalic.ttf"; sourceTree = "<group>"; };
		C8C678EA95588267D7E14551 /* Pods-Pino-iOS.release.xcconfig */ = {isa = PBXFileReference; includeInIndex = 1; lastKnownFileType = text.xcconfig; name = "Pods-Pino-iOS.release.xcconfig"; path = "Target Support Files/Pods-Pino-iOS/Pods-Pino-iOS.release.xcconfig"; sourceTree = "<group>"; };
		CA04D3A0E125429268C463CD /* PinoCheckBoxStyle.swift */ = {isa = PBXFileReference; lastKnownFileType = sourcecode.swift; path = PinoCheckBoxStyle.swift; sourceTree = "<group>"; };
		CD34CCD4B3A2FB7FA03043C4 /* Pods_Pino_iOS_Pino_iOSUITests.framework */ = {isa = PBXFileReference; explicitFileType = wrapper.framework; includeInIndex = 0; path = Pods_Pino_iOS_Pino_iOSUITests.framework; sourceTree = BUILT_PRODUCTS_DIR; };
		D3F86A22750AABB6D384EB92 /* LaunchSettings.swift */ = {isa = PBXFileReference; lastKnownFileType = sourcecode.swift; path = LaunchSettings.swift; sourceTree = "<group>"; };
		D3F8A08022F6AA1BCD7CE38C /* AppDelegate.swift */ = {isa = PBXFileReference; lastKnownFileType = sourcecode.swift; path = AppDelegate.swift; sourceTree = "<group>"; };
		D46E075E30E36B20CD5AF1BE /* TuistAssets+PinoIOS.swift */ = {isa = PBXFileReference; lastKnownFileType = sourcecode.swift; path = "TuistAssets+PinoIOS.swift"; sourceTree = "<group>"; };
		D51E3C9E51997193B3FA7940 /* PinoColor.swift */ = {isa = PBXFileReference; lastKnownFileType = sourcecode.swift; path = PinoColor.swift; sourceTree = "<group>"; };
		D63900FFBF6433FDC55C5C54 /* PPPangramSans-Thin.ttf */ = {isa = PBXFileReference; lastKnownFileType = file; path = "PPPangramSans-Thin.ttf"; sourceTree = "<group>"; };
		D7BDB65F49615F11E315D469 /* PinoLabelStyle.swift */ = {isa = PBXFileReference; lastKnownFileType = sourcecode.swift; path = PinoLabelStyle.swift; sourceTree = "<group>"; };
		E073F552ABC50DFF611DD6D7 /* ImportSecretPhraseView.swift */ = {isa = PBXFileReference; lastKnownFileType = sourcecode.swift; path = ImportSecretPhraseView.swift; sourceTree = "<group>"; };
		E0F1CB70751B5BDDC10E3D0A /* PassManagmentError.swift */ = {isa = PBXFileReference; lastKnownFileType = sourcecode.swift; path = PassManagmentError.swift; sourceTree = "<group>"; };
		E2F12D00D4BD3A8B271BC47E /* KeychainWrapperProtocol.swift */ = {isa = PBXFileReference; lastKnownFileType = sourcecode.swift; path = KeychainWrapperProtocol.swift; sourceTree = "<group>"; };
		E79B1E9C41C5695BA0BD52FA /* PinoCheckBox.swift */ = {isa = PBXFileReference; lastKnownFileType = sourcecode.swift; path = PinoCheckBox.swift; sourceTree = "<group>"; };
		EB5BC47B119D6D83180C9BB4 /* CreatePasscodeViewController.swift */ = {isa = PBXFileReference; lastKnownFileType = sourcecode.swift; path = CreatePasscodeViewController.swift; sourceTree = "<group>"; };
		F01BABB0D1DFE22BD293AAA1 /* ImportWalletUITests.swift */ = {isa = PBXFileReference; lastKnownFileType = sourcecode.swift; path = ImportWalletUITests.swift; sourceTree = "<group>"; };
		F0E8C319A84CE10417DAA808 /* PPPangramSans-Light.ttf */ = {isa = PBXFileReference; lastKnownFileType = file; path = "PPPangramSans-Light.ttf"; sourceTree = "<group>"; };
		F2EAF5AADABDA7A37067D88E /* Pino_iOSUITests.xctest */ = {isa = PBXFileReference; explicitFileType = wrapper.cfbundle; includeInIndex = 0; path = Pino_iOSUITests.xctest; sourceTree = BUILT_PRODUCTS_DIR; };
		F8BAA38133ECAEF6F11A90FE /* AllDoneView.swift */ = {isa = PBXFileReference; lastKnownFileType = sourcecode.swift; path = AllDoneView.swift; sourceTree = "<group>"; };
		FB0F79268C00324C48ACDFE9 /* VerifySecretPhraseViewModel.swift */ = {isa = PBXFileReference; lastKnownFileType = sourcecode.swift; path = VerifySecretPhraseViewModel.swift; sourceTree = "<group>"; };
		FBF0687C68426E0C6FD16E13 /* IntroView.swift */ = {isa = PBXFileReference; lastKnownFileType = sourcecode.swift; path = IntroView.swift; sourceTree = "<group>"; };
		FC793D46C0F62CD2D6C831D0 /* PasscodeManagerPages.swift */ = {isa = PBXFileReference; lastKnownFileType = sourcecode.swift; path = PasscodeManagerPages.swift; sourceTree = "<group>"; };
/* End PBXFileReference section */

/* Begin PBXFrameworksBuildPhase section */
		4A0E4C654CDEA35DB394F991 /* Frameworks */ = {
			isa = PBXFrameworksBuildPhase;
			buildActionMask = 2147483647;
			files = (
				928422E950AB93CB0FFFF02B /* Pods_Pino_iOS_Pino_iOSUITests.framework in Frameworks */,
			);
			runOnlyForDeploymentPostprocessing = 0;
		};
		4EA6AE73A5024A507FB32B94 /* Frameworks */ = {
			isa = PBXFrameworksBuildPhase;
			buildActionMask = 2147483647;
			files = (
				A98FCF3568A5F8413CF3856F /* Pods_Pino_iOSTests.framework in Frameworks */,
			);
			runOnlyForDeploymentPostprocessing = 0;
		};
		5DA1CEFB65DEF1E6AE951ADA /* Frameworks */ = {
			isa = PBXFrameworksBuildPhase;
			buildActionMask = 2147483647;
			files = (
				6924D5CB35490AB6CB6545BF /* Pods_Pino_iOS.framework in Frameworks */,
			);
			runOnlyForDeploymentPostprocessing = 0;
		};
/* End PBXFrameworksBuildPhase section */

/* Begin PBXGroup section */
		05217A9919CE8A04E7F825B6 /* Launch */ = {
			isa = PBXGroup;
			children = (
				8E1C4D60871024122BCDB64F /* Pino_iOSUITestsLaunchTests.swift */,
			);
			path = Launch;
			sourceTree = "<group>";
		};
		09C8092D37F56E11B5A310B5 /* Frameworks */ = {
			isa = PBXGroup;
			children = (
				274A1907FF0FE4E897536C69 /* Pods_Pino_iOS.framework */,
				CD34CCD4B3A2FB7FA03043C4 /* Pods_Pino_iOS_Pino_iOSUITests.framework */,
				B0CD94F8F77DD2E62355F4C1 /* Pods_Pino_iOSTests.framework */,
			);
			name = Frameworks;
			sourceTree = "<group>";
		};
		101EC518813BB364763239A8 /* Utility */ = {
			isa = PBXGroup;
			children = (
				A5CFB36DDA732D8273860EDB /* AlertHelper.swift */,
				3770680F63F42C0B0C895F58 /* AutolayoutHelper.swift */,
				29FA9F2B6774C623781F9BA2 /* BlurEffectView.swift */,
			);
			path = Utility;
			sourceTree = "<group>";
		};
		1AF9A3F81164EB60BDF5AF7F /* Wallet */ = {
			isa = PBXGroup;
			children = (
				A9A418B7544504B2A6994680 /* CreatePasscodeUITests.swift */,
				062E6876604749C171EA69BB /* CreateWalletUITests.swift */,
				F01BABB0D1DFE22BD293AAA1 /* ImportWalletUITests.swift */,
			);
			path = Wallet;
			sourceTree = "<group>";
		};
		1F89FBE5BE386D1DB629BF78 /* Swap */ = {
			isa = PBXGroup;
			children = (
				3B8EE37C4E43E8C7514B1BE8 /* SwapViewController.swift */,
			);
			path = Swap;
			sourceTree = "<group>";
		};
		20110620C9DB7CB4C91DD7E0 /* PasscodeManager */ = {
			isa = PBXGroup;
			children = (
				41EB88C85736B9F693394AA4 /* PasscodeManagerService.swift */,
			);
			path = PasscodeManager;
			sourceTree = "<group>";
		};
		2277E1FFDD10A1C98A64D20C = {
			isa = PBXGroup;
			children = (
				A4A5A8D8D0620DABE2CA326F /* Project */,
				09C8092D37F56E11B5A310B5 /* Frameworks */,
				2821FB9CEE9F9B9E6BAE9FD7 /* Products */,
				5974B46B816879513E1EB78A /* Pods */,
			);
			sourceTree = "<group>";
		};
		2821FB9CEE9F9B9E6BAE9FD7 /* Products */ = {
			isa = PBXGroup;
			children = (
				9B356FACE5AD121691B5EB0B /* Pino_iOS.app */,
				5EC98207842980D5328B25F8 /* Pino_iOSTests.xctest */,
				F2EAF5AADABDA7A37067D88E /* Pino_iOSUITests.xctest */,
			);
			name = Products;
			sourceTree = "<group>";
		};
		2BD8D453458E01F21E644BC0 /* Error */ = {
			isa = PBXGroup;
			children = (
				E0F1CB70751B5BDDC10E3D0A /* PassManagmentError.swift */,
			);
			path = Error;
			sourceTree = "<group>";
		};
		2BDFDEC1457A196FB08DD9BA /* ViewController */ = {
			isa = PBXGroup;
			children = (
				67305E6086B83736D23758B5 /* IntroViewController.swift */,
			);
			path = ViewController;
			sourceTree = "<group>";
		};
		315E726DE6F092F6FDE96D93 /* TabBar */ = {
			isa = PBXGroup;
			children = (
				1E63A3FADC136684209F7A94 /* TabBarItem.swift */,
				7610E1FCF6F11ABC7E1235FB /* TabBarViewController.swift */,
			);
			path = TabBar;
			sourceTree = "<group>";
		};
		31BFC11DEBA92185BE804327 /* Pino-iOSTests */ = {
			isa = PBXGroup;
			children = (
				3C24A8B3379630539FFB8DCA /* Mock */,
				940D4182A6B44B190376836F /* Pino_iOSTests.swift */,
			);
			path = "Pino-iOSTests";
			sourceTree = "<group>";
		};
		331D58D49D7A64B3CA06452A /* Borrow */ = {
			isa = PBXGroup;
			children = (
				ABAEB8A09A3BF2817C5D81BE /* BorrowViewController.swift */,
			);
			path = Borrow;
			sourceTree = "<group>";
		};
		36FEA499E855519BB6352EA2 /* CheckBox */ = {
			isa = PBXGroup;
			children = (
				E79B1E9C41C5695BA0BD52FA /* PinoCheckBox.swift */,
				CA04D3A0E125429268C463CD /* PinoCheckBoxStyle.swift */,
			);
			path = CheckBox;
			sourceTree = "<group>";
		};
		381E40B205FEEC8751D36936 /* Extensions */ = {
			isa = PBXGroup;
			children = (
				641BE1B139C09070C930E6A6 /* Array+Extension.swift */,
				310CAE9A900100EC87EC2674 /* HDWallet+Extension.swift */,
				71E37262DD3BAB9CAA733F2E /* StringProtocol+Extension.swift */,
				6106162A4785FF5E96E05450 /* ViewController+Extension.swift */,
			);
			path = Extensions;
			sourceTree = "<group>";
		};
		396A80A4004154A9420D6350 /* View */ = {
			isa = PBXGroup;
			children = (
				E073F552ABC50DFF611DD6D7 /* ImportSecretPhraseView.swift */,
				C01FDCDE60E35D59D29043B3 /* SecretPhraseTextView.swift */,
				33612257D0CFB9EF89C3D624 /* SuggestedSeedPhraseCell.swift */,
				04417724A503C252DB34F9CE /* SuggestedSeedPhraseCollectionView.swift */,
			);
			path = View;
			sourceTree = "<group>";
		};
		3C24A8B3379630539FFB8DCA /* Mock */ = {
			isa = PBXGroup;
			children = (
				4A632EA5045D73D766C9E7B9 /* SeedPhraseMock.swift */,
			);
			path = Mock;
			sourceTree = "<group>";
		};
		44D6C57A2134920342E295B5 /* PasscodeManage */ = {
			isa = PBXGroup;
			children = (
				2BD8D453458E01F21E644BC0 /* Error */,
				9FA3A854B93C480F85D365C9 /* Protocols */,
				EB496FF2EF582FAC11C547FC /* View */,
				5B85546CE7CD9F9D63575DAF /* ViewController */,
				EDC56E437E0EE3E77B7E39B2 /* ViewModel */,
			);
			path = PasscodeManage;
			sourceTree = "<group>";
		};
		48EE246D4E0E4272DC82321E /* ImportWallet */ = {
			isa = PBXGroup;
			children = (
				E1BA5CD835C6E49F0796F5F1 /* Error */,
				DC4CCB0A6F1B6B404E0936F6 /* Pino-iOS */,
				396A80A4004154A9420D6350 /* View */,
				F07D6A0E8869D4AB9040F5DB /* ViewModel */,
			);
			path = ImportWallet;
			sourceTree = "<group>";
		};
		5974B46B816879513E1EB78A /* Pods */ = {
			isa = PBXGroup;
			children = (
				0A9E7D9EC8768B1B55DFA2F2 /* Pods-Pino-iOS.debug.xcconfig */,
				C8C678EA95588267D7E14551 /* Pods-Pino-iOS.release.xcconfig */,
				132F0B27ACD56BA431F25865 /* Pods-Pino-iOS-Pino-iOSUITests.debug.xcconfig */,
				AD19E2C62A071C379D1A291E /* Pods-Pino-iOS-Pino-iOSUITests.release.xcconfig */,
				AE566C3E5C85B51E58D04E7F /* Pods-Pino-iOSTests.debug.xcconfig */,
				721F517E2069F5C34B4EE0B1 /* Pods-Pino-iOSTests.release.xcconfig */,
			);
			name = Pods;
			path = Pods;
			sourceTree = "<group>";
		};
		5B85546CE7CD9F9D63575DAF /* ViewController */ = {
			isa = PBXGroup;
			children = (
				EB5BC47B119D6D83180C9BB4 /* CreatePasscodeViewController.swift */,
				B654918653EE2005F9BD660A /* VerifyPasscodeViewController.swift */,
			);
			path = ViewController;
			sourceTree = "<group>";
		};
		62E747DBBEAEA1FE12957C66 /* DesignSystem */ = {
			isa = PBXGroup;
			children = (
				647B4541C7244B14D725CD8A /* Button */,
				36FEA499E855519BB6352EA2 /* CheckBox */,
				E9E334E2D21CA23278D7C11C /* Color */,
				8BB5AB06A278CD291270AE5F /* Label */,
				DC247FAC9A48430E1697DE04 /* Stepper */,
				B76E438CB75C23B5CE761E6F /* Typography */,
			);
			path = DesignSystem;
			sourceTree = "<group>";
		};
		647B4541C7244B14D725CD8A /* Button */ = {
			isa = PBXGroup;
			children = (
				A2993F462134BC968390581B /* PinoButton.swift */,
				AD992292B5AAF2A2B5E9BCE6 /* PinoButtonStyle.swift */,
			);
			path = Button;
			sourceTree = "<group>";
		};
		6C74B02A32C768C0FC1DA29E /* Wallet */ = {
			isa = PBXGroup;
			children = (
				6E5FA9A500F9C8A96A7E9E87 /* CreateWallet */,
				48EE246D4E0E4272DC82321E /* ImportWallet */,
				A1538B6DC1DB75D5A7A75802 /* Intro */,
				44D6C57A2134920342E295B5 /* PasscodeManage */,
			);
			path = Wallet;
			sourceTree = "<group>";
		};
		6E5FA9A500F9C8A96A7E9E87 /* CreateWallet */ = {
			isa = PBXGroup;
			children = (
				AA3CF41F5C67399E6FBDA2B3 /* View */,
				B87B0A24EB8A0F01E0DC6C57 /* ViewController */,
				8E4CC01956485469A740DA73 /* ViewModel */,
			);
			path = CreateWallet;
			sourceTree = "<group>";
		};
		7189E0E8CB14921465DABE0E /* Resources */ = {
			isa = PBXGroup;
			children = (
				E3691C89AD11FD1849D192A6 /* Fonts */,
				AA8A35EE9855F8FA9C7C78EA /* Assets.xcassets */,
			);
			path = Resources;
			sourceTree = "<group>";
		};
		75A843CE0F066F88E5EA7CF9 /* Service */ = {
			isa = PBXGroup;
			children = (
				9FA18764AC9A9F4013229189 /* KeychainManager */,
				20110620C9DB7CB4C91DD7E0 /* PasscodeManager */,
			);
			path = Service;
			sourceTree = "<group>";
		};
		7ED1183C93C16ADE1D4EFE51 /* InfoPlists */ = {
			isa = PBXGroup;
			children = (
				57AE994012288D40FAEB175B /* Pino-iOS-Info.plist */,
			);
			path = InfoPlists;
			sourceTree = "<group>";
		};
		8646ACA026B2EC421ACAC63F /* Home */ = {
			isa = PBXGroup;
			children = (
				AA00C2C6F1682A46755116BB /* HomepageViewController.swift */,
			);
			path = Home;
			sourceTree = "<group>";
		};
		8BB5AB06A278CD291270AE5F /* Label */ = {
			isa = PBXGroup;
			children = (
				3BC6ABCD9A118FA76DBB6D71 /* PinoLabel.swift */,
				D7BDB65F49615F11E315D469 /* PinoLabelStyle.swift */,
			);
			path = Label;
			sourceTree = "<group>";
		};
		8E4CC01956485469A740DA73 /* ViewModel */ = {
			isa = PBXGroup;
			children = (
				1C94D67366BBC5FC2E83690B /* AllDoneViewModel.swift */,
				30FD27066FB1D5073296B68A /* ShowSecretPhraseViewModel.swift */,
				FB0F79268C00324C48ACDFE9 /* VerifySecretPhraseViewModel.swift */,
			);
			path = ViewModel;
			sourceTree = "<group>";
		};
		906D10E2D698500FB81168F0 /* Pino-iOS */ = {
			isa = PBXGroup;
			children = (
				97480E14D63E350AB26CD333 /* App */,
				62E747DBBEAEA1FE12957C66 /* DesignSystem */,
				381E40B205FEEC8751D36936 /* Extensions */,
				CFF16DDF8E5360A177B9A6DA /* Flows */,
				7189E0E8CB14921465DABE0E /* Resources */,
				75A843CE0F066F88E5EA7CF9 /* Service */,
				101EC518813BB364763239A8 /* Utility */,
			);
			path = "Pino-iOS";
			sourceTree = "<group>";
		};
		92D24B3AF852C66756BD9D91 /* SecretPhrase */ = {
			isa = PBXGroup;
			children = (
				C19F2E109660C75F8321C159 /* SecretPhraseCell.swift */,
				8987C33E118C46BE37E3E8F6 /* SecretPhraseCenteredFlowLayout.swift */,
				B8323ABB59B47EAB52C2FBCB /* SecretPhraseCollectionView.swift */,
				8EF25240E193E786A8C4D0A0 /* SeedPhrase.swift */,
			);
			path = SecretPhrase;
			sourceTree = "<group>";
		};
		97407AB29001778E36C1EC32 /* Model */ = {
			isa = PBXGroup;
			children = (
				43F45940BAC164B704B699D8 /* IntroModel.swift */,
			);
			path = Model;
			sourceTree = "<group>";
		};
		97480E14D63E350AB26CD333 /* App */ = {
			isa = PBXGroup;
			children = (
				D3F8A08022F6AA1BCD7CE38C /* AppDelegate.swift */,
				A990075B21467D9A8513640B /* Info.plist */,
				D3F86A22750AABB6D384EB92 /* LaunchSettings.swift */,
				506778827BFFAD8480D0F2C2 /* SceneDelegate.swift */,
			);
			path = App;
			sourceTree = "<group>";
		};
		9D41858E78525C2493FCAE5C /* Pino-iOSUITests */ = {
			isa = PBXGroup;
			children = (
				05217A9919CE8A04E7F825B6 /* Launch */,
				1AF9A3F81164EB60BDF5AF7F /* Wallet */,
			);
			path = "Pino-iOSUITests";
			sourceTree = "<group>";
		};
		9FA18764AC9A9F4013229189 /* KeychainManager */ = {
			isa = PBXGroup;
			children = (
				88E8AAE8C17E29DFD088ABAC /* KeychainHelper.swift */,
				E2F12D00D4BD3A8B271BC47E /* KeychainWrapperProtocol.swift */,
			);
			path = KeychainManager;
			sourceTree = "<group>";
		};
		9FA3A854B93C480F85D365C9 /* Protocols */ = {
			isa = PBXGroup;
			children = (
				FC793D46C0F62CD2D6C831D0 /* PasscodeManagerPages.swift */,
			);
			path = Protocols;
			sourceTree = "<group>";
		};
		A1538B6DC1DB75D5A7A75802 /* Intro */ = {
			isa = PBXGroup;
			children = (
				97407AB29001778E36C1EC32 /* Model */,
				E34B5A5C353138D890B7BF1C /* View */,
				2BDFDEC1457A196FB08DD9BA /* ViewController */,
				A0FF26CDB0C6ED2F4B3AB902 /* IntroViewModel.swift */,
			);
			path = Intro;
			sourceTree = "<group>";
		};
		A4A5A8D8D0620DABE2CA326F /* Project */ = {
			isa = PBXGroup;
			children = (
				D9068EB35FAEC3E75F61310C /* Derived */,
				906D10E2D698500FB81168F0 /* Pino-iOS */,
				31BFC11DEBA92185BE804327 /* Pino-iOSTests */,
				9D41858E78525C2493FCAE5C /* Pino-iOSUITests */,
			);
			name = Project;
			sourceTree = "<group>";
		};
		A8949CFF153EC130CFC19EA0 /* ViewController */ = {
			isa = PBXGroup;
			children = (
				52FA8EB610C9E5FBEB06A460 /* ImportSecretPhraseViewController.swift */,
			);
			path = ViewController;
			sourceTree = "<group>";
		};
		AA3CF41F5C67399E6FBDA2B3 /* View */ = {
			isa = PBXGroup;
			children = (
				92D24B3AF852C66756BD9D91 /* SecretPhrase */,
				F8BAA38133ECAEF6F11A90FE /* AllDoneView.swift */,
				8261937722AB4BF364074A3F /* ShowSecretPhraseView.swift */,
				0D8DCCF3A632ADB9C88A2384 /* VerifySecretPhraseView.swift */,
			);
			path = View;
			sourceTree = "<group>";
		};
		B76E438CB75C23B5CE761E6F /* Typography */ = {
			isa = PBXGroup;
			children = (
				5873E89FD2DBE91A7B148B47 /* BoldStyle.swift */,
				556B9675B232923EF1060360 /* MediumStyle.swift */,
				B62F9E39B86A096E08664A59 /* PinoFont.swift */,
				46610D4A52E19F4867329D2B /* RegularStyle.swift */,
				1500554F63220FE7B4551D27 /* SemiboldStyle.swift */,
			);
			path = Typography;
			sourceTree = "<group>";
		};
		B87B0A24EB8A0F01E0DC6C57 /* ViewController */ = {
			isa = PBXGroup;
			children = (
				14EE3BB5048106C04DE0056D /* AllDoneViewController.swift */,
				06F95A0A06CAEDD0D0E35B90 /* ShowSecretPhraseViewController.swift */,
				18DF01D364AA00076D41093E /* VerifySecretPhraseViewController.swift */,
			);
			path = ViewController;
			sourceTree = "<group>";
		};
		BCB917E6DE76D90CC87B792A /* Activity */ = {
			isa = PBXGroup;
			children = (
				5CE4B6F03AD1FCB6C3A27BEA /* ActivityViewController.swift */,
			);
			path = Activity;
			sourceTree = "<group>";
		};
		CFF16DDF8E5360A177B9A6DA /* Flows */ = {
			isa = PBXGroup;
			children = (
				BCB917E6DE76D90CC87B792A /* Activity */,
				331D58D49D7A64B3CA06452A /* Borrow */,
				8646ACA026B2EC421ACAC63F /* Home */,
				FA18351F82F301D6ED9BB300 /* Invest */,
				1F89FBE5BE386D1DB629BF78 /* Swap */,
				315E726DE6F092F6FDE96D93 /* TabBar */,
				6C74B02A32C768C0FC1DA29E /* Wallet */,
			);
			path = Flows;
			sourceTree = "<group>";
		};
		D9068EB35FAEC3E75F61310C /* Derived */ = {
			isa = PBXGroup;
			children = (
				7ED1183C93C16ADE1D4EFE51 /* InfoPlists */,
				FE34A181AF6266D1508D0EE5 /* Sources */,
			);
			path = Derived;
			sourceTree = "<group>";
		};
		DC247FAC9A48430E1697DE04 /* Stepper */ = {
			isa = PBXGroup;
			children = (
				8AF34662FFE25754189C5E1E /* PinoStepperView.swift */,
			);
			path = Stepper;
			sourceTree = "<group>";
		};
		DC4CCB0A6F1B6B404E0936F6 /* Pino-iOS */ = {
			isa = PBXGroup;
			children = (
				E76EF9F3AFDAA4439C5F2FE7 /* Flows */,
			);
			path = "Pino-iOS";
			sourceTree = "<group>";
		};
		E1BA5CD835C6E49F0796F5F1 /* Error */ = {
			isa = PBXGroup;
			children = (
				704129914486224A1BA93799 /* ImportWalletError.swift */,
			);
			path = Error;
			sourceTree = "<group>";
		};
		E34B5A5C353138D890B7BF1C /* View */ = {
			isa = PBXGroup;
			children = (
				BF4A5DFEADC2FBAFE7C70004 /* IntroCollectionView.swift */,
				8214B6DB674458531FD828D8 /* IntroCollectionViewCell.swift */,
				FBF0687C68426E0C6FD16E13 /* IntroView.swift */,
			);
			path = View;
			sourceTree = "<group>";
		};
		E3691C89AD11FD1849D192A6 /* Fonts */ = {
			isa = PBXGroup;
			children = (
				9EB7328D7AFC63F20335F727 /* PPPangramSans-Bold.ttf */,
				1C64ED0E420A75845A204FD9 /* PPPangramSans-BoldItalic.ttf */,
				39A8266BF566130DDABC5D6C /* PPPangramSans-BoldReclined.ttf */,
				72AFB6F2C99F2ED4135D1247 /* PPPangramSans-Extrabold.ttf */,
				0EDBBFAD004B3CE088F12483 /* PPPangramSans-ExtraboldItalic.ttf */,
				3D9D19C9FA163F6540E69EB5 /* PPPangramSans-ExtraboldReclined.ttf */,
				421EC79F9E35B28183D2DA64 /* PPPangramSans-Extralight.ttf */,
				C4FD2F4E7B7B989C365E09ED /* PPPangramSans-ExtralightItalic.ttf */,
				7A2ACF9076A6247FD47F2B30 /* PPPangramSans-ExtralightReclined.ttf */,
				F0E8C319A84CE10417DAA808 /* PPPangramSans-Light.ttf */,
				1BCF5E198C52B3FC3A95AE6E /* PPPangramSans-LightItalic.ttf */,
				B83ACA401EAD993F89B7023B /* PPPangramSans-LightReclined.ttf */,
				866F55AC1BF993F3089F58CB /* PPPangramSans-Medium.ttf */,
				3A3DB9962BC076A0A1F23256 /* PPPangramSans-MediumItalic.ttf */,
				3E0010EFD77EBF50D80DC886 /* PPPangramSans-MediumReclined.ttf */,
				83F929215B78F7D302BCF7D2 /* PPPangramSans-Regular.ttf */,
				02BD45C3E84B3CDFF4733978 /* PPPangramSans-RegularItalic.ttf */,
				29E7113D81B6454054D7AE8E /* PPPangramSans-RegularReclined.ttf */,
				7BC90AED715801C425CA5724 /* PPPangramSans-Semibold.ttf */,
				69D66831651093B0C3F30FEE /* PPPangramSans-SemiboldItalic.ttf */,
				7395D70A3595B215173A4A19 /* PPPangramSans-SemiboldReclined.ttf */,
				D63900FFBF6433FDC55C5C54 /* PPPangramSans-Thin.ttf */,
				4CCA419E1D559BA8657B1C70 /* PPPangramSans-ThinItalic.ttf */,
				883717CE4E37DB31D9601240 /* PPPangramSans-ThinReclined.ttf */,
			);
			path = Fonts;
			sourceTree = "<group>";
		};
		E76EF9F3AFDAA4439C5F2FE7 /* Flows */ = {
			isa = PBXGroup;
			children = (
				F26F092EDBB37C2386021061 /* ImportWallet */,
			);
			path = Flows;
			sourceTree = "<group>";
		};
		E9E334E2D21CA23278D7C11C /* Color */ = {
			isa = PBXGroup;
			children = (
				D51E3C9E51997193B3FA7940 /* PinoColor.swift */,
			);
			path = Color;
			sourceTree = "<group>";
		};
		EB496FF2EF582FAC11C547FC /* View */ = {
			isa = PBXGroup;
			children = (
				68C77D6D36520EFF14BD7334 /* ManagePasscodeView.swift */,
				B1446B74415E48D2296E87BC /* PassDotsView.swift */,
			);
			path = View;
			sourceTree = "<group>";
		};
		EDC56E437E0EE3E77B7E39B2 /* ViewModel */ = {
			isa = PBXGroup;
			children = (
				5CD8CBC5172C786CEDDB7E7B /* SelectPassViewModel.swift */,
				158701DA945370613C0A16CE /* VerifyPassViewModel.swift */,
			);
			path = ViewModel;
			sourceTree = "<group>";
		};
		F07D6A0E8869D4AB9040F5DB /* ViewModel */ = {
			isa = PBXGroup;
			children = (
				366A068543C0D3E62EC9633B /* ValidateSecretPhraseViewModel.swift */,
			);
			path = ViewModel;
			sourceTree = "<group>";
		};
		F26F092EDBB37C2386021061 /* ImportWallet */ = {
			isa = PBXGroup;
			children = (
				A8949CFF153EC130CFC19EA0 /* ViewController */,
			);
			path = ImportWallet;
			sourceTree = "<group>";
		};
		FA18351F82F301D6ED9BB300 /* Invest */ = {
			isa = PBXGroup;
			children = (
				8CEE6EA6F86954BD72ED3DD5 /* InvestViewController.swift */,
			);
			path = Invest;
			sourceTree = "<group>";
		};
		FE34A181AF6266D1508D0EE5 /* Sources */ = {
			isa = PBXGroup;
			children = (
				D46E075E30E36B20CD5AF1BE /* TuistAssets+PinoIOS.swift */,
				1C38F142DD3FD85EB2F6ED4D /* TuistBundle+PinoIOS.swift */,
				B60F46869B827F258DCA7672 /* TuistFonts+PinoIOS.swift */,
			);
			path = Sources;
			sourceTree = "<group>";
		};
/* End PBXGroup section */

/* Begin PBXNativeTarget section */
		76B66D03FC77A6B968427190 /* Pino-iOS */ = {
			isa = PBXNativeTarget;
			buildConfigurationList = 65C12F53E1AD046FA840632E /* Build configuration list for PBXNativeTarget "Pino-iOS" */;
			buildPhases = (
				0553EA8C872EE73B9E67949B /* [CP] Check Pods Manifest.lock */,
				31EF4D935BDD78B5348A34D5 /* Sources */,
				76BA89512FCF3114FC9C7AE9 /* Resources */,
				C74161FE8841D6B6E5C098A8 /* Embed Frameworks */,
				5DA1CEFB65DEF1E6AE951ADA /* Frameworks */,
				6B6587538DB7AA4F4B02963A /* [CP] Embed Pods Frameworks */,
			);
			buildRules = (
			);
			dependencies = (
			);
			name = "Pino-iOS";
			productName = Pino_iOS;
			productReference = 9B356FACE5AD121691B5EB0B /* Pino_iOS.app */;
			productType = "com.apple.product-type.application";
		};
		A7CDCF5E2B678210FB4DF98B /* Pino-iOSTests */ = {
			isa = PBXNativeTarget;
			buildConfigurationList = 6B6518EC167C528E1CC9BE07 /* Build configuration list for PBXNativeTarget "Pino-iOSTests" */;
			buildPhases = (
				4D20A773F8EC254D29F8325A /* [CP] Check Pods Manifest.lock */,
				D1ED70C2ECF3B1FB44FE3240 /* Sources */,
				C8404B46510C1F7B681F575F /* Resources */,
				3E1C42A66789FB013BD13642 /* Embed Frameworks */,
				4EA6AE73A5024A507FB32B94 /* Frameworks */,
			);
			buildRules = (
			);
			dependencies = (
				DA66B669DF97EDE3C543C4E2 /* PBXTargetDependency */,
			);
			name = "Pino-iOSTests";
			productName = Pino_iOSTests;
			productReference = 5EC98207842980D5328B25F8 /* Pino_iOSTests.xctest */;
			productType = "com.apple.product-type.bundle.unit-test";
		};
		B000153529B2F9816B43109C /* Pino-iOSUITests */ = {
			isa = PBXNativeTarget;
			buildConfigurationList = EE46D7586D2BB3F3472DCBF5 /* Build configuration list for PBXNativeTarget "Pino-iOSUITests" */;
			buildPhases = (
				C0AA7A901DA0C2F98E11FD5D /* [CP] Check Pods Manifest.lock */,
				DF3F5A26D2D6406EDA43045B /* Sources */,
				AEE1BAB12F0F44B3D5EBA917 /* Resources */,
				3BFEBA09CFB4A7B70880C090 /* Embed Frameworks */,
				4A0E4C654CDEA35DB394F991 /* Frameworks */,
				77C1893C56BC389ED6621910 /* [CP] Embed Pods Frameworks */,
			);
			buildRules = (
			);
			dependencies = (
				28DA6D17929362A89FBCFBA6 /* PBXTargetDependency */,
			);
			name = "Pino-iOSUITests";
			productName = Pino_iOSUITests;
			productReference = F2EAF5AADABDA7A37067D88E /* Pino_iOSUITests.xctest */;
			productType = "com.apple.product-type.bundle.ui-testing";
		};
/* End PBXNativeTarget section */

/* Begin PBXProject section */
		5939E0FFBB001767AF40C17F /* Project object */ = {
			isa = PBXProject;
			attributes = {
				ORGANIZATIONNAME = "<YOUR_ORG_NAME_HERE>";
				TargetAttributes = {
					A7CDCF5E2B678210FB4DF98B = {
						TestTargetID = 76B66D03FC77A6B968427190;
					};
					B000153529B2F9816B43109C = {
						TestTargetID = 76B66D03FC77A6B968427190;
					};
				};
			};
			buildConfigurationList = 8551383759BECA79C9F7F85D /* Build configuration list for PBXProject "Pino-iOS" */;
			compatibilityVersion = "Xcode 13.0";
			developmentRegion = en;
			hasScannedForEncodings = 0;
			knownRegions = (
				Base,
				en,
			);
			mainGroup = 2277E1FFDD10A1C98A64D20C;
			packageReferences = (
				FFD111B1E4C4DA637EA34C0D /* XCRemoteSwiftPackageReference "firebase-ios-sdk" */,
			);
			productRefGroup = 2821FB9CEE9F9B9E6BAE9FD7 /* Products */;
			projectDirPath = "";
			projectRoot = "";
			targets = (
				76B66D03FC77A6B968427190 /* Pino-iOS */,
				A7CDCF5E2B678210FB4DF98B /* Pino-iOSTests */,
				B000153529B2F9816B43109C /* Pino-iOSUITests */,
			);
		};
/* End PBXProject section */

/* Begin PBXResourcesBuildPhase section */
		76BA89512FCF3114FC9C7AE9 /* Resources */ = {
			isa = PBXResourcesBuildPhase;
			buildActionMask = 2147483647;
			files = (
				FCF8F498C31B4A3086818600 /* Assets.xcassets in Resources */,
				8A97DEF294C4F8A7134382F9 /* PPPangramSans-Bold.ttf in Resources */,
				0A2F2A3C3D6AD92205953E59 /* PPPangramSans-BoldItalic.ttf in Resources */,
				9037BEE05075EFF2E9C65690 /* PPPangramSans-BoldReclined.ttf in Resources */,
				CD0821E21FFDEF7A687832D4 /* PPPangramSans-Extrabold.ttf in Resources */,
				007C1C6857A3E1996AB101DF /* PPPangramSans-ExtraboldItalic.ttf in Resources */,
				244864C235A42742FA9574BB /* PPPangramSans-ExtraboldReclined.ttf in Resources */,
				A83C7BC97FD11F4374613E04 /* PPPangramSans-Extralight.ttf in Resources */,
				32C5A14C2878AF2717953CE4 /* PPPangramSans-ExtralightItalic.ttf in Resources */,
				6AD4E26A99AFC84D2AF3A0C5 /* PPPangramSans-ExtralightReclined.ttf in Resources */,
				E0DE588983C7AC30B4802B10 /* PPPangramSans-Light.ttf in Resources */,
				49DC8279007186A8139D5C91 /* PPPangramSans-LightItalic.ttf in Resources */,
				6FBD490684FF9088441F2F5E /* PPPangramSans-LightReclined.ttf in Resources */,
				4E1CBAF16C15CF18F2ABD114 /* PPPangramSans-Medium.ttf in Resources */,
				F9E052C96F840C3A185D9C2A /* PPPangramSans-MediumItalic.ttf in Resources */,
				AD8CFE182E96D91FB17141EC /* PPPangramSans-MediumReclined.ttf in Resources */,
				DDC632441C71223CD333CB92 /* PPPangramSans-Regular.ttf in Resources */,
				DAD36881FD66D8BF61980707 /* PPPangramSans-RegularItalic.ttf in Resources */,
				37A1E23C2C51E48742D7DD75 /* PPPangramSans-RegularReclined.ttf in Resources */,
				8D6E5B79F38B3297294D2ABE /* PPPangramSans-Semibold.ttf in Resources */,
				DDF8283679A83C72884AACEF /* PPPangramSans-SemiboldItalic.ttf in Resources */,
				B8F78E54C8BF3BBFCFD195AA /* PPPangramSans-SemiboldReclined.ttf in Resources */,
				818C29C2AAB8EE3DD35E3047 /* PPPangramSans-Thin.ttf in Resources */,
				9E693738B37406E522D53195 /* PPPangramSans-ThinItalic.ttf in Resources */,
				C66BFBFF47B4502F6D41AEEA /* PPPangramSans-ThinReclined.ttf in Resources */,
			);
			runOnlyForDeploymentPostprocessing = 0;
		};
		AEE1BAB12F0F44B3D5EBA917 /* Resources */ = {
			isa = PBXResourcesBuildPhase;
			buildActionMask = 2147483647;
			files = (
			);
			runOnlyForDeploymentPostprocessing = 0;
		};
		C8404B46510C1F7B681F575F /* Resources */ = {
			isa = PBXResourcesBuildPhase;
			buildActionMask = 2147483647;
			files = (
			);
			runOnlyForDeploymentPostprocessing = 0;
		};
/* End PBXResourcesBuildPhase section */

/* Begin PBXShellScriptBuildPhase section */
		0553EA8C872EE73B9E67949B /* [CP] Check Pods Manifest.lock */ = {
			isa = PBXShellScriptBuildPhase;
			buildActionMask = 2147483647;
			files = (
			);
			inputFileListPaths = (
			);
			inputPaths = (
				"${PODS_PODFILE_DIR_PATH}/Podfile.lock",
				"${PODS_ROOT}/Manifest.lock",
			);
			name = "[CP] Check Pods Manifest.lock";
			outputFileListPaths = (
			);
			outputPaths = (
				"$(DERIVED_FILE_DIR)/Pods-Pino-iOS-checkManifestLockResult.txt",
			);
			runOnlyForDeploymentPostprocessing = 0;
			shellPath = /bin/sh;
			shellScript = "diff \"${PODS_PODFILE_DIR_PATH}/Podfile.lock\" \"${PODS_ROOT}/Manifest.lock\" > /dev/null\nif [ $? != 0 ] ; then\n    # print error to STDERR\n    echo \"error: The sandbox is not in sync with the Podfile.lock. Run 'pod install' or update your CocoaPods installation.\" >&2\n    exit 1\nfi\n# This output is used by Xcode 'outputs' to avoid re-running this script phase.\necho \"SUCCESS\" > \"${SCRIPT_OUTPUT_FILE_0}\"\n";
			showEnvVarsInLog = 0;
		};
		4D20A773F8EC254D29F8325A /* [CP] Check Pods Manifest.lock */ = {
			isa = PBXShellScriptBuildPhase;
			buildActionMask = 2147483647;
			files = (
			);
			inputFileListPaths = (
			);
			inputPaths = (
				"${PODS_PODFILE_DIR_PATH}/Podfile.lock",
				"${PODS_ROOT}/Manifest.lock",
			);
			name = "[CP] Check Pods Manifest.lock";
			outputFileListPaths = (
			);
			outputPaths = (
				"$(DERIVED_FILE_DIR)/Pods-Pino-iOSTests-checkManifestLockResult.txt",
			);
			runOnlyForDeploymentPostprocessing = 0;
			shellPath = /bin/sh;
			shellScript = "diff \"${PODS_PODFILE_DIR_PATH}/Podfile.lock\" \"${PODS_ROOT}/Manifest.lock\" > /dev/null\nif [ $? != 0 ] ; then\n    # print error to STDERR\n    echo \"error: The sandbox is not in sync with the Podfile.lock. Run 'pod install' or update your CocoaPods installation.\" >&2\n    exit 1\nfi\n# This output is used by Xcode 'outputs' to avoid re-running this script phase.\necho \"SUCCESS\" > \"${SCRIPT_OUTPUT_FILE_0}\"\n";
			showEnvVarsInLog = 0;
		};
		6B6587538DB7AA4F4B02963A /* [CP] Embed Pods Frameworks */ = {
			isa = PBXShellScriptBuildPhase;
			buildActionMask = 2147483647;
			files = (
			);
			inputFileListPaths = (
				"${PODS_ROOT}/Target Support Files/Pods-Pino-iOS/Pods-Pino-iOS-frameworks-${CONFIGURATION}-input-files.xcfilelist",
			);
			name = "[CP] Embed Pods Frameworks";
			outputFileListPaths = (
				"${PODS_ROOT}/Target Support Files/Pods-Pino-iOS/Pods-Pino-iOS-frameworks-${CONFIGURATION}-output-files.xcfilelist",
			);
			runOnlyForDeploymentPostprocessing = 0;
			shellPath = /bin/sh;
			shellScript = "\"${PODS_ROOT}/Target Support Files/Pods-Pino-iOS/Pods-Pino-iOS-frameworks.sh\"\n";
			showEnvVarsInLog = 0;
		};
		77C1893C56BC389ED6621910 /* [CP] Embed Pods Frameworks */ = {
			isa = PBXShellScriptBuildPhase;
			buildActionMask = 2147483647;
			files = (
			);
			inputFileListPaths = (
				"${PODS_ROOT}/Target Support Files/Pods-Pino-iOS-Pino-iOSUITests/Pods-Pino-iOS-Pino-iOSUITests-frameworks-${CONFIGURATION}-input-files.xcfilelist",
			);
			name = "[CP] Embed Pods Frameworks";
			outputFileListPaths = (
				"${PODS_ROOT}/Target Support Files/Pods-Pino-iOS-Pino-iOSUITests/Pods-Pino-iOS-Pino-iOSUITests-frameworks-${CONFIGURATION}-output-files.xcfilelist",
			);
			runOnlyForDeploymentPostprocessing = 0;
			shellPath = /bin/sh;
			shellScript = "\"${PODS_ROOT}/Target Support Files/Pods-Pino-iOS-Pino-iOSUITests/Pods-Pino-iOS-Pino-iOSUITests-frameworks.sh\"\n";
			showEnvVarsInLog = 0;
		};
		C0AA7A901DA0C2F98E11FD5D /* [CP] Check Pods Manifest.lock */ = {
			isa = PBXShellScriptBuildPhase;
			buildActionMask = 2147483647;
			files = (
			);
			inputFileListPaths = (
			);
			inputPaths = (
				"${PODS_PODFILE_DIR_PATH}/Podfile.lock",
				"${PODS_ROOT}/Manifest.lock",
			);
			name = "[CP] Check Pods Manifest.lock";
			outputFileListPaths = (
			);
			outputPaths = (
				"$(DERIVED_FILE_DIR)/Pods-Pino-iOS-Pino-iOSUITests-checkManifestLockResult.txt",
			);
			runOnlyForDeploymentPostprocessing = 0;
			shellPath = /bin/sh;
			shellScript = "diff \"${PODS_PODFILE_DIR_PATH}/Podfile.lock\" \"${PODS_ROOT}/Manifest.lock\" > /dev/null\nif [ $? != 0 ] ; then\n    # print error to STDERR\n    echo \"error: The sandbox is not in sync with the Podfile.lock. Run 'pod install' or update your CocoaPods installation.\" >&2\n    exit 1\nfi\n# This output is used by Xcode 'outputs' to avoid re-running this script phase.\necho \"SUCCESS\" > \"${SCRIPT_OUTPUT_FILE_0}\"\n";
			showEnvVarsInLog = 0;
		};
/* End PBXShellScriptBuildPhase section */

/* Begin PBXSourcesBuildPhase section */
		31EF4D935BDD78B5348A34D5 /* Sources */ = {
			isa = PBXSourcesBuildPhase;
			buildActionMask = 2147483647;
			files = (
				EEB1C4854259141A60231C52 /* TuistAssets+PinoIOS.swift in Sources */,
				CDE54D2B9F6F8D8AD1A62285 /* TuistBundle+PinoIOS.swift in Sources */,
				175302024392F42DD2B8F27F /* TuistFonts+PinoIOS.swift in Sources */,
				6C833B71B6F3BA139A33B322 /* AppDelegate.swift in Sources */,
				50B8CB0CE94CDD45FDE87FE2 /* LaunchSettings.swift in Sources */,
				120AFF9C42F188B5A9FB235D /* SceneDelegate.swift in Sources */,
				47FFF2797F79D9634EE23DBD /* PinoButton.swift in Sources */,
				F54AD7E7F9CD0DD3B2FE12DA /* PinoButtonStyle.swift in Sources */,
				48F457700DB7CE72B7530AD1 /* PinoCheckBox.swift in Sources */,
				71EC190154C695FC5D4C0823 /* PinoCheckBoxStyle.swift in Sources */,
				C5B60FCBF9C58C5636F3B235 /* PinoColor.swift in Sources */,
				F34FAEA58B47B70159B2AD6E /* PinoLabel.swift in Sources */,
				6205D05A546D07F75FBD7044 /* PinoLabelStyle.swift in Sources */,
				2AAB4235ADBFBD812D67698D /* PinoStepperView.swift in Sources */,
				244B2034B6D44247035B9A44 /* BoldStyle.swift in Sources */,
				B7B9D333F681BE51B4B3AAC3 /* MediumStyle.swift in Sources */,
				9D45B189C0C0883C639430C0 /* PinoFont.swift in Sources */,
				90A9F97705B775C38FA8C705 /* RegularStyle.swift in Sources */,
				1CFD33910DD070BA67163D66 /* SemiboldStyle.swift in Sources */,
				B1C4FD14B274C7B16BB549DF /* Array+Extension.swift in Sources */,
				92947DD471513239423A1BCD /* HDWallet+Extension.swift in Sources */,
				120188FCE7A629105DC83F2E /* StringProtocol+Extension.swift in Sources */,
				35A80A475B24D411037931E2 /* ViewController+Extension.swift in Sources */,
				615FB0112DB5AABF13D5F11D /* ActivityViewController.swift in Sources */,
				A726245DE77E256226431CAF /* BorrowViewController.swift in Sources */,
				DFE73291B4F94E506417C01D /* HomepageViewController.swift in Sources */,
				0AAF5243F7A695BC9CC6CF16 /* InvestViewController.swift in Sources */,
				370D435DB8EDAFB747CEA9F6 /* SwapViewController.swift in Sources */,
				06218737C45E76782BCD109A /* TabBarItem.swift in Sources */,
				EAB7622AC86DE97A2E743E0B /* TabBarViewController.swift in Sources */,
				20D7C7089C79E025BD88D5F6 /* AllDoneView.swift in Sources */,
				9118540534473F2A1E6F8A59 /* SecretPhraseCell.swift in Sources */,
				7FE41C7D4D9B9EEDF56B6B2F /* SecretPhraseCenteredFlowLayout.swift in Sources */,
				B36A2186CD2F1AEC671E6CA6 /* SecretPhraseCollectionView.swift in Sources */,
				98F38099849FA1F234D5205A /* SeedPhrase.swift in Sources */,
				1CCFE27434928B0335018B89 /* ShowSecretPhraseView.swift in Sources */,
				720765B87A342B788E9A6B47 /* VerifySecretPhraseView.swift in Sources */,
				A08CDFD35C7AAC36C74E2CBD /* AllDoneViewController.swift in Sources */,
				C4C15FCC4555C46A7D26DEC5 /* ShowSecretPhraseViewController.swift in Sources */,
				B5A21D5DA432C1EAF353FE4E /* VerifySecretPhraseViewController.swift in Sources */,
				233F0422E45793A77FBC25D4 /* AllDoneViewModel.swift in Sources */,
				1BBDBEBF5BEF06E5223ED29D /* ShowSecretPhraseViewModel.swift in Sources */,
				07348C7157600883D19BE3D1 /* VerifySecretPhraseViewModel.swift in Sources */,
				CFC1DA719A27D96B673F358D /* ImportWalletError.swift in Sources */,
				20C403F37823EEC96AB303C1 /* ImportSecretPhraseViewController.swift in Sources */,
				07E7702AD0548B8DB7A2E6ED /* ImportSecretPhraseView.swift in Sources */,
				466880F2B0A5F10F70472A2E /* SecretPhraseTextView.swift in Sources */,
				E19A7F2C3DBEA0CE94C5AFD2 /* SuggestedSeedPhraseCell.swift in Sources */,
				F4289CF17B60C5A3CE123531 /* SuggestedSeedPhraseCollectionView.swift in Sources */,
				3256B0244DDF2151666D6D25 /* ValidateSecretPhraseViewModel.swift in Sources */,
				EBEB8549012066F481D3084B /* IntroViewModel.swift in Sources */,
				561483125EFABB6456EE17F1 /* IntroModel.swift in Sources */,
				716467A70048EC5A4D7FBBDA /* IntroCollectionView.swift in Sources */,
				48504F92B8A7034CB0B4071F /* IntroCollectionViewCell.swift in Sources */,
				62D76AEA21FA77F1B65B3C02 /* IntroView.swift in Sources */,
				34F77E3B42F72AE7C04697F5 /* IntroViewController.swift in Sources */,
				6AE519595A6DDBE4F1601A86 /* PassManagmentError.swift in Sources */,
				E781ED88BCAB3865AC2D82CF /* PasscodeManagerPages.swift in Sources */,
				F49FCB2CC09235D0A4A92774 /* ManagePasscodeView.swift in Sources */,
				59A3143F8F0941264604C439 /* PassDotsView.swift in Sources */,
				294BA6C699CF377D97E3425C /* CreatePasscodeViewController.swift in Sources */,
				C529AFB317518661ED54C292 /* VerifyPasscodeViewController.swift in Sources */,
				839AD85F3610B1884F399BBD /* SelectPassViewModel.swift in Sources */,
				E165679D239DB2BED33C962C /* VerifyPassViewModel.swift in Sources */,
				5B9A92B738DA8188F40FF49D /* KeychainHelper.swift in Sources */,
				00840F972A3BC4A38A93791F /* KeychainWrapperProtocol.swift in Sources */,
				4C44407F94ED41A43B00D737 /* PasscodeManagerService.swift in Sources */,
				239B53123E599C3B8AD537B8 /* AlertHelper.swift in Sources */,
				F8AA65435058EEBDCECD6B84 /* AutolayoutHelper.swift in Sources */,
				02A97D4A9C207916DE660B71 /* BlurEffectView.swift in Sources */,
			);
			runOnlyForDeploymentPostprocessing = 0;
		};
		D1ED70C2ECF3B1FB44FE3240 /* Sources */ = {
			isa = PBXSourcesBuildPhase;
			buildActionMask = 2147483647;
			files = (
				666DA2667A31CB08C5D950D8 /* SeedPhraseMock.swift in Sources */,
				FD3139836A6E9D0A3EB63BDD /* Pino_iOSTests.swift in Sources */,
			);
			runOnlyForDeploymentPostprocessing = 0;
		};
		DF3F5A26D2D6406EDA43045B /* Sources */ = {
			isa = PBXSourcesBuildPhase;
			buildActionMask = 2147483647;
			files = (
				AB1B4AFE3D2CE9F26E7F280E /* Pino_iOSUITestsLaunchTests.swift in Sources */,
				551DBEFEDA1A86C9449731C1 /* CreatePasscodeUITests.swift in Sources */,
				9E6F1F8F5D453181F2383695 /* CreateWalletUITests.swift in Sources */,
				35F653178497D3A93EE59E96 /* ImportWalletUITests.swift in Sources */,
			);
			runOnlyForDeploymentPostprocessing = 0;
		};
/* End PBXSourcesBuildPhase section */

/* Begin PBXTargetDependency section */
		28DA6D17929362A89FBCFBA6 /* PBXTargetDependency */ = {
			isa = PBXTargetDependency;
			name = "Pino-iOS";
			target = 76B66D03FC77A6B968427190 /* Pino-iOS */;
			targetProxy = 69F0BAF5F4CA11531B5F2E2E /* PBXContainerItemProxy */;
		};
		DA66B669DF97EDE3C543C4E2 /* PBXTargetDependency */ = {
			isa = PBXTargetDependency;
			name = "Pino-iOS";
			target = 76B66D03FC77A6B968427190 /* Pino-iOS */;
			targetProxy = DBA0CDD520BFA313CF8CDA96 /* PBXContainerItemProxy */;
		};
/* End PBXTargetDependency section */

/* Begin XCBuildConfiguration section */
		18C0C7105E9F47F5CEC08BAB /* Debug */ = {
			isa = XCBuildConfiguration;
			buildSettings = {
				ALWAYS_SEARCH_USER_PATHS = NO;
				CLANG_ANALYZER_LOCALIZABILITY_NONLOCALIZED = YES;
				CLANG_ANALYZER_NONNULL = YES;
				CLANG_ANALYZER_NUMBER_OBJECT_CONVERSION = YES_AGGRESSIVE;
				CLANG_CXX_LANGUAGE_STANDARD = "gnu++14";
				CLANG_CXX_LIBRARY = "libc++";
				CLANG_ENABLE_MODULES = YES;
				CLANG_ENABLE_OBJC_ARC = YES;
				CLANG_ENABLE_OBJC_WEAK = YES;
				CLANG_WARN_BLOCK_CAPTURE_AUTORELEASING = YES;
				CLANG_WARN_BOOL_CONVERSION = YES;
				CLANG_WARN_COMMA = YES;
				CLANG_WARN_CONSTANT_CONVERSION = YES;
				CLANG_WARN_DEPRECATED_OBJC_IMPLEMENTATIONS = YES;
				CLANG_WARN_DIRECT_OBJC_ISA_USAGE = YES_ERROR;
				CLANG_WARN_DOCUMENTATION_COMMENTS = YES;
				CLANG_WARN_EMPTY_BODY = YES;
				CLANG_WARN_ENUM_CONVERSION = YES;
				CLANG_WARN_INFINITE_RECURSION = YES;
				CLANG_WARN_INT_CONVERSION = YES;
				CLANG_WARN_NON_LITERAL_NULL_CONVERSION = YES;
				CLANG_WARN_OBJC_IMPLICIT_RETAIN_SELF = YES;
				CLANG_WARN_OBJC_LITERAL_CONVERSION = YES;
				CLANG_WARN_OBJC_ROOT_CLASS = YES_ERROR;
				CLANG_WARN_QUOTED_INCLUDE_IN_FRAMEWORK_HEADER = YES;
				CLANG_WARN_RANGE_LOOP_ANALYSIS = YES;
				CLANG_WARN_STRICT_PROTOTYPES = YES;
				CLANG_WARN_SUSPICIOUS_MOVE = YES;
				CLANG_WARN_UNGUARDED_AVAILABILITY = YES_AGGRESSIVE;
				CLANG_WARN_UNREACHABLE_CODE = YES;
				CLANG_WARN__DUPLICATE_METHOD_MATCH = YES;
				COPY_PHASE_STRIP = NO;
				DEAD_CODE_STRIPPING = YES;
				DEBUG_INFORMATION_FORMAT = dwarf;
				ENABLE_STRICT_OBJC_MSGSEND = YES;
				ENABLE_TESTABILITY = YES;
				GCC_C_LANGUAGE_STANDARD = gnu11;
				GCC_DYNAMIC_NO_PIC = NO;
				GCC_NO_COMMON_BLOCKS = YES;
				GCC_OPTIMIZATION_LEVEL = 0;
				GCC_PREPROCESSOR_DEFINITIONS = (
					"DEBUG=1",
					"$(inherited)",
				);
				GCC_WARN_64_TO_32_BIT_CONVERSION = YES;
				GCC_WARN_ABOUT_RETURN_TYPE = YES_ERROR;
				GCC_WARN_UNDECLARED_SELECTOR = YES;
				GCC_WARN_UNINITIALIZED_AUTOS = YES_AGGRESSIVE;
				GCC_WARN_UNUSED_FUNCTION = YES;
				GCC_WARN_UNUSED_VARIABLE = YES;
				MTL_ENABLE_DEBUG_INFO = YES;
				ONLY_ACTIVE_ARCH = YES;
				PRODUCT_NAME = "$(TARGET_NAME)";
			};
			name = Debug;
		};
		224281A6BD8FC96C15842DC0 /* Debug */ = {
			isa = XCBuildConfiguration;
			baseConfigurationReference = 0A9E7D9EC8768B1B55DFA2F2 /* Pods-Pino-iOS.debug.xcconfig */;
			buildSettings = {
				ASSETCATALOG_COMPILER_APPICON_NAME = AppIcon;
				CODE_SIGN_IDENTITY = "iPhone Developer";
				ENABLE_PREVIEWS = YES;
				INFOPLIST_FILE = "Derived/InfoPlists/Pino-iOS-Info.plist";
				LD_RUNPATH_SEARCH_PATHS = (
					"$(inherited)",
					"@executable_path/Frameworks",
				);
				PRODUCT_BUNDLE_IDENTIFIER = "com.aurora.pino.Pino-iOS";
				PRODUCT_NAME = Pino_iOS;
				SDKROOT = iphoneos;
				SWIFT_ACTIVE_COMPILATION_CONDITIONS = DEBUG;
				SWIFT_COMPILATION_MODE = singlefile;
				SWIFT_OPTIMIZATION_LEVEL = "-Onone";
				SWIFT_VERSION = 5.0;
				TARGETED_DEVICE_FAMILY = "1,2";
			};
			name = Debug;
		};
		326094F11CFBB79B529B22C7 /* Release */ = {
			isa = XCBuildConfiguration;
			baseConfigurationReference = 721F517E2069F5C34B4EE0B1 /* Pods-Pino-iOSTests.release.xcconfig */;
			buildSettings = {
				BUNDLE_LOADER = "$(TEST_HOST)";
				CODE_SIGN_IDENTITY = "iPhone Developer";
				INFOPLIST_FILE = "Pino-iOS/App/Info.plist";
				LD_RUNPATH_SEARCH_PATHS = (
					"$(inherited)",
					"@executable_path/Frameworks",
					"@loader_path/Frameworks",
				);
				PRODUCT_BUNDLE_IDENTIFIER = "com.aurora.pino.Pino-iOSTests";
				PRODUCT_NAME = Pino_iOSTests;
				SDKROOT = iphoneos;
				SWIFT_COMPILATION_MODE = wholemodule;
				SWIFT_OPTIMIZATION_LEVEL = "-Owholemodule";
				SWIFT_VERSION = 5.0;
				TARGETED_DEVICE_FAMILY = "1,2";
				TEST_HOST = "$(BUILT_PRODUCTS_DIR)/Pino_iOS.app/Pino_iOS";
				TEST_TARGET_NAME = "Pino-iOS";
			};
			name = Release;
		};
		7651F5C9499B813D4EF201EF /* Debug */ = {
			isa = XCBuildConfiguration;
			baseConfigurationReference = AE566C3E5C85B51E58D04E7F /* Pods-Pino-iOSTests.debug.xcconfig */;
			buildSettings = {
				BUNDLE_LOADER = "$(TEST_HOST)";
				CODE_SIGN_IDENTITY = "iPhone Developer";
				INFOPLIST_FILE = "Pino-iOS/App/Info.plist";
				LD_RUNPATH_SEARCH_PATHS = (
					"$(inherited)",
					"@executable_path/Frameworks",
					"@loader_path/Frameworks",
				);
				PRODUCT_BUNDLE_IDENTIFIER = "com.aurora.pino.Pino-iOSTests";
				PRODUCT_NAME = Pino_iOSTests;
				SDKROOT = iphoneos;
				SWIFT_ACTIVE_COMPILATION_CONDITIONS = DEBUG;
				SWIFT_COMPILATION_MODE = singlefile;
				SWIFT_OPTIMIZATION_LEVEL = "-Onone";
				SWIFT_VERSION = 5.0;
				TARGETED_DEVICE_FAMILY = "1,2";
				TEST_HOST = "$(BUILT_PRODUCTS_DIR)/Pino_iOS.app/Pino_iOS";
				TEST_TARGET_NAME = "Pino-iOS";
			};
			name = Debug;
		};
		7B083790ABEB8391B5A40C82 /* Release */ = {
			isa = XCBuildConfiguration;
			baseConfigurationReference = C8C678EA95588267D7E14551 /* Pods-Pino-iOS.release.xcconfig */;
			buildSettings = {
				ASSETCATALOG_COMPILER_APPICON_NAME = AppIcon;
				CODE_SIGN_IDENTITY = "iPhone Developer";
				ENABLE_PREVIEWS = YES;
				INFOPLIST_FILE = "Derived/InfoPlists/Pino-iOS-Info.plist";
				LD_RUNPATH_SEARCH_PATHS = (
					"$(inherited)",
					"@executable_path/Frameworks",
				);
				PRODUCT_BUNDLE_IDENTIFIER = "com.aurora.pino.Pino-iOS";
				PRODUCT_NAME = Pino_iOS;
				SDKROOT = iphoneos;
				SWIFT_COMPILATION_MODE = wholemodule;
				SWIFT_OPTIMIZATION_LEVEL = "-Owholemodule";
				SWIFT_VERSION = 5.0;
				TARGETED_DEVICE_FAMILY = "1,2";
			};
			name = Release;
		};
		B7A1A216F88ED9C8ECF1C97A /* Release */ = {
			isa = XCBuildConfiguration;
			baseConfigurationReference = AD19E2C62A071C379D1A291E /* Pods-Pino-iOS-Pino-iOSUITests.release.xcconfig */;
			buildSettings = {
				CODE_SIGN_IDENTITY = "iPhone Developer";
				INFOPLIST_FILE = "Pino-iOS/App/Info.plist";
				LD_RUNPATH_SEARCH_PATHS = (
					"$(inherited)",
					"@executable_path/Frameworks",
					"@loader_path/Frameworks",
				);
				PRODUCT_BUNDLE_IDENTIFIER = "com.aurora.pino.Pino-iOSUITests";
				PRODUCT_NAME = Pino_iOSUITests;
				SDKROOT = iphoneos;
				SWIFT_COMPILATION_MODE = wholemodule;
				SWIFT_OPTIMIZATION_LEVEL = "-Owholemodule";
				SWIFT_VERSION = 5.0;
				TARGETED_DEVICE_FAMILY = "1,2";
				TEST_TARGET_NAME = "Pino-iOS";
			};
			name = Release;
		};
		D6E9BFF79FB2B0241EF47EB3 /* Debug */ = {
			isa = XCBuildConfiguration;
			baseConfigurationReference = 132F0B27ACD56BA431F25865 /* Pods-Pino-iOS-Pino-iOSUITests.debug.xcconfig */;
			buildSettings = {
				CODE_SIGN_IDENTITY = "iPhone Developer";
				INFOPLIST_FILE = "Pino-iOS/App/Info.plist";
				LD_RUNPATH_SEARCH_PATHS = (
					"$(inherited)",
					"@executable_path/Frameworks",
					"@loader_path/Frameworks",
				);
				PRODUCT_BUNDLE_IDENTIFIER = "com.aurora.pino.Pino-iOSUITests";
				PRODUCT_NAME = Pino_iOSUITests;
				SDKROOT = iphoneos;
				SWIFT_ACTIVE_COMPILATION_CONDITIONS = DEBUG;
				SWIFT_COMPILATION_MODE = singlefile;
				SWIFT_OPTIMIZATION_LEVEL = "-Onone";
				SWIFT_VERSION = 5.0;
				TARGETED_DEVICE_FAMILY = "1,2";
				TEST_TARGET_NAME = "Pino-iOS";
			};
			name = Debug;
		};
		F393FE673BB9F54B6A3CF074 /* Release */ = {
			isa = XCBuildConfiguration;
			buildSettings = {
				ALWAYS_SEARCH_USER_PATHS = NO;
				CLANG_ANALYZER_LOCALIZABILITY_NONLOCALIZED = YES;
				CLANG_ANALYZER_NONNULL = YES;
				CLANG_ANALYZER_NUMBER_OBJECT_CONVERSION = YES_AGGRESSIVE;
				CLANG_CXX_LANGUAGE_STANDARD = "gnu++14";
				CLANG_CXX_LIBRARY = "libc++";
				CLANG_ENABLE_MODULES = YES;
				CLANG_ENABLE_OBJC_ARC = YES;
				CLANG_ENABLE_OBJC_WEAK = YES;
				CLANG_WARN_BLOCK_CAPTURE_AUTORELEASING = YES;
				CLANG_WARN_BOOL_CONVERSION = YES;
				CLANG_WARN_COMMA = YES;
				CLANG_WARN_CONSTANT_CONVERSION = YES;
				CLANG_WARN_DEPRECATED_OBJC_IMPLEMENTATIONS = YES;
				CLANG_WARN_DIRECT_OBJC_ISA_USAGE = YES_ERROR;
				CLANG_WARN_DOCUMENTATION_COMMENTS = YES;
				CLANG_WARN_EMPTY_BODY = YES;
				CLANG_WARN_ENUM_CONVERSION = YES;
				CLANG_WARN_INFINITE_RECURSION = YES;
				CLANG_WARN_INT_CONVERSION = YES;
				CLANG_WARN_NON_LITERAL_NULL_CONVERSION = YES;
				CLANG_WARN_OBJC_IMPLICIT_RETAIN_SELF = YES;
				CLANG_WARN_OBJC_LITERAL_CONVERSION = YES;
				CLANG_WARN_OBJC_ROOT_CLASS = YES_ERROR;
				CLANG_WARN_QUOTED_INCLUDE_IN_FRAMEWORK_HEADER = YES;
				CLANG_WARN_RANGE_LOOP_ANALYSIS = YES;
				CLANG_WARN_STRICT_PROTOTYPES = YES;
				CLANG_WARN_SUSPICIOUS_MOVE = YES;
				CLANG_WARN_UNGUARDED_AVAILABILITY = YES_AGGRESSIVE;
				CLANG_WARN_UNREACHABLE_CODE = YES;
				CLANG_WARN__DUPLICATE_METHOD_MATCH = YES;
				COPY_PHASE_STRIP = NO;
				DEAD_CODE_STRIPPING = YES;
				DEBUG_INFORMATION_FORMAT = "dwarf-with-dsym";
				ENABLE_NS_ASSERTIONS = NO;
				ENABLE_STRICT_OBJC_MSGSEND = YES;
				GCC_C_LANGUAGE_STANDARD = gnu11;
				GCC_NO_COMMON_BLOCKS = YES;
				GCC_WARN_64_TO_32_BIT_CONVERSION = YES;
				GCC_WARN_ABOUT_RETURN_TYPE = YES_ERROR;
				GCC_WARN_UNDECLARED_SELECTOR = YES;
				GCC_WARN_UNINITIALIZED_AUTOS = YES_AGGRESSIVE;
				GCC_WARN_UNUSED_FUNCTION = YES;
				GCC_WARN_UNUSED_VARIABLE = YES;
				MTL_ENABLE_DEBUG_INFO = NO;
				PRODUCT_NAME = "$(TARGET_NAME)";
				VALIDATE_PRODUCT = YES;
			};
			name = Release;
		};
/* End XCBuildConfiguration section */

/* Begin XCConfigurationList section */
		65C12F53E1AD046FA840632E /* Build configuration list for PBXNativeTarget "Pino-iOS" */ = {
			isa = XCConfigurationList;
			buildConfigurations = (
				224281A6BD8FC96C15842DC0 /* Debug */,
				7B083790ABEB8391B5A40C82 /* Release */,
			);
			defaultConfigurationIsVisible = 0;
			defaultConfigurationName = Release;
		};
		6B6518EC167C528E1CC9BE07 /* Build configuration list for PBXNativeTarget "Pino-iOSTests" */ = {
			isa = XCConfigurationList;
			buildConfigurations = (
				7651F5C9499B813D4EF201EF /* Debug */,
				326094F11CFBB79B529B22C7 /* Release */,
			);
			defaultConfigurationIsVisible = 0;
			defaultConfigurationName = Release;
		};
		8551383759BECA79C9F7F85D /* Build configuration list for PBXProject "Pino-iOS" */ = {
			isa = XCConfigurationList;
			buildConfigurations = (
				18C0C7105E9F47F5CEC08BAB /* Debug */,
				F393FE673BB9F54B6A3CF074 /* Release */,
			);
			defaultConfigurationIsVisible = 0;
			defaultConfigurationName = Release;
		};
		EE46D7586D2BB3F3472DCBF5 /* Build configuration list for PBXNativeTarget "Pino-iOSUITests" */ = {
			isa = XCConfigurationList;
			buildConfigurations = (
				D6E9BFF79FB2B0241EF47EB3 /* Debug */,
				B7A1A216F88ED9C8ECF1C97A /* Release */,
			);
			defaultConfigurationIsVisible = 0;
			defaultConfigurationName = Release;
		};
/* End XCConfigurationList section */

/* Begin XCRemoteSwiftPackageReference section */
		FFD111B1E4C4DA637EA34C0D /* XCRemoteSwiftPackageReference "firebase-ios-sdk" */ = {
			isa = XCRemoteSwiftPackageReference;
			repositoryURL = "https://github.com/firebase/firebase-ios-sdk";
			requirement = {
				kind = upToNextMajorVersion;
				minimumVersion = 9.0.0;
			};
		};
/* End XCRemoteSwiftPackageReference section */
	};
	rootObject = 5939E0FFBB001767AF40C17F /* Project object */;
}
