// !$*UTF8*$!
{
	archiveVersion = 1;
	classes = {
	};
	objectVersion = 51;
	objects = {

/* Begin PBXBuildFile section */
		005F3B57F1D6613142864FE3 /* IntroCollectionView.swift in Sources */ = {isa = PBXBuildFile; fileRef = F26EA5E9A3BD2E8CF89669A9 /* IntroCollectionView.swift */; };
		02DF93FE57661E220F5EFAAA /* PPPangramSans-LightReclined.ttf in Resources */ = {isa = PBXBuildFile; fileRef = 6533175C792A5B71C376C9CD /* PPPangramSans-LightReclined.ttf */; };
		0A972ECB0BD4D36DDB793993 /* Pino_iOSUITestsLaunchTests.swift in Sources */ = {isa = PBXBuildFile; fileRef = 9C2ABE7B20EDB691025C536E /* Pino_iOSUITestsLaunchTests.swift */; };
		15A1DA694D1E9C595492510B /* PinoCheckBox.swift in Sources */ = {isa = PBXBuildFile; fileRef = F1FBD227A0D3DC2EF5DB6E84 /* PinoCheckBox.swift */; };
		162A040B61E06C06036B90AA /* ImportSecretPhraseViewController.swift in Sources */ = {isa = PBXBuildFile; fileRef = 2313F6A26DF7137CFC73E569 /* ImportSecretPhraseViewController.swift */; };
		1662A76B30586FAA733D2485 /* ManagePasscodeView.swift in Sources */ = {isa = PBXBuildFile; fileRef = 60CC8EF0EF60D8F3495C99D9 /* ManagePasscodeView.swift */; };
		18C54F3B6EBDABEE44A2EE38 /* PassDotsView.swift in Sources */ = {isa = PBXBuildFile; fileRef = AC2E22A31D93A847D276469C /* PassDotsView.swift */; };
		19298A031E87524AE3CA1FFE /* PassManagmentError.swift in Sources */ = {isa = PBXBuildFile; fileRef = B0A98F0ABFA6C9FD248C2DE5 /* PassManagmentError.swift */; };
		1B7D25A69FB55D4EAC14A392 /* BoldStyle.swift in Sources */ = {isa = PBXBuildFile; fileRef = 8F7E138148E3838B0ABB336D /* BoldStyle.swift */; };
		1F73812756988538BC594057 /* LaunchScreen.storyboard in Resources */ = {isa = PBXBuildFile; fileRef = 5952BFBE13B5028BDF1E686D /* LaunchScreen.storyboard */; };
		2191112109FDB1FDFC11BBEF /* PPPangramSans-ExtraboldItalic.ttf in Resources */ = {isa = PBXBuildFile; fileRef = EF5ED712FA2B8E57F30351AA /* PPPangramSans-ExtraboldItalic.ttf */; };
		2289E0FF104397FF935D01CA /* CreatePasscodeViewController.swift in Sources */ = {isa = PBXBuildFile; fileRef = 49E6044B3133279044347AAB /* CreatePasscodeViewController.swift */; };
		25BF49CF523EA1322C6FC4EB /* PPPangramSans-Regular.ttf in Resources */ = {isa = PBXBuildFile; fileRef = C31426AD24C3B8759699C644 /* PPPangramSans-Regular.ttf */; };
		27F373C49EEA49E197B5865B /* SuggestedSeedPhraseCollectionView.swift in Sources */ = {isa = PBXBuildFile; fileRef = 16890A55EC951553E41B01BF /* SuggestedSeedPhraseCollectionView.swift */; };
		2AB4A59631E800A56E8D7019 /* VerifySecretPhraseViewController.swift in Sources */ = {isa = PBXBuildFile; fileRef = 35BB9A8607075650037333ED /* VerifySecretPhraseViewController.swift */; };
		325E592A9AA1B24C522EA47F /* MediumStyle.swift in Sources */ = {isa = PBXBuildFile; fileRef = 860A5D67C58E6FF224570BFE /* MediumStyle.swift */; };
		3ACA10D15DD3199674C38954 /* PinoButtonStyle.swift in Sources */ = {isa = PBXBuildFile; fileRef = 55E1101FD968CD52ACD11718 /* PinoButtonStyle.swift */; };
		3D47F14ECA2A8CAE61061F57 /* PPPangramSans-LightItalic.ttf in Resources */ = {isa = PBXBuildFile; fileRef = DEF9234B1A724D51BE836376 /* PPPangramSans-LightItalic.ttf */; };
		3E662780BD00EA17918ACFD5 /* VerifySecretPhraseView.swift in Sources */ = {isa = PBXBuildFile; fileRef = 6FE1A2F4B6F62E6CA978E2C9 /* VerifySecretPhraseView.swift */; };
		3F5CA0D4250559CA8E6348A7 /* SecretPhraseCell.swift in Sources */ = {isa = PBXBuildFile; fileRef = D3C3D6BEAA1E2BB676C4C365 /* SecretPhraseCell.swift */; };
		41B9F1002F97DF04A075D75D /* PinoStepperView.swift in Sources */ = {isa = PBXBuildFile; fileRef = 262D77EFE984EBA7A19D23DC /* PinoStepperView.swift */; };
		4B11A37EFBC364216C874C3A /* PasscodeManagerPages.swift in Sources */ = {isa = PBXBuildFile; fileRef = 496281AFD4EF86516A20F9AC /* PasscodeManagerPages.swift */; };
		4C7FBB094D7EA8820D1F4D69 /* ViewController+Extension.swift in Sources */ = {isa = PBXBuildFile; fileRef = B33656AE9BB6138666D2E679 /* ViewController+Extension.swift */; };
		4CEF60EEF4EB1F6FFF04D23D /* PinoColor.swift in Sources */ = {isa = PBXBuildFile; fileRef = 69B08E01F8697BCB86DF01F6 /* PinoColor.swift */; };
		51F472CF1A7E5D15F58A5CF5 /* PPPangramSans-RegularItalic.ttf in Resources */ = {isa = PBXBuildFile; fileRef = B2CAFAD80E0F8FFD621B92AC /* PPPangramSans-RegularItalic.ttf */; };
		55CBB37768826DE00CDAF5FB /* PinoLabel.swift in Sources */ = {isa = PBXBuildFile; fileRef = 1248800A47DD9BD31AA1488B /* PinoLabel.swift */; };
		573B9CC132B99D6A4599ABA4 /* IntroView.swift in Sources */ = {isa = PBXBuildFile; fileRef = 434A9798F83DD4E75F637B39 /* IntroView.swift */; };
		57ECDF0DC250B2B933FC0C12 /* IntroModel.swift in Sources */ = {isa = PBXBuildFile; fileRef = 7061A61ED78C6DBF65128299 /* IntroModel.swift */; };
		5C7D03371E4699726A77F3B4 /* Pods_Pino_iOS.framework in Frameworks */ = {isa = PBXBuildFile; fileRef = 0D3663D66AFEE8B477D0561E /* Pods_Pino_iOS.framework */; };
		5ED1362DD243A8E87A1B1176 /* PPPangramSans-Light.ttf in Resources */ = {isa = PBXBuildFile; fileRef = 56B86857945EBDDBE2116217 /* PPPangramSans-Light.ttf */; };
		5EE0E5234E3B8EC9E142C1E3 /* Pods_Pino_iOSTests.framework in Frameworks */ = {isa = PBXBuildFile; fileRef = 3EA2C3DF250ACFE571ECE051 /* Pods_Pino_iOSTests.framework */; };
		603801F8EB639D52C3B9862D /* SecretPhraseViewModel.swift in Sources */ = {isa = PBXBuildFile; fileRef = 8C5567D0820C063CA79DD8B6 /* SecretPhraseViewModel.swift */; };
		62227423FCF2309039BB6FAC /* PPPangramSans-Extralight.ttf in Resources */ = {isa = PBXBuildFile; fileRef = 75ADAFE23081B750B20B7F27 /* PPPangramSans-Extralight.ttf */; };
		643BAB8ABDEFDA509D258D94 /* SceneDelegate.swift in Sources */ = {isa = PBXBuildFile; fileRef = B3BDF4D66564915FBD19B9A4 /* SceneDelegate.swift */; };
		6493F198BF5B402E4D922A79 /* PPPangramSans-SemiboldItalic.ttf in Resources */ = {isa = PBXBuildFile; fileRef = 1055FF6B587AAF1786CDA125 /* PPPangramSans-SemiboldItalic.ttf */; };
		6C3ACBB9EEE454EC433A907D /* PinoLabelStyle.swift in Sources */ = {isa = PBXBuildFile; fileRef = 2CE296532DABA81FAA3B00A3 /* PinoLabelStyle.swift */; };
		710BFFE4625F76FC84268937 /* PPPangramSans-ExtralightItalic.ttf in Resources */ = {isa = PBXBuildFile; fileRef = 068F5D74F8B1876B22DD2AC0 /* PPPangramSans-ExtralightItalic.ttf */; };
		79073EE50BEA80FAE0356625 /* PPPangramSans-ExtralightReclined.ttf in Resources */ = {isa = PBXBuildFile; fileRef = D7D3566CBF0C2E2689423E90 /* PPPangramSans-ExtralightReclined.ttf */; };
		7AFCB70AED932B537B2526BA /* SuggestedSeedPhraseCell.swift in Sources */ = {isa = PBXBuildFile; fileRef = 43B1B389406C5573B61F1680 /* SuggestedSeedPhraseCell.swift */; };
		7C0A3AF81DFE67829149BBBE /* CreateWalletUITests.swift in Sources */ = {isa = PBXBuildFile; fileRef = A63629240845E89034EB1956 /* CreateWalletUITests.swift */; };
		7E45AD240D43DE9C36722FA9 /* ImportSecretPhraseView.swift in Sources */ = {isa = PBXBuildFile; fileRef = F3DDA2A2F853819E7A5BBEBD /* ImportSecretPhraseView.swift */; };
		7EF39D36E9F29CF1D5317815 /* ShowSecretPhraseViewController.swift in Sources */ = {isa = PBXBuildFile; fileRef = 036971FC14A4E7F7A98AA820 /* ShowSecretPhraseViewController.swift */; };
		7EF5AA653545082C4C0D04EF /* PinoButton.swift in Sources */ = {isa = PBXBuildFile; fileRef = 74657FA0D994E06D0289F3A4 /* PinoButton.swift */; };
		7F59BB0C6DAAC2B010D1AB7F /* KeychainHelper.swift in Sources */ = {isa = PBXBuildFile; fileRef = C5AFDF060E381B9453B01D3A /* KeychainHelper.swift */; };
		8136D82666D326D1258AAB23 /* IntroCollectionViewCell.swift in Sources */ = {isa = PBXBuildFile; fileRef = 8D15DF390F4BD63D288018C0 /* IntroCollectionViewCell.swift */; };
		822D161496971BD8810457B7 /* PPPangramSans-Medium.ttf in Resources */ = {isa = PBXBuildFile; fileRef = BDFE5537D79C7116114C45E6 /* PPPangramSans-Medium.ttf */; };
		825CA7D8BA6E45A3D5A28A12 /* KeychainWrapperProtocol.swift in Sources */ = {isa = PBXBuildFile; fileRef = 24229F313641948C73439197 /* KeychainWrapperProtocol.swift */; };
		84D88149949C0D8A0E7C2BF5 /* PPPangramSans-BoldReclined.ttf in Resources */ = {isa = PBXBuildFile; fileRef = B106F2028FD8799A5277CE30 /* PPPangramSans-BoldReclined.ttf */; };
		858596F6A073F29FF9BB7033 /* PinoFont.swift in Sources */ = {isa = PBXBuildFile; fileRef = 8EEAF1A6DB0A8C3F3D5F8742 /* PinoFont.swift */; };
		86D4513B773F1FB66F3EEC2F /* SecretPhraseTextView.swift in Sources */ = {isa = PBXBuildFile; fileRef = E2CBD33B7DE3C32A7A021983 /* SecretPhraseTextView.swift */; };
		879CCE498D1A04C8EDE64430 /* PPPangramSans-Bold.ttf in Resources */ = {isa = PBXBuildFile; fileRef = C054674B5A17E87E59B6946F /* PPPangramSans-Bold.ttf */; };
		9131F7218905C2F4AFD3CDE7 /* PinoCheckBoxStyle.swift in Sources */ = {isa = PBXBuildFile; fileRef = 27234FAA3BF23A48ABC72E43 /* PinoCheckBoxStyle.swift */; };
		917064233A24F0460102BC15 /* Array+Extension.swift in Sources */ = {isa = PBXBuildFile; fileRef = 12D527D8AB60BF6A7C1EA2D9 /* Array+Extension.swift */; };
		95FDAD52A5F074AE7EB93FA7 /* VerifyPasscodeViewController.swift in Sources */ = {isa = PBXBuildFile; fileRef = 4FEBAA143C0CBACFC7C3C540 /* VerifyPasscodeViewController.swift */; };
		96160B40B100795826377FD7 /* Pods_Pino_iOS_Pino_iOSUITests.framework in Frameworks */ = {isa = PBXBuildFile; fileRef = 869FF316FDE996A104CD7300 /* Pods_Pino_iOS_Pino_iOSUITests.framework */; };
		98BE800916D21F73292FF843 /* AllDoneView.swift in Sources */ = {isa = PBXBuildFile; fileRef = 561CE18A1D40CF48DD37718D /* AllDoneView.swift */; };
		9AD896368BEA2DF5FD408FDF /* PPPangramSans-MediumItalic.ttf in Resources */ = {isa = PBXBuildFile; fileRef = 742C62AB6E73DB2037B72C61 /* PPPangramSans-MediumItalic.ttf */; };
		9E0ACBAA708443DAA342F127 /* ShowSecretPhraseView.swift in Sources */ = {isa = PBXBuildFile; fileRef = 8C3B14FD336269726E93D903 /* ShowSecretPhraseView.swift */; };
		9F374A025E01D130ECA95384 /* CreatePasscodeUITests.swift in Sources */ = {isa = PBXBuildFile; fileRef = 939D3C65704892C0B83453C5 /* CreatePasscodeUITests.swift */; };
		A56FBAD2E31C10F504631CD6 /* AppDelegate.swift in Sources */ = {isa = PBXBuildFile; fileRef = 49D17DC5FE81A16A6E44C346 /* AppDelegate.swift */; };
		A57E4F2D75D4BAAB0F29A83B /* RegularStyle.swift in Sources */ = {isa = PBXBuildFile; fileRef = 7BF855A1A34B8BFA442582D3 /* RegularStyle.swift */; };
		A6BFD6F684AF4BA205C23CE7 /* Pino_iOS.xcdatamodeld in Sources */ = {isa = PBXBuildFile; fileRef = 281840026D1004B10CE8DAFD /* Pino_iOS.xcdatamodeld */; };
		A895518EB79CEB4B5CD8758A /* PPPangramSans-BoldItalic.ttf in Resources */ = {isa = PBXBuildFile; fileRef = F1B4ADB676ED9AAC2196899E /* PPPangramSans-BoldItalic.ttf */; };
		A9DD712BF1A1511733B479FA /* LaunchSettings.swift in Sources */ = {isa = PBXBuildFile; fileRef = EC80E0DF7C9912485736BC47 /* LaunchSettings.swift */; };
		A9F646376FF00EFCBE4E1F19 /* AlertHelper.swift in Sources */ = {isa = PBXBuildFile; fileRef = 6710F2AE386548BC8BF46278 /* AlertHelper.swift */; };
		AE47F248DD308C61B717B086 /* PPPangramSans-Semibold.ttf in Resources */ = {isa = PBXBuildFile; fileRef = 1F488BFAA1B7C30ABB20FD7B /* PPPangramSans-Semibold.ttf */; };
		B5021409923FBC4DF43B6138 /* PPPangramSans-RegularReclined.ttf in Resources */ = {isa = PBXBuildFile; fileRef = 55CD7DABDCFD6941F9E22E49 /* PPPangramSans-RegularReclined.ttf */; };
		B986F3B51CE73D69417A51FF /* BlurEffectView.swift in Sources */ = {isa = PBXBuildFile; fileRef = 0A353D68057FE946A083C7BD /* BlurEffectView.swift */; };
		BA45498BC5E24EE8ACDA819E /* PPPangramSans-SemiboldReclined.ttf in Resources */ = {isa = PBXBuildFile; fileRef = AACC44FE53317ADAF4E94A03 /* PPPangramSans-SemiboldReclined.ttf */; };
		BB737A7216F658EFFE43401C /* PPPangramSans-ExtraboldReclined.ttf in Resources */ = {isa = PBXBuildFile; fileRef = 3F052F464B4443A09B569492 /* PPPangramSans-ExtraboldReclined.ttf */; };
		BE0298425EE581BCD1427E66 /* SeedPhrase.swift in Sources */ = {isa = PBXBuildFile; fileRef = 13F01FFCBD31C04D6482A18D /* SeedPhrase.swift */; };
		BF6452CE7D0A190C9E9ED3E1 /* AutolayoutHelper.swift in Sources */ = {isa = PBXBuildFile; fileRef = 636666E7A7E66F5616275610 /* AutolayoutHelper.swift */; };
		C0BFA5D21284FA2DAEA8A6CE /* ImportWalletUITests.swift in Sources */ = {isa = PBXBuildFile; fileRef = 7FD0D9155FD8F0605BFF14EB /* ImportWalletUITests.swift */; };
		C0EFB630D048FF1DA7B3865E /* SecretPhraseCollectionView.swift in Sources */ = {isa = PBXBuildFile; fileRef = 6AE3047953274F84F278D6E2 /* SecretPhraseCollectionView.swift */; };
		C1485F1CA88A7831A2C42841 /* ValidateSecretPhraseViewModel.swift in Sources */ = {isa = PBXBuildFile; fileRef = 14D421B17FF703EA22AC26EB /* ValidateSecretPhraseViewModel.swift */; };
		C24E36E3E6B2C4A8D1CA3665 /* Pino_iOSTests.swift in Sources */ = {isa = PBXBuildFile; fileRef = 1697E9251687D7B285EFCB53 /* Pino_iOSTests.swift */; };
		C7947A17B0833FA7A202FA92 /* PPPangramSans-MediumReclined.ttf in Resources */ = {isa = PBXBuildFile; fileRef = 86F8C6EC31E9AE1094243D0B /* PPPangramSans-MediumReclined.ttf */; };
		D50E904CB4FBD07E10DE3E9B /* PPPangramSans-ThinItalic.ttf in Resources */ = {isa = PBXBuildFile; fileRef = 76670736A779E64FF9997E82 /* PPPangramSans-ThinItalic.ttf */; };
		D9C98A30A53552D609C21A5F /* SecretPhraseCenteredFlowLayout.swift in Sources */ = {isa = PBXBuildFile; fileRef = 2D019B18DF5F1D3DD916A674 /* SecretPhraseCenteredFlowLayout.swift */; };
		DC74CB48AE9A2EF8F7AD3EC1 /* Assets.xcassets in Resources */ = {isa = PBXBuildFile; fileRef = C27C5CD593A5978426386378 /* Assets.xcassets */; };
		DCDFA16F77D853E7E0ED4BF0 /* IntroViewController.swift in Sources */ = {isa = PBXBuildFile; fileRef = 201E443C45DC7F5EB7613BF8 /* IntroViewController.swift */; };
		DE33FFB7D492FA770FF9FB5C /* SemiboldStyle.swift in Sources */ = {isa = PBXBuildFile; fileRef = 50080A9D2083CDB39EEB969A /* SemiboldStyle.swift */; };
		EB0A89CA5CD87C0FE83A682B /* PasscodeManagerService.swift in Sources */ = {isa = PBXBuildFile; fileRef = 4486671985C3EC4841BF82AF /* PasscodeManagerService.swift */; };
		EBA1601988AA04370AE94791 /* AllDoneViewController.swift in Sources */ = {isa = PBXBuildFile; fileRef = A9C8C9AD3A61D2706444C024 /* AllDoneViewController.swift */; };
		EE23BD62B18C9118376A405C /* PPPangramSans-ThinReclined.ttf in Resources */ = {isa = PBXBuildFile; fileRef = A7C48BF270C9A3E1CA6D9F33 /* PPPangramSans-ThinReclined.ttf */; };
		EFC5F586A70E988F98620A79 /* PPPangramSans-Thin.ttf in Resources */ = {isa = PBXBuildFile; fileRef = CC36053D1265CD704BF7F722 /* PPPangramSans-Thin.ttf */; };
		F29B5E085D9D0D99354034C9 /* StringProtocol+Extension.swift in Sources */ = {isa = PBXBuildFile; fileRef = 7D476E770DF75B119476A1AC /* StringProtocol+Extension.swift */; };
		F3430AE24EEEB1670B7106BE /* SelectPassVM.swift in Sources */ = {isa = PBXBuildFile; fileRef = 2E4872C546EAEEAD3DBBE6FA /* SelectPassVM.swift */; };
		F7D22B022E9C48DDF930FAD9 /* SeedPhraseMock.swift in Sources */ = {isa = PBXBuildFile; fileRef = 5B485AFB6815162BF8CD215C /* SeedPhraseMock.swift */; };
		F7F412AB1C12DC7FFEB64775 /* ImportWalletError.swift in Sources */ = {isa = PBXBuildFile; fileRef = 5FA2EB1AAD5E3DB7E9DDA1A3 /* ImportWalletError.swift */; };
		F898663D57CF432E4DED6F31 /* VerifyPassVM.swift in Sources */ = {isa = PBXBuildFile; fileRef = 1807DDC04F9776F0E4072308 /* VerifyPassVM.swift */; };
		FBEBDE533CAA644C5EF987A1 /* HDWallet+Extension.swift in Sources */ = {isa = PBXBuildFile; fileRef = BB7713B677A7921CBCB8CCCF /* HDWallet+Extension.swift */; };
		FF58849FC74FCDF3DB174C34 /* PPPangramSans-Extrabold.ttf in Resources */ = {isa = PBXBuildFile; fileRef = D91B98B8A47DBAE96AE7956F /* PPPangramSans-Extrabold.ttf */; };
/* End PBXBuildFile section */

/* Begin PBXFileReference section */
		036971FC14A4E7F7A98AA820 /* ShowSecretPhraseViewController.swift */ = {isa = PBXFileReference; lastKnownFileType = sourcecode.swift; path = ShowSecretPhraseViewController.swift; sourceTree = "<group>"; };
		068F5D74F8B1876B22DD2AC0 /* PPPangramSans-ExtralightItalic.ttf */ = {isa = PBXFileReference; lastKnownFileType = file; path = "PPPangramSans-ExtralightItalic.ttf"; sourceTree = "<group>"; };
		0A353D68057FE946A083C7BD /* BlurEffectView.swift */ = {isa = PBXFileReference; lastKnownFileType = sourcecode.swift; path = BlurEffectView.swift; sourceTree = "<group>"; };
		0D3663D66AFEE8B477D0561E /* Pods_Pino_iOS.framework */ = {isa = PBXFileReference; explicitFileType = wrapper.framework; includeInIndex = 0; path = Pods_Pino_iOS.framework; sourceTree = BUILT_PRODUCTS_DIR; };
		1055FF6B587AAF1786CDA125 /* PPPangramSans-SemiboldItalic.ttf */ = {isa = PBXFileReference; lastKnownFileType = file; path = "PPPangramSans-SemiboldItalic.ttf"; sourceTree = "<group>"; };
		1248800A47DD9BD31AA1488B /* PinoLabel.swift */ = {isa = PBXFileReference; lastKnownFileType = sourcecode.swift; path = PinoLabel.swift; sourceTree = "<group>"; };
		12D527D8AB60BF6A7C1EA2D9 /* Array+Extension.swift */ = {isa = PBXFileReference; lastKnownFileType = sourcecode.swift; path = "Array+Extension.swift"; sourceTree = "<group>"; };
		13F01FFCBD31C04D6482A18D /* SeedPhrase.swift */ = {isa = PBXFileReference; lastKnownFileType = sourcecode.swift; path = SeedPhrase.swift; sourceTree = "<group>"; };
		14D421B17FF703EA22AC26EB /* ValidateSecretPhraseViewModel.swift */ = {isa = PBXFileReference; lastKnownFileType = sourcecode.swift; path = ValidateSecretPhraseViewModel.swift; sourceTree = "<group>"; };
		16890A55EC951553E41B01BF /* SuggestedSeedPhraseCollectionView.swift */ = {isa = PBXFileReference; lastKnownFileType = sourcecode.swift; path = SuggestedSeedPhraseCollectionView.swift; sourceTree = "<group>"; };
		1697E9251687D7B285EFCB53 /* Pino_iOSTests.swift */ = {isa = PBXFileReference; lastKnownFileType = sourcecode.swift; path = Pino_iOSTests.swift; sourceTree = "<group>"; };
		1807DDC04F9776F0E4072308 /* VerifyPassVM.swift */ = {isa = PBXFileReference; lastKnownFileType = sourcecode.swift; path = VerifyPassVM.swift; sourceTree = "<group>"; };
		1F488BFAA1B7C30ABB20FD7B /* PPPangramSans-Semibold.ttf */ = {isa = PBXFileReference; lastKnownFileType = file; path = "PPPangramSans-Semibold.ttf"; sourceTree = "<group>"; };
		201E443C45DC7F5EB7613BF8 /* IntroViewController.swift */ = {isa = PBXFileReference; lastKnownFileType = sourcecode.swift; path = IntroViewController.swift; sourceTree = "<group>"; };
		2313F6A26DF7137CFC73E569 /* ImportSecretPhraseViewController.swift */ = {isa = PBXFileReference; lastKnownFileType = sourcecode.swift; path = ImportSecretPhraseViewController.swift; sourceTree = "<group>"; };
		24229F313641948C73439197 /* KeychainWrapperProtocol.swift */ = {isa = PBXFileReference; lastKnownFileType = sourcecode.swift; path = KeychainWrapperProtocol.swift; sourceTree = "<group>"; };
		262D77EFE984EBA7A19D23DC /* PinoStepperView.swift */ = {isa = PBXFileReference; lastKnownFileType = sourcecode.swift; path = PinoStepperView.swift; sourceTree = "<group>"; };
		27234FAA3BF23A48ABC72E43 /* PinoCheckBoxStyle.swift */ = {isa = PBXFileReference; lastKnownFileType = sourcecode.swift; path = PinoCheckBoxStyle.swift; sourceTree = "<group>"; };
		2CE296532DABA81FAA3B00A3 /* PinoLabelStyle.swift */ = {isa = PBXFileReference; lastKnownFileType = sourcecode.swift; path = PinoLabelStyle.swift; sourceTree = "<group>"; };
		2D019B18DF5F1D3DD916A674 /* SecretPhraseCenteredFlowLayout.swift */ = {isa = PBXFileReference; lastKnownFileType = sourcecode.swift; path = SecretPhraseCenteredFlowLayout.swift; sourceTree = "<group>"; };
		2E4872C546EAEEAD3DBBE6FA /* SelectPassVM.swift */ = {isa = PBXFileReference; lastKnownFileType = sourcecode.swift; path = SelectPassVM.swift; sourceTree = "<group>"; };
		316806725EC6E12AE510EDAC /* Pods-Pino-iOSTests.debug.xcconfig */ = {isa = PBXFileReference; includeInIndex = 1; lastKnownFileType = text.xcconfig; name = "Pods-Pino-iOSTests.debug.xcconfig"; path = "Target Support Files/Pods-Pino-iOSTests/Pods-Pino-iOSTests.debug.xcconfig"; sourceTree = "<group>"; };
		35BB9A8607075650037333ED /* VerifySecretPhraseViewController.swift */ = {isa = PBXFileReference; lastKnownFileType = sourcecode.swift; path = VerifySecretPhraseViewController.swift; sourceTree = "<group>"; };
		3EA2C3DF250ACFE571ECE051 /* Pods_Pino_iOSTests.framework */ = {isa = PBXFileReference; explicitFileType = wrapper.framework; includeInIndex = 0; path = Pods_Pino_iOSTests.framework; sourceTree = BUILT_PRODUCTS_DIR; };
		3F052F464B4443A09B569492 /* PPPangramSans-ExtraboldReclined.ttf */ = {isa = PBXFileReference; lastKnownFileType = file; path = "PPPangramSans-ExtraboldReclined.ttf"; sourceTree = "<group>"; };
		434A9798F83DD4E75F637B39 /* IntroView.swift */ = {isa = PBXFileReference; lastKnownFileType = sourcecode.swift; path = IntroView.swift; sourceTree = "<group>"; };
		43B1B389406C5573B61F1680 /* SuggestedSeedPhraseCell.swift */ = {isa = PBXFileReference; lastKnownFileType = sourcecode.swift; path = SuggestedSeedPhraseCell.swift; sourceTree = "<group>"; };
		4486671985C3EC4841BF82AF /* PasscodeManagerService.swift */ = {isa = PBXFileReference; lastKnownFileType = sourcecode.swift; path = PasscodeManagerService.swift; sourceTree = "<group>"; };
		496281AFD4EF86516A20F9AC /* PasscodeManagerPages.swift */ = {isa = PBXFileReference; lastKnownFileType = sourcecode.swift; path = PasscodeManagerPages.swift; sourceTree = "<group>"; };
		498FC52DF41D7E004492622F /* Pods-Pino-iOS.release.xcconfig */ = {isa = PBXFileReference; includeInIndex = 1; lastKnownFileType = text.xcconfig; name = "Pods-Pino-iOS.release.xcconfig"; path = "Target Support Files/Pods-Pino-iOS/Pods-Pino-iOS.release.xcconfig"; sourceTree = "<group>"; };
		49D17DC5FE81A16A6E44C346 /* AppDelegate.swift */ = {isa = PBXFileReference; lastKnownFileType = sourcecode.swift; path = AppDelegate.swift; sourceTree = "<group>"; };
		49E6044B3133279044347AAB /* CreatePasscodeViewController.swift */ = {isa = PBXFileReference; lastKnownFileType = sourcecode.swift; path = CreatePasscodeViewController.swift; sourceTree = "<group>"; };
		4FEBAA143C0CBACFC7C3C540 /* VerifyPasscodeViewController.swift */ = {isa = PBXFileReference; lastKnownFileType = sourcecode.swift; path = VerifyPasscodeViewController.swift; sourceTree = "<group>"; };
		50080A9D2083CDB39EEB969A /* SemiboldStyle.swift */ = {isa = PBXFileReference; lastKnownFileType = sourcecode.swift; path = SemiboldStyle.swift; sourceTree = "<group>"; };
		55CD7DABDCFD6941F9E22E49 /* PPPangramSans-RegularReclined.ttf */ = {isa = PBXFileReference; lastKnownFileType = file; path = "PPPangramSans-RegularReclined.ttf"; sourceTree = "<group>"; };
		55E1101FD968CD52ACD11718 /* PinoButtonStyle.swift */ = {isa = PBXFileReference; lastKnownFileType = sourcecode.swift; path = PinoButtonStyle.swift; sourceTree = "<group>"; };
		561CE18A1D40CF48DD37718D /* AllDoneView.swift */ = {isa = PBXFileReference; lastKnownFileType = sourcecode.swift; path = AllDoneView.swift; sourceTree = "<group>"; };
		56B86857945EBDDBE2116217 /* PPPangramSans-Light.ttf */ = {isa = PBXFileReference; lastKnownFileType = file; path = "PPPangramSans-Light.ttf"; sourceTree = "<group>"; };
		5B485AFB6815162BF8CD215C /* SeedPhraseMock.swift */ = {isa = PBXFileReference; lastKnownFileType = sourcecode.swift; path = SeedPhraseMock.swift; sourceTree = "<group>"; };
		5EFC7CBAB68C417D56B4764A /* Pino_iOS.xcdatamodel */ = {isa = PBXFileReference; lastKnownFileType = wrapper.xcdatamodel; path = Pino_iOS.xcdatamodel; sourceTree = "<group>"; };
		5FA2EB1AAD5E3DB7E9DDA1A3 /* ImportWalletError.swift */ = {isa = PBXFileReference; lastKnownFileType = sourcecode.swift; path = ImportWalletError.swift; sourceTree = "<group>"; };
		60CC8EF0EF60D8F3495C99D9 /* ManagePasscodeView.swift */ = {isa = PBXFileReference; lastKnownFileType = sourcecode.swift; path = ManagePasscodeView.swift; sourceTree = "<group>"; };
		636666E7A7E66F5616275610 /* AutolayoutHelper.swift */ = {isa = PBXFileReference; lastKnownFileType = sourcecode.swift; path = AutolayoutHelper.swift; sourceTree = "<group>"; };
		6533175C792A5B71C376C9CD /* PPPangramSans-LightReclined.ttf */ = {isa = PBXFileReference; lastKnownFileType = file; path = "PPPangramSans-LightReclined.ttf"; sourceTree = "<group>"; };
		6710F2AE386548BC8BF46278 /* AlertHelper.swift */ = {isa = PBXFileReference; lastKnownFileType = sourcecode.swift; path = AlertHelper.swift; sourceTree = "<group>"; };
		69B08E01F8697BCB86DF01F6 /* PinoColor.swift */ = {isa = PBXFileReference; lastKnownFileType = sourcecode.swift; path = PinoColor.swift; sourceTree = "<group>"; };
		69F80E5332D902C3DF82DC4A /* Pino-iOSTests.xctest */ = {isa = PBXFileReference; includeInIndex = 0; lastKnownFileType = wrapper.cfbundle; path = "Pino-iOSTests.xctest"; sourceTree = BUILT_PRODUCTS_DIR; };
		6AE3047953274F84F278D6E2 /* SecretPhraseCollectionView.swift */ = {isa = PBXFileReference; lastKnownFileType = sourcecode.swift; path = SecretPhraseCollectionView.swift; sourceTree = "<group>"; };
		6FE1A2F4B6F62E6CA978E2C9 /* VerifySecretPhraseView.swift */ = {isa = PBXFileReference; lastKnownFileType = sourcecode.swift; path = VerifySecretPhraseView.swift; sourceTree = "<group>"; };
		7061A61ED78C6DBF65128299 /* IntroModel.swift */ = {isa = PBXFileReference; lastKnownFileType = sourcecode.swift; path = IntroModel.swift; sourceTree = "<group>"; };
		742C62AB6E73DB2037B72C61 /* PPPangramSans-MediumItalic.ttf */ = {isa = PBXFileReference; lastKnownFileType = file; path = "PPPangramSans-MediumItalic.ttf"; sourceTree = "<group>"; };
		74657FA0D994E06D0289F3A4 /* PinoButton.swift */ = {isa = PBXFileReference; lastKnownFileType = sourcecode.swift; path = PinoButton.swift; sourceTree = "<group>"; };
		75ADAFE23081B750B20B7F27 /* PPPangramSans-Extralight.ttf */ = {isa = PBXFileReference; lastKnownFileType = file; path = "PPPangramSans-Extralight.ttf"; sourceTree = "<group>"; };
		76670736A779E64FF9997E82 /* PPPangramSans-ThinItalic.ttf */ = {isa = PBXFileReference; lastKnownFileType = file; path = "PPPangramSans-ThinItalic.ttf"; sourceTree = "<group>"; };
		7BF855A1A34B8BFA442582D3 /* RegularStyle.swift */ = {isa = PBXFileReference; lastKnownFileType = sourcecode.swift; path = RegularStyle.swift; sourceTree = "<group>"; };
		7D476E770DF75B119476A1AC /* StringProtocol+Extension.swift */ = {isa = PBXFileReference; lastKnownFileType = sourcecode.swift; path = "StringProtocol+Extension.swift"; sourceTree = "<group>"; };
		7FD0D9155FD8F0605BFF14EB /* ImportWalletUITests.swift */ = {isa = PBXFileReference; lastKnownFileType = sourcecode.swift; path = ImportWalletUITests.swift; sourceTree = "<group>"; };
		82D5E3044E4C099432F479B4 /* Pods-Pino-iOS-Pino-iOSUITests.debug.xcconfig */ = {isa = PBXFileReference; includeInIndex = 1; lastKnownFileType = text.xcconfig; name = "Pods-Pino-iOS-Pino-iOSUITests.debug.xcconfig"; path = "Target Support Files/Pods-Pino-iOS-Pino-iOSUITests/Pods-Pino-iOS-Pino-iOSUITests.debug.xcconfig"; sourceTree = "<group>"; };
		860A5D67C58E6FF224570BFE /* MediumStyle.swift */ = {isa = PBXFileReference; lastKnownFileType = sourcecode.swift; path = MediumStyle.swift; sourceTree = "<group>"; };
		869FF316FDE996A104CD7300 /* Pods_Pino_iOS_Pino_iOSUITests.framework */ = {isa = PBXFileReference; explicitFileType = wrapper.framework; includeInIndex = 0; path = Pods_Pino_iOS_Pino_iOSUITests.framework; sourceTree = BUILT_PRODUCTS_DIR; };
		86F8C6EC31E9AE1094243D0B /* PPPangramSans-MediumReclined.ttf */ = {isa = PBXFileReference; lastKnownFileType = file; path = "PPPangramSans-MediumReclined.ttf"; sourceTree = "<group>"; };
		8709B718DBC4F0CE1F89E4E2 /* Pino-iOS.app */ = {isa = PBXFileReference; includeInIndex = 0; lastKnownFileType = wrapper.application; path = "Pino-iOS.app"; sourceTree = BUILT_PRODUCTS_DIR; };
		8C3B14FD336269726E93D903 /* ShowSecretPhraseView.swift */ = {isa = PBXFileReference; lastKnownFileType = sourcecode.swift; path = ShowSecretPhraseView.swift; sourceTree = "<group>"; };
		8C5567D0820C063CA79DD8B6 /* SecretPhraseViewModel.swift */ = {isa = PBXFileReference; lastKnownFileType = sourcecode.swift; path = SecretPhraseViewModel.swift; sourceTree = "<group>"; };
		8D15DF390F4BD63D288018C0 /* IntroCollectionViewCell.swift */ = {isa = PBXFileReference; lastKnownFileType = sourcecode.swift; path = IntroCollectionViewCell.swift; sourceTree = "<group>"; };
		8EEAF1A6DB0A8C3F3D5F8742 /* PinoFont.swift */ = {isa = PBXFileReference; lastKnownFileType = sourcecode.swift; path = PinoFont.swift; sourceTree = "<group>"; };
		8F7E138148E3838B0ABB336D /* BoldStyle.swift */ = {isa = PBXFileReference; lastKnownFileType = sourcecode.swift; path = BoldStyle.swift; sourceTree = "<group>"; };
		939D3C65704892C0B83453C5 /* CreatePasscodeUITests.swift */ = {isa = PBXFileReference; lastKnownFileType = sourcecode.swift; path = CreatePasscodeUITests.swift; sourceTree = "<group>"; };
		9B6A22C6A6ED067D1E972A57 /* Pods-Pino-iOS-Pino-iOSUITests.release.xcconfig */ = {isa = PBXFileReference; includeInIndex = 1; lastKnownFileType = text.xcconfig; name = "Pods-Pino-iOS-Pino-iOSUITests.release.xcconfig"; path = "Target Support Files/Pods-Pino-iOS-Pino-iOSUITests/Pods-Pino-iOS-Pino-iOSUITests.release.xcconfig"; sourceTree = "<group>"; };
		9C2ABE7B20EDB691025C536E /* Pino_iOSUITestsLaunchTests.swift */ = {isa = PBXFileReference; lastKnownFileType = sourcecode.swift; path = Pino_iOSUITestsLaunchTests.swift; sourceTree = "<group>"; };
		A63629240845E89034EB1956 /* CreateWalletUITests.swift */ = {isa = PBXFileReference; lastKnownFileType = sourcecode.swift; path = CreateWalletUITests.swift; sourceTree = "<group>"; };
		A7C48BF270C9A3E1CA6D9F33 /* PPPangramSans-ThinReclined.ttf */ = {isa = PBXFileReference; lastKnownFileType = file; path = "PPPangramSans-ThinReclined.ttf"; sourceTree = "<group>"; };
		A9C8C9AD3A61D2706444C024 /* AllDoneViewController.swift */ = {isa = PBXFileReference; lastKnownFileType = sourcecode.swift; path = AllDoneViewController.swift; sourceTree = "<group>"; };
		AACC44FE53317ADAF4E94A03 /* PPPangramSans-SemiboldReclined.ttf */ = {isa = PBXFileReference; lastKnownFileType = file; path = "PPPangramSans-SemiboldReclined.ttf"; sourceTree = "<group>"; };
		AC2E22A31D93A847D276469C /* PassDotsView.swift */ = {isa = PBXFileReference; lastKnownFileType = sourcecode.swift; path = PassDotsView.swift; sourceTree = "<group>"; };
		B0A98F0ABFA6C9FD248C2DE5 /* PassManagmentError.swift */ = {isa = PBXFileReference; lastKnownFileType = sourcecode.swift; path = PassManagmentError.swift; sourceTree = "<group>"; };
		B106F2028FD8799A5277CE30 /* PPPangramSans-BoldReclined.ttf */ = {isa = PBXFileReference; lastKnownFileType = file; path = "PPPangramSans-BoldReclined.ttf"; sourceTree = "<group>"; };
		B2CAFAD80E0F8FFD621B92AC /* PPPangramSans-RegularItalic.ttf */ = {isa = PBXFileReference; lastKnownFileType = file; path = "PPPangramSans-RegularItalic.ttf"; sourceTree = "<group>"; };
		B33656AE9BB6138666D2E679 /* ViewController+Extension.swift */ = {isa = PBXFileReference; lastKnownFileType = sourcecode.swift; path = "ViewController+Extension.swift"; sourceTree = "<group>"; };
		B3BDF4D66564915FBD19B9A4 /* SceneDelegate.swift */ = {isa = PBXFileReference; lastKnownFileType = sourcecode.swift; path = SceneDelegate.swift; sourceTree = "<group>"; };
		B40D6EF0262990FF33E91CCD /* Pino-iOSUITests.xctest */ = {isa = PBXFileReference; includeInIndex = 0; lastKnownFileType = wrapper.cfbundle; path = "Pino-iOSUITests.xctest"; sourceTree = BUILT_PRODUCTS_DIR; };
		BB7713B677A7921CBCB8CCCF /* HDWallet+Extension.swift */ = {isa = PBXFileReference; lastKnownFileType = sourcecode.swift; path = "HDWallet+Extension.swift"; sourceTree = "<group>"; };
		BDFE5537D79C7116114C45E6 /* PPPangramSans-Medium.ttf */ = {isa = PBXFileReference; lastKnownFileType = file; path = "PPPangramSans-Medium.ttf"; sourceTree = "<group>"; };
		BFC3B9E264E8F124DA58AF54 /* Pods-Pino-iOSTests.release.xcconfig */ = {isa = PBXFileReference; includeInIndex = 1; lastKnownFileType = text.xcconfig; name = "Pods-Pino-iOSTests.release.xcconfig"; path = "Target Support Files/Pods-Pino-iOSTests/Pods-Pino-iOSTests.release.xcconfig"; sourceTree = "<group>"; };
		C054674B5A17E87E59B6946F /* PPPangramSans-Bold.ttf */ = {isa = PBXFileReference; lastKnownFileType = file; path = "PPPangramSans-Bold.ttf"; sourceTree = "<group>"; };
		C27C5CD593A5978426386378 /* Assets.xcassets */ = {isa = PBXFileReference; lastKnownFileType = folder.assetcatalog; path = Assets.xcassets; sourceTree = "<group>"; };
		C31426AD24C3B8759699C644 /* PPPangramSans-Regular.ttf */ = {isa = PBXFileReference; lastKnownFileType = file; path = "PPPangramSans-Regular.ttf"; sourceTree = "<group>"; };
		C5AFDF060E381B9453B01D3A /* KeychainHelper.swift */ = {isa = PBXFileReference; lastKnownFileType = sourcecode.swift; path = KeychainHelper.swift; sourceTree = "<group>"; };
		CC36053D1265CD704BF7F722 /* PPPangramSans-Thin.ttf */ = {isa = PBXFileReference; lastKnownFileType = file; path = "PPPangramSans-Thin.ttf"; sourceTree = "<group>"; };
		CD24E4CF946F73B8812F6696 /* Pods-Pino-iOS.debug.xcconfig */ = {isa = PBXFileReference; includeInIndex = 1; lastKnownFileType = text.xcconfig; name = "Pods-Pino-iOS.debug.xcconfig"; path = "Target Support Files/Pods-Pino-iOS/Pods-Pino-iOS.debug.xcconfig"; sourceTree = "<group>"; };
		D3C3D6BEAA1E2BB676C4C365 /* SecretPhraseCell.swift */ = {isa = PBXFileReference; lastKnownFileType = sourcecode.swift; path = SecretPhraseCell.swift; sourceTree = "<group>"; };
		D7D3566CBF0C2E2689423E90 /* PPPangramSans-ExtralightReclined.ttf */ = {isa = PBXFileReference; lastKnownFileType = file; path = "PPPangramSans-ExtralightReclined.ttf"; sourceTree = "<group>"; };
		D91B98B8A47DBAE96AE7956F /* PPPangramSans-Extrabold.ttf */ = {isa = PBXFileReference; lastKnownFileType = file; path = "PPPangramSans-Extrabold.ttf"; sourceTree = "<group>"; };
		DEF9234B1A724D51BE836376 /* PPPangramSans-LightItalic.ttf */ = {isa = PBXFileReference; lastKnownFileType = file; path = "PPPangramSans-LightItalic.ttf"; sourceTree = "<group>"; };
		E2CBD33B7DE3C32A7A021983 /* SecretPhraseTextView.swift */ = {isa = PBXFileReference; lastKnownFileType = sourcecode.swift; path = SecretPhraseTextView.swift; sourceTree = "<group>"; };
		E5039C2C00BEB653F3B0D399 /* Base */ = {isa = PBXFileReference; lastKnownFileType = file.storyboard; name = Base; path = Base.lproj/LaunchScreen.storyboard; sourceTree = "<group>"; };
		EA71EC229911D193381225AB /* Info.plist */ = {isa = PBXFileReference; lastKnownFileType = text.plist; path = Info.plist; sourceTree = "<group>"; };
		EC80E0DF7C9912485736BC47 /* LaunchSettings.swift */ = {isa = PBXFileReference; lastKnownFileType = sourcecode.swift; path = LaunchSettings.swift; sourceTree = "<group>"; };
		EF5ED712FA2B8E57F30351AA /* PPPangramSans-ExtraboldItalic.ttf */ = {isa = PBXFileReference; lastKnownFileType = file; path = "PPPangramSans-ExtraboldItalic.ttf"; sourceTree = "<group>"; };
		F1B4ADB676ED9AAC2196899E /* PPPangramSans-BoldItalic.ttf */ = {isa = PBXFileReference; lastKnownFileType = file; path = "PPPangramSans-BoldItalic.ttf"; sourceTree = "<group>"; };
		F1FBD227A0D3DC2EF5DB6E84 /* PinoCheckBox.swift */ = {isa = PBXFileReference; lastKnownFileType = sourcecode.swift; path = PinoCheckBox.swift; sourceTree = "<group>"; };
		F26EA5E9A3BD2E8CF89669A9 /* IntroCollectionView.swift */ = {isa = PBXFileReference; lastKnownFileType = sourcecode.swift; path = IntroCollectionView.swift; sourceTree = "<group>"; };
		F3DDA2A2F853819E7A5BBEBD /* ImportSecretPhraseView.swift */ = {isa = PBXFileReference; lastKnownFileType = sourcecode.swift; path = ImportSecretPhraseView.swift; sourceTree = "<group>"; };
/* End PBXFileReference section */

/* Begin PBXFrameworksBuildPhase section */
		EB435CAB47C66616F93FC6FF /* Frameworks */ = {
			isa = PBXFrameworksBuildPhase;
			buildActionMask = 2147483647;
			files = (
				5EE0E5234E3B8EC9E142C1E3 /* Pods_Pino_iOSTests.framework in Frameworks */,
			);
			runOnlyForDeploymentPostprocessing = 0;
		};
		EBA7279424611E1282160D82 /* Frameworks */ = {
			isa = PBXFrameworksBuildPhase;
			buildActionMask = 2147483647;
			files = (
				96160B40B100795826377FD7 /* Pods_Pino_iOS_Pino_iOSUITests.framework in Frameworks */,
			);
			runOnlyForDeploymentPostprocessing = 0;
		};
		FEF0784647B8D71579E2695B /* Frameworks */ = {
			isa = PBXFrameworksBuildPhase;
			buildActionMask = 2147483647;
			files = (
				5C7D03371E4699726A77F3B4 /* Pods_Pino_iOS.framework in Frameworks */,
			);
			runOnlyForDeploymentPostprocessing = 0;
		};
/* End PBXFrameworksBuildPhase section */

/* Begin PBXGroup section */
		003A926B6A7FCC04DB681BCA /* Pino-iOSUITests */ = {
			isa = PBXGroup;
			children = (
				939A8889E73CA87DF2FC1E15 /* Launch */,
				46D4240E9B4A36B315CAEEB8 /* Wallet */,
			);
			path = "Pino-iOSUITests";
			sourceTree = "<group>";
		};
		02F7EC4A2D81621079530268 /* DesignSystem */ = {
			isa = PBXGroup;
			children = (
				454AFE7F0BDC59A5CA92FB2B /* Button */,
				52B01938BA713C20BBDAD165 /* CheckBox */,
				2A49E5F5C22C3E760C88D1F4 /* Color */,
				BF1F9424921ABEE617444686 /* Label */,
				7A20D213409A0FB263C8C645 /* Stepper */,
				83C1CBBD3388262B0A9FBCF8 /* Typography */,
			);
			path = DesignSystem;
			sourceTree = "<group>";
		};
		151BB1B5F14D4004A888D11A /* Mock */ = {
			isa = PBXGroup;
			children = (
				5B485AFB6815162BF8CD215C /* SeedPhraseMock.swift */,
			);
			path = Mock;
			sourceTree = "<group>";
		};
		186B1800FE670C586D11FE31 /* Flows */ = {
			isa = PBXGroup;
			children = (
				32E1CE558C320367E35BA80F /* ImportWallet */,
			);
			path = Flows;
			sourceTree = "<group>";
		};
		1B88648136D42E0C98667219 /* PasscodeManage */ = {
			isa = PBXGroup;
			children = (
				80FC352850CE472FD8F4760C /* Error */,
				A42EF73766FC6477F19EDAB2 /* Protocols */,
				55DD314BA52CA1A70E3410CF /* View */,
				3A0810DE27C07B5E2123F394 /* ViewController */,
				CB177C6AAB6B339FC63AEF15 /* ViewModel */,
			);
			path = PasscodeManage;
			sourceTree = "<group>";
		};
		1D13366B966864F971A82F68 /* Resources */ = {
			isa = PBXGroup;
			children = (
				C27C5CD593A5978426386378 /* Assets.xcassets */,
				941DD7FB51B23C52ED61480C /* Fonts */,
			);
			path = Resources;
			sourceTree = "<group>";
		};
		1F574BD7E5BA9952845C29CF /* App */ = {
			isa = PBXGroup;
			children = (
				49D17DC5FE81A16A6E44C346 /* AppDelegate.swift */,
				EA71EC229911D193381225AB /* Info.plist */,
				EC80E0DF7C9912485736BC47 /* LaunchSettings.swift */,
				B3BDF4D66564915FBD19B9A4 /* SceneDelegate.swift */,
			);
			path = App;
			sourceTree = "<group>";
		};
		2277E1FFDD10A1C98A64D20C = {
			isa = PBXGroup;
			children = (
				23F1BD4FAC784DB47F844F5D /* Pino-iOS */,
				BF60D065B05ED69B89F714A0 /* Pino-iOSTests */,
				003A926B6A7FCC04DB681BCA /* Pino-iOSUITests */,
				2821FB9CEE9F9B9E6BAE9FD7 /* Products */,
				DDDEA7C6E8402C5B20E08861 /* Pods */,
				6E23DCD1CD9C54F3C7C8F5B0 /* Frameworks */,
			);
			sourceTree = "<group>";
		};
		23F1BD4FAC784DB47F844F5D /* Pino-iOS */ = {
			isa = PBXGroup;
			children = (
				5952BFBE13B5028BDF1E686D /* LaunchScreen.storyboard */,
				1F574BD7E5BA9952845C29CF /* App */,
				02F7EC4A2D81621079530268 /* DesignSystem */,
				5363AEA6EDCA8D7801AD3050 /* Extensions */,
				2FA22488D62B1AF3C6FD3600 /* Flows */,
				B306C5049CC723CBB7E23D2B /* Models */,
				1D13366B966864F971A82F68 /* Resources */,
				B2318BBF6E8BBE00B7D2266B /* Service */,
				47EC6C484A284C6D6403248A /* Utility */,
			);
			path = "Pino-iOS";
			sourceTree = "<group>";
		};
		2821FB9CEE9F9B9E6BAE9FD7 /* Products */ = {
			isa = PBXGroup;
			children = (
				8709B718DBC4F0CE1F89E4E2 /* Pino-iOS.app */,
				69F80E5332D902C3DF82DC4A /* Pino-iOSTests.xctest */,
				B40D6EF0262990FF33E91CCD /* Pino-iOSUITests.xctest */,
			);
			name = Products;
			sourceTree = "<group>";
		};
		2A49E5F5C22C3E760C88D1F4 /* Color */ = {
			isa = PBXGroup;
			children = (
				69B08E01F8697BCB86DF01F6 /* PinoColor.swift */,
			);
			path = Color;
			sourceTree = "<group>";
		};
		2E6015DD7671F8419307719D /* PasscodeManager */ = {
			isa = PBXGroup;
			children = (
				4486671985C3EC4841BF82AF /* PasscodeManagerService.swift */,
			);
			path = PasscodeManager;
			sourceTree = "<group>";
		};
		2FA22488D62B1AF3C6FD3600 /* Flows */ = {
			isa = PBXGroup;
			children = (
				A89A6C2070018D26DB03B77F /* CreateWallet */,
				DD08750F55028E7CBA0FD700 /* ImportWallet */,
				85D403BE30B0AA082A66F7C3 /* Intro */,
				1B88648136D42E0C98667219 /* PasscodeManage */,
			);
			path = Flows;
			sourceTree = "<group>";
		};
		2FCFAF3A804033313640F8D2 /* View Controller */ = {
			isa = PBXGroup;
			children = (
				2313F6A26DF7137CFC73E569 /* ImportSecretPhraseViewController.swift */,
			);
			path = "View Controller";
			sourceTree = "<group>";
		};
		32E1CE558C320367E35BA80F /* ImportWallet */ = {
			isa = PBXGroup;
			children = (
				2FCFAF3A804033313640F8D2 /* View Controller */,
			);
			path = ImportWallet;
			sourceTree = "<group>";
		};
		38676834CEF9017A65B5267B /* ViewController */ = {
			isa = PBXGroup;
			children = (
				201E443C45DC7F5EB7613BF8 /* IntroViewController.swift */,
			);
			path = ViewController;
			sourceTree = "<group>";
		};
		3A0810DE27C07B5E2123F394 /* ViewController */ = {
			isa = PBXGroup;
			children = (
				49E6044B3133279044347AAB /* CreatePasscodeViewController.swift */,
				4FEBAA143C0CBACFC7C3C540 /* VerifyPasscodeViewController.swift */,
			);
			path = ViewController;
			sourceTree = "<group>";
		};
		454AFE7F0BDC59A5CA92FB2B /* Button */ = {
			isa = PBXGroup;
			children = (
				74657FA0D994E06D0289F3A4 /* PinoButton.swift */,
				55E1101FD968CD52ACD11718 /* PinoButtonStyle.swift */,
			);
			path = Button;
			sourceTree = "<group>";
		};
		46D4240E9B4A36B315CAEEB8 /* Wallet */ = {
			isa = PBXGroup;
			children = (
				939D3C65704892C0B83453C5 /* CreatePasscodeUITests.swift */,
				A63629240845E89034EB1956 /* CreateWalletUITests.swift */,
				7FD0D9155FD8F0605BFF14EB /* ImportWalletUITests.swift */,
			);
			path = Wallet;
			sourceTree = "<group>";
		};
		47EC6C484A284C6D6403248A /* Utility */ = {
			isa = PBXGroup;
			children = (
				6710F2AE386548BC8BF46278 /* AlertHelper.swift */,
				636666E7A7E66F5616275610 /* AutolayoutHelper.swift */,
				0A353D68057FE946A083C7BD /* BlurEffectView.swift */,
			);
			path = Utility;
			sourceTree = "<group>";
		};
		52B01938BA713C20BBDAD165 /* CheckBox */ = {
			isa = PBXGroup;
			children = (
				F1FBD227A0D3DC2EF5DB6E84 /* PinoCheckBox.swift */,
				27234FAA3BF23A48ABC72E43 /* PinoCheckBoxStyle.swift */,
			);
			path = CheckBox;
			sourceTree = "<group>";
		};
		5363AEA6EDCA8D7801AD3050 /* Extensions */ = {
			isa = PBXGroup;
			children = (
				12D527D8AB60BF6A7C1EA2D9 /* Array+Extension.swift */,
				BB7713B677A7921CBCB8CCCF /* HDWallet+Extension.swift */,
				7D476E770DF75B119476A1AC /* StringProtocol+Extension.swift */,
				B33656AE9BB6138666D2E679 /* ViewController+Extension.swift */,
			);
			path = Extensions;
			sourceTree = "<group>";
		};
		53F1F50CFD25893639C952E1 /* ViewController */ = {
			isa = PBXGroup;
			children = (
				A9C8C9AD3A61D2706444C024 /* AllDoneViewController.swift */,
				036971FC14A4E7F7A98AA820 /* ShowSecretPhraseViewController.swift */,
				35BB9A8607075650037333ED /* VerifySecretPhraseViewController.swift */,
			);
			path = ViewController;
			sourceTree = "<group>";
		};
		54D0AAFC7ED8836C31AA2194 /* Model */ = {
			isa = PBXGroup;
			children = (
				7061A61ED78C6DBF65128299 /* IntroModel.swift */,
			);
			path = Model;
			sourceTree = "<group>";
		};
		55DD314BA52CA1A70E3410CF /* View */ = {
			isa = PBXGroup;
			children = (
				60CC8EF0EF60D8F3495C99D9 /* ManagePasscodeView.swift */,
				AC2E22A31D93A847D276469C /* PassDotsView.swift */,
			);
			path = View;
			sourceTree = "<group>";
		};
		61264EBDD5500DA48AD66EA6 /* View */ = {
			isa = PBXGroup;
			children = (
				F26EA5E9A3BD2E8CF89669A9 /* IntroCollectionView.swift */,
				8D15DF390F4BD63D288018C0 /* IntroCollectionViewCell.swift */,
				434A9798F83DD4E75F637B39 /* IntroView.swift */,
			);
			path = View;
			sourceTree = "<group>";
		};
		6999AA46025118C2E1D0C8A2 /* Pino-iOS */ = {
			isa = PBXGroup;
			children = (
				186B1800FE670C586D11FE31 /* Flows */,
			);
			path = "Pino-iOS";
			sourceTree = "<group>";
		};
		6E23DCD1CD9C54F3C7C8F5B0 /* Frameworks */ = {
			isa = PBXGroup;
			children = (
				0D3663D66AFEE8B477D0561E /* Pods_Pino_iOS.framework */,
				869FF316FDE996A104CD7300 /* Pods_Pino_iOS_Pino_iOSUITests.framework */,
				3EA2C3DF250ACFE571ECE051 /* Pods_Pino_iOSTests.framework */,
			);
			name = Frameworks;
			sourceTree = "<group>";
		};
		7A20D213409A0FB263C8C645 /* Stepper */ = {
			isa = PBXGroup;
			children = (
				262D77EFE984EBA7A19D23DC /* PinoStepperView.swift */,
			);
			path = Stepper;
			sourceTree = "<group>";
		};
		80FC352850CE472FD8F4760C /* Error */ = {
			isa = PBXGroup;
			children = (
				B0A98F0ABFA6C9FD248C2DE5 /* PassManagmentError.swift */,
			);
			path = Error;
			sourceTree = "<group>";
		};
		83C1CBBD3388262B0A9FBCF8 /* Typography */ = {
			isa = PBXGroup;
			children = (
				8F7E138148E3838B0ABB336D /* BoldStyle.swift */,
				860A5D67C58E6FF224570BFE /* MediumStyle.swift */,
				8EEAF1A6DB0A8C3F3D5F8742 /* PinoFont.swift */,
				7BF855A1A34B8BFA442582D3 /* RegularStyle.swift */,
				50080A9D2083CDB39EEB969A /* SemiboldStyle.swift */,
			);
			path = Typography;
			sourceTree = "<group>";
		};
		85D403BE30B0AA082A66F7C3 /* Intro */ = {
			isa = PBXGroup;
			children = (
				54D0AAFC7ED8836C31AA2194 /* Model */,
				61264EBDD5500DA48AD66EA6 /* View */,
				38676834CEF9017A65B5267B /* ViewController */,
			);
			path = Intro;
			sourceTree = "<group>";
		};
		939A8889E73CA87DF2FC1E15 /* Launch */ = {
			isa = PBXGroup;
			children = (
				9C2ABE7B20EDB691025C536E /* Pino_iOSUITestsLaunchTests.swift */,
			);
			path = Launch;
			sourceTree = "<group>";
		};
		941DD7FB51B23C52ED61480C /* Fonts */ = {
			isa = PBXGroup;
			children = (
				C054674B5A17E87E59B6946F /* PPPangramSans-Bold.ttf */,
				F1B4ADB676ED9AAC2196899E /* PPPangramSans-BoldItalic.ttf */,
				B106F2028FD8799A5277CE30 /* PPPangramSans-BoldReclined.ttf */,
				D91B98B8A47DBAE96AE7956F /* PPPangramSans-Extrabold.ttf */,
				EF5ED712FA2B8E57F30351AA /* PPPangramSans-ExtraboldItalic.ttf */,
				3F052F464B4443A09B569492 /* PPPangramSans-ExtraboldReclined.ttf */,
				75ADAFE23081B750B20B7F27 /* PPPangramSans-Extralight.ttf */,
				068F5D74F8B1876B22DD2AC0 /* PPPangramSans-ExtralightItalic.ttf */,
				D7D3566CBF0C2E2689423E90 /* PPPangramSans-ExtralightReclined.ttf */,
				56B86857945EBDDBE2116217 /* PPPangramSans-Light.ttf */,
				DEF9234B1A724D51BE836376 /* PPPangramSans-LightItalic.ttf */,
				6533175C792A5B71C376C9CD /* PPPangramSans-LightReclined.ttf */,
				BDFE5537D79C7116114C45E6 /* PPPangramSans-Medium.ttf */,
				742C62AB6E73DB2037B72C61 /* PPPangramSans-MediumItalic.ttf */,
				86F8C6EC31E9AE1094243D0B /* PPPangramSans-MediumReclined.ttf */,
				C31426AD24C3B8759699C644 /* PPPangramSans-Regular.ttf */,
				B2CAFAD80E0F8FFD621B92AC /* PPPangramSans-RegularItalic.ttf */,
				55CD7DABDCFD6941F9E22E49 /* PPPangramSans-RegularReclined.ttf */,
				1F488BFAA1B7C30ABB20FD7B /* PPPangramSans-Semibold.ttf */,
				1055FF6B587AAF1786CDA125 /* PPPangramSans-SemiboldItalic.ttf */,
				AACC44FE53317ADAF4E94A03 /* PPPangramSans-SemiboldReclined.ttf */,
				CC36053D1265CD704BF7F722 /* PPPangramSans-Thin.ttf */,
				76670736A779E64FF9997E82 /* PPPangramSans-ThinItalic.ttf */,
				A7C48BF270C9A3E1CA6D9F33 /* PPPangramSans-ThinReclined.ttf */,
			);
			path = Fonts;
			sourceTree = "<group>";
		};
		9C4B2AD2632F24E811F17E92 /* View */ = {
			isa = PBXGroup;
			children = (
				F3DDA2A2F853819E7A5BBEBD /* ImportSecretPhraseView.swift */,
				E2CBD33B7DE3C32A7A021983 /* SecretPhraseTextView.swift */,
				43B1B389406C5573B61F1680 /* SuggestedSeedPhraseCell.swift */,
				16890A55EC951553E41B01BF /* SuggestedSeedPhraseCollectionView.swift */,
			);
			path = View;
			sourceTree = "<group>";
		};
		A10A57F14584DA95F8BF80CA /* ViewModel */ = {
			isa = PBXGroup;
			children = (
				14D421B17FF703EA22AC26EB /* ValidateSecretPhraseViewModel.swift */,
			);
			path = ViewModel;
			sourceTree = "<group>";
		};
		A31709BCACB540E79DA80FEC /* ViewModel */ = {
			isa = PBXGroup;
			children = (
				8C5567D0820C063CA79DD8B6 /* SecretPhraseViewModel.swift */,
			);
			path = ViewModel;
			sourceTree = "<group>";
		};
		A3F63BE084D19B9230D3FC01 /* SecretPhrase */ = {
			isa = PBXGroup;
			children = (
				D3C3D6BEAA1E2BB676C4C365 /* SecretPhraseCell.swift */,
				2D019B18DF5F1D3DD916A674 /* SecretPhraseCenteredFlowLayout.swift */,
				6AE3047953274F84F278D6E2 /* SecretPhraseCollectionView.swift */,
				13F01FFCBD31C04D6482A18D /* SeedPhrase.swift */,
			);
			path = SecretPhrase;
			sourceTree = "<group>";
		};
		A42EF73766FC6477F19EDAB2 /* Protocols */ = {
			isa = PBXGroup;
			children = (
				496281AFD4EF86516A20F9AC /* PasscodeManagerPages.swift */,
			);
			path = Protocols;
			sourceTree = "<group>";
		};
		A89A6C2070018D26DB03B77F /* CreateWallet */ = {
			isa = PBXGroup;
			children = (
				AA214804D4628D804951E04D /* View */,
				53F1F50CFD25893639C952E1 /* ViewController */,
				A31709BCACB540E79DA80FEC /* ViewModel */,
			);
			path = CreateWallet;
			sourceTree = "<group>";
		};
		AA214804D4628D804951E04D /* View */ = {
			isa = PBXGroup;
			children = (
				561CE18A1D40CF48DD37718D /* AllDoneView.swift */,
				8C3B14FD336269726E93D903 /* ShowSecretPhraseView.swift */,
				6FE1A2F4B6F62E6CA978E2C9 /* VerifySecretPhraseView.swift */,
				A3F63BE084D19B9230D3FC01 /* SecretPhrase */,
			);
			path = View;
			sourceTree = "<group>";
		};
		AE1A7BBA49A7DA58DBF799B4 /* Error */ = {
			isa = PBXGroup;
			children = (
				5FA2EB1AAD5E3DB7E9DDA1A3 /* ImportWalletError.swift */,
			);
			path = Error;
			sourceTree = "<group>";
		};
		B2318BBF6E8BBE00B7D2266B /* Service */ = {
			isa = PBXGroup;
			children = (
				F45AF6BC6CE3964321C8F380 /* KeychainManager */,
				2E6015DD7671F8419307719D /* PasscodeManager */,
			);
			path = Service;
			sourceTree = "<group>";
		};
		B306C5049CC723CBB7E23D2B /* Models */ = {
			isa = PBXGroup;
			children = (
				281840026D1004B10CE8DAFD /* Pino_iOS.xcdatamodeld */,
			);
			path = Models;
			sourceTree = "<group>";
		};
		BF1F9424921ABEE617444686 /* Label */ = {
			isa = PBXGroup;
			children = (
				1248800A47DD9BD31AA1488B /* PinoLabel.swift */,
				2CE296532DABA81FAA3B00A3 /* PinoLabelStyle.swift */,
			);
			path = Label;
			sourceTree = "<group>";
		};
		BF60D065B05ED69B89F714A0 /* Pino-iOSTests */ = {
			isa = PBXGroup;
			children = (
				1697E9251687D7B285EFCB53 /* Pino_iOSTests.swift */,
				151BB1B5F14D4004A888D11A /* Mock */,
			);
			path = "Pino-iOSTests";
			sourceTree = "<group>";
		};
		CB177C6AAB6B339FC63AEF15 /* ViewModel */ = {
			isa = PBXGroup;
			children = (
				2E4872C546EAEEAD3DBBE6FA /* SelectPassVM.swift */,
				1807DDC04F9776F0E4072308 /* VerifyPassVM.swift */,
			);
			path = ViewModel;
			sourceTree = "<group>";
		};
		DD08750F55028E7CBA0FD700 /* ImportWallet */ = {
			isa = PBXGroup;
			children = (
				AE1A7BBA49A7DA58DBF799B4 /* Error */,
				6999AA46025118C2E1D0C8A2 /* Pino-iOS */,
				9C4B2AD2632F24E811F17E92 /* View */,
				A10A57F14584DA95F8BF80CA /* ViewModel */,
			);
			path = ImportWallet;
			sourceTree = "<group>";
		};
		DDDEA7C6E8402C5B20E08861 /* Pods */ = {
			isa = PBXGroup;
			children = (
				CD24E4CF946F73B8812F6696 /* Pods-Pino-iOS.debug.xcconfig */,
				498FC52DF41D7E004492622F /* Pods-Pino-iOS.release.xcconfig */,
				82D5E3044E4C099432F479B4 /* Pods-Pino-iOS-Pino-iOSUITests.debug.xcconfig */,
				9B6A22C6A6ED067D1E972A57 /* Pods-Pino-iOS-Pino-iOSUITests.release.xcconfig */,
				316806725EC6E12AE510EDAC /* Pods-Pino-iOSTests.debug.xcconfig */,
				BFC3B9E264E8F124DA58AF54 /* Pods-Pino-iOSTests.release.xcconfig */,
			);
			name = Pods;
			path = Pods;
			sourceTree = "<group>";
		};
		F45AF6BC6CE3964321C8F380 /* KeychainManager */ = {
			isa = PBXGroup;
			children = (
				C5AFDF060E381B9453B01D3A /* KeychainHelper.swift */,
				24229F313641948C73439197 /* KeychainWrapperProtocol.swift */,
			);
			path = KeychainManager;
			sourceTree = "<group>";
		};
/* End PBXGroup section */

/* Begin PBXNativeTarget section */
		76B66D03FC77A6B968427190 /* Pino-iOS */ = {
			isa = PBXNativeTarget;
			buildConfigurationList = 65C12F53E1AD046FA840632E /* Build configuration list for PBXNativeTarget "Pino-iOS" */;
			buildPhases = (
				32C8437C1CFE42E1528B4955 /* [CP] Check Pods Manifest.lock */,
				31EF4D935BDD78B5348A34D5 /* Sources */,
				76BA89512FCF3114FC9C7AE9 /* Resources */,
				FEF0784647B8D71579E2695B /* Frameworks */,
				CB4C8A72CFD8797AF4B28ACB /* [CP] Embed Pods Frameworks */,
			);
			buildRules = (
			);
			dependencies = (
			);
			name = "Pino-iOS";
			productName = "Pino-iOS";
			productReference = 8709B718DBC4F0CE1F89E4E2 /* Pino-iOS.app */;
			productType = "com.apple.product-type.application";
		};
		A7CDCF5E2B678210FB4DF98B /* Pino-iOSTests */ = {
			isa = PBXNativeTarget;
			buildConfigurationList = 6B6518EC167C528E1CC9BE07 /* Build configuration list for PBXNativeTarget "Pino-iOSTests" */;
			buildPhases = (
				44576E14C4DD02E125EE9A26 /* [CP] Check Pods Manifest.lock */,
				D1ED70C2ECF3B1FB44FE3240 /* Sources */,
				EB435CAB47C66616F93FC6FF /* Frameworks */,
			);
			buildRules = (
			);
			dependencies = (
			);
			name = "Pino-iOSTests";
			productName = "Pino-iOSTests";
			productReference = 69F80E5332D902C3DF82DC4A /* Pino-iOSTests.xctest */;
			productType = "com.apple.product-type.bundle.unit-test";
		};
		B000153529B2F9816B43109C /* Pino-iOSUITests */ = {
			isa = PBXNativeTarget;
			buildConfigurationList = EE46D7586D2BB3F3472DCBF5 /* Build configuration list for PBXNativeTarget "Pino-iOSUITests" */;
			buildPhases = (
				108CCC92AFB3406FD79BEE97 /* [CP] Check Pods Manifest.lock */,
				DF3F5A26D2D6406EDA43045B /* Sources */,
				EBA7279424611E1282160D82 /* Frameworks */,
				EE04B2ADCB2C16DB92D7D791 /* [CP] Embed Pods Frameworks */,
			);
			buildRules = (
			);
			dependencies = (
			);
			name = "Pino-iOSUITests";
			productName = "Pino-iOSUITests";
			productReference = B40D6EF0262990FF33E91CCD /* Pino-iOSUITests.xctest */;
			productType = "com.apple.product-type.bundle.ui-testing";
		};
/* End PBXNativeTarget section */

/* Begin PBXProject section */
		5939E0FFBB001767AF40C17F /* Project object */ = {
			isa = PBXProject;
			attributes = {
				LastUpgradeCheck = 1200;
				TargetAttributes = {
				};
			};
			buildConfigurationList = 8551383759BECA79C9F7F85D /* Build configuration list for PBXProject "Pino-iOS" */;
			compatibilityVersion = "Xcode 11.0";
			developmentRegion = en;
			hasScannedForEncodings = 0;
			knownRegions = (
				Base,
				en,
			);
			mainGroup = 2277E1FFDD10A1C98A64D20C;
			packageReferences = (
				FFD111B1E4C4DA637EA34C0D /* XCRemoteSwiftPackageReference "firebase-ios-sdk" */,
			);
			productRefGroup = 2821FB9CEE9F9B9E6BAE9FD7 /* Products */;
			projectDirPath = "";
			projectRoot = "";
			targets = (
				76B66D03FC77A6B968427190 /* Pino-iOS */,
				A7CDCF5E2B678210FB4DF98B /* Pino-iOSTests */,
				B000153529B2F9816B43109C /* Pino-iOSUITests */,
			);
		};
/* End PBXProject section */

/* Begin PBXResourcesBuildPhase section */
		76BA89512FCF3114FC9C7AE9 /* Resources */ = {
			isa = PBXResourcesBuildPhase;
			buildActionMask = 2147483647;
			files = (
				DC74CB48AE9A2EF8F7AD3EC1 /* Assets.xcassets in Resources */,
				1F73812756988538BC594057 /* LaunchScreen.storyboard in Resources */,
				879CCE498D1A04C8EDE64430 /* PPPangramSans-Bold.ttf in Resources */,
				A895518EB79CEB4B5CD8758A /* PPPangramSans-BoldItalic.ttf in Resources */,
				84D88149949C0D8A0E7C2BF5 /* PPPangramSans-BoldReclined.ttf in Resources */,
				FF58849FC74FCDF3DB174C34 /* PPPangramSans-Extrabold.ttf in Resources */,
				2191112109FDB1FDFC11BBEF /* PPPangramSans-ExtraboldItalic.ttf in Resources */,
				BB737A7216F658EFFE43401C /* PPPangramSans-ExtraboldReclined.ttf in Resources */,
				62227423FCF2309039BB6FAC /* PPPangramSans-Extralight.ttf in Resources */,
				710BFFE4625F76FC84268937 /* PPPangramSans-ExtralightItalic.ttf in Resources */,
				79073EE50BEA80FAE0356625 /* PPPangramSans-ExtralightReclined.ttf in Resources */,
				5ED1362DD243A8E87A1B1176 /* PPPangramSans-Light.ttf in Resources */,
				3D47F14ECA2A8CAE61061F57 /* PPPangramSans-LightItalic.ttf in Resources */,
				02DF93FE57661E220F5EFAAA /* PPPangramSans-LightReclined.ttf in Resources */,
				822D161496971BD8810457B7 /* PPPangramSans-Medium.ttf in Resources */,
				9AD896368BEA2DF5FD408FDF /* PPPangramSans-MediumItalic.ttf in Resources */,
				C7947A17B0833FA7A202FA92 /* PPPangramSans-MediumReclined.ttf in Resources */,
				25BF49CF523EA1322C6FC4EB /* PPPangramSans-Regular.ttf in Resources */,
				51F472CF1A7E5D15F58A5CF5 /* PPPangramSans-RegularItalic.ttf in Resources */,
				B5021409923FBC4DF43B6138 /* PPPangramSans-RegularReclined.ttf in Resources */,
				AE47F248DD308C61B717B086 /* PPPangramSans-Semibold.ttf in Resources */,
				6493F198BF5B402E4D922A79 /* PPPangramSans-SemiboldItalic.ttf in Resources */,
				BA45498BC5E24EE8ACDA819E /* PPPangramSans-SemiboldReclined.ttf in Resources */,
				EFC5F586A70E988F98620A79 /* PPPangramSans-Thin.ttf in Resources */,
				D50E904CB4FBD07E10DE3E9B /* PPPangramSans-ThinItalic.ttf in Resources */,
				EE23BD62B18C9118376A405C /* PPPangramSans-ThinReclined.ttf in Resources */,
			);
			runOnlyForDeploymentPostprocessing = 0;
		};
/* End PBXResourcesBuildPhase section */

/* Begin PBXShellScriptBuildPhase section */
		108CCC92AFB3406FD79BEE97 /* [CP] Check Pods Manifest.lock */ = {
			isa = PBXShellScriptBuildPhase;
			buildActionMask = 2147483647;
			files = (
			);
			inputFileListPaths = (
			);
			inputPaths = (
				"${PODS_PODFILE_DIR_PATH}/Podfile.lock",
				"${PODS_ROOT}/Manifest.lock",
			);
			name = "[CP] Check Pods Manifest.lock";
			outputFileListPaths = (
			);
			outputPaths = (
				"$(DERIVED_FILE_DIR)/Pods-Pino-iOS-Pino-iOSUITests-checkManifestLockResult.txt",
			);
			runOnlyForDeploymentPostprocessing = 0;
			shellPath = /bin/sh;
			shellScript = "diff \"${PODS_PODFILE_DIR_PATH}/Podfile.lock\" \"${PODS_ROOT}/Manifest.lock\" > /dev/null\nif [ $? != 0 ] ; then\n    # print error to STDERR\n    echo \"error: The sandbox is not in sync with the Podfile.lock. Run 'pod install' or update your CocoaPods installation.\" >&2\n    exit 1\nfi\n# This output is used by Xcode 'outputs' to avoid re-running this script phase.\necho \"SUCCESS\" > \"${SCRIPT_OUTPUT_FILE_0}\"\n";
			showEnvVarsInLog = 0;
		};
		32C8437C1CFE42E1528B4955 /* [CP] Check Pods Manifest.lock */ = {
			isa = PBXShellScriptBuildPhase;
			buildActionMask = 2147483647;
			files = (
			);
			inputFileListPaths = (
			);
			inputPaths = (
				"${PODS_PODFILE_DIR_PATH}/Podfile.lock",
				"${PODS_ROOT}/Manifest.lock",
			);
			name = "[CP] Check Pods Manifest.lock";
			outputFileListPaths = (
			);
			outputPaths = (
				"$(DERIVED_FILE_DIR)/Pods-Pino-iOS-checkManifestLockResult.txt",
			);
			runOnlyForDeploymentPostprocessing = 0;
			shellPath = /bin/sh;
			shellScript = "diff \"${PODS_PODFILE_DIR_PATH}/Podfile.lock\" \"${PODS_ROOT}/Manifest.lock\" > /dev/null\nif [ $? != 0 ] ; then\n    # print error to STDERR\n    echo \"error: The sandbox is not in sync with the Podfile.lock. Run 'pod install' or update your CocoaPods installation.\" >&2\n    exit 1\nfi\n# This output is used by Xcode 'outputs' to avoid re-running this script phase.\necho \"SUCCESS\" > \"${SCRIPT_OUTPUT_FILE_0}\"\n";
			showEnvVarsInLog = 0;
		};
		44576E14C4DD02E125EE9A26 /* [CP] Check Pods Manifest.lock */ = {
			isa = PBXShellScriptBuildPhase;
			buildActionMask = 2147483647;
			files = (
			);
			inputFileListPaths = (
			);
			inputPaths = (
				"${PODS_PODFILE_DIR_PATH}/Podfile.lock",
				"${PODS_ROOT}/Manifest.lock",
			);
			name = "[CP] Check Pods Manifest.lock";
			outputFileListPaths = (
			);
			outputPaths = (
				"$(DERIVED_FILE_DIR)/Pods-Pino-iOSTests-checkManifestLockResult.txt",
			);
			runOnlyForDeploymentPostprocessing = 0;
			shellPath = /bin/sh;
			shellScript = "diff \"${PODS_PODFILE_DIR_PATH}/Podfile.lock\" \"${PODS_ROOT}/Manifest.lock\" > /dev/null\nif [ $? != 0 ] ; then\n    # print error to STDERR\n    echo \"error: The sandbox is not in sync with the Podfile.lock. Run 'pod install' or update your CocoaPods installation.\" >&2\n    exit 1\nfi\n# This output is used by Xcode 'outputs' to avoid re-running this script phase.\necho \"SUCCESS\" > \"${SCRIPT_OUTPUT_FILE_0}\"\n";
			showEnvVarsInLog = 0;
		};
		CB4C8A72CFD8797AF4B28ACB /* [CP] Embed Pods Frameworks */ = {
			isa = PBXShellScriptBuildPhase;
			buildActionMask = 2147483647;
			files = (
			);
			inputFileListPaths = (
				"${PODS_ROOT}/Target Support Files/Pods-Pino-iOS/Pods-Pino-iOS-frameworks-${CONFIGURATION}-input-files.xcfilelist",
			);
			name = "[CP] Embed Pods Frameworks";
			outputFileListPaths = (
				"${PODS_ROOT}/Target Support Files/Pods-Pino-iOS/Pods-Pino-iOS-frameworks-${CONFIGURATION}-output-files.xcfilelist",
			);
			runOnlyForDeploymentPostprocessing = 0;
			shellPath = /bin/sh;
			shellScript = "\"${PODS_ROOT}/Target Support Files/Pods-Pino-iOS/Pods-Pino-iOS-frameworks.sh\"\n";
			showEnvVarsInLog = 0;
		};
		EE04B2ADCB2C16DB92D7D791 /* [CP] Embed Pods Frameworks */ = {
			isa = PBXShellScriptBuildPhase;
			buildActionMask = 2147483647;
			files = (
			);
			inputFileListPaths = (
				"${PODS_ROOT}/Target Support Files/Pods-Pino-iOS-Pino-iOSUITests/Pods-Pino-iOS-Pino-iOSUITests-frameworks-${CONFIGURATION}-input-files.xcfilelist",
			);
			name = "[CP] Embed Pods Frameworks";
			outputFileListPaths = (
				"${PODS_ROOT}/Target Support Files/Pods-Pino-iOS-Pino-iOSUITests/Pods-Pino-iOS-Pino-iOSUITests-frameworks-${CONFIGURATION}-output-files.xcfilelist",
			);
			runOnlyForDeploymentPostprocessing = 0;
			shellPath = /bin/sh;
			shellScript = "\"${PODS_ROOT}/Target Support Files/Pods-Pino-iOS-Pino-iOSUITests/Pods-Pino-iOS-Pino-iOSUITests-frameworks.sh\"\n";
			showEnvVarsInLog = 0;
		};
/* End PBXShellScriptBuildPhase section */

/* Begin PBXSourcesBuildPhase section */
		31EF4D935BDD78B5348A34D5 /* Sources */ = {
			isa = PBXSourcesBuildPhase;
			buildActionMask = 2147483647;
			files = (
				A9F646376FF00EFCBE4E1F19 /* AlertHelper.swift in Sources */,
				98BE800916D21F73292FF843 /* AllDoneView.swift in Sources */,
				EBA1601988AA04370AE94791 /* AllDoneViewController.swift in Sources */,
				A56FBAD2E31C10F504631CD6 /* AppDelegate.swift in Sources */,
				917064233A24F0460102BC15 /* Array+Extension.swift in Sources */,
				BF6452CE7D0A190C9E9ED3E1 /* AutolayoutHelper.swift in Sources */,
				B986F3B51CE73D69417A51FF /* BlurEffectView.swift in Sources */,
				1B7D25A69FB55D4EAC14A392 /* BoldStyle.swift in Sources */,
				2289E0FF104397FF935D01CA /* CreatePasscodeViewController.swift in Sources */,
				FBEBDE533CAA644C5EF987A1 /* HDWallet+Extension.swift in Sources */,
				7E45AD240D43DE9C36722FA9 /* ImportSecretPhraseView.swift in Sources */,
				162A040B61E06C06036B90AA /* ImportSecretPhraseViewController.swift in Sources */,
				F7F412AB1C12DC7FFEB64775 /* ImportWalletError.swift in Sources */,
				005F3B57F1D6613142864FE3 /* IntroCollectionView.swift in Sources */,
				8136D82666D326D1258AAB23 /* IntroCollectionViewCell.swift in Sources */,
				57ECDF0DC250B2B933FC0C12 /* IntroModel.swift in Sources */,
				573B9CC132B99D6A4599ABA4 /* IntroView.swift in Sources */,
				DCDFA16F77D853E7E0ED4BF0 /* IntroViewController.swift in Sources */,
				7F59BB0C6DAAC2B010D1AB7F /* KeychainHelper.swift in Sources */,
				825CA7D8BA6E45A3D5A28A12 /* KeychainWrapperProtocol.swift in Sources */,
				A9DD712BF1A1511733B479FA /* LaunchSettings.swift in Sources */,
				1662A76B30586FAA733D2485 /* ManagePasscodeView.swift in Sources */,
				325E592A9AA1B24C522EA47F /* MediumStyle.swift in Sources */,
				18C54F3B6EBDABEE44A2EE38 /* PassDotsView.swift in Sources */,
				19298A031E87524AE3CA1FFE /* PassManagmentError.swift in Sources */,
				4B11A37EFBC364216C874C3A /* PasscodeManagerPages.swift in Sources */,
				EB0A89CA5CD87C0FE83A682B /* PasscodeManagerService.swift in Sources */,
				7EF5AA653545082C4C0D04EF /* PinoButton.swift in Sources */,
				3ACA10D15DD3199674C38954 /* PinoButtonStyle.swift in Sources */,
				15A1DA694D1E9C595492510B /* PinoCheckBox.swift in Sources */,
				9131F7218905C2F4AFD3CDE7 /* PinoCheckBoxStyle.swift in Sources */,
				4CEF60EEF4EB1F6FFF04D23D /* PinoColor.swift in Sources */,
				858596F6A073F29FF9BB7033 /* PinoFont.swift in Sources */,
				55CBB37768826DE00CDAF5FB /* PinoLabel.swift in Sources */,
				6C3ACBB9EEE454EC433A907D /* PinoLabelStyle.swift in Sources */,
				41B9F1002F97DF04A075D75D /* PinoStepperView.swift in Sources */,
				A6BFD6F684AF4BA205C23CE7 /* Pino_iOS.xcdatamodeld in Sources */,
				A57E4F2D75D4BAAB0F29A83B /* RegularStyle.swift in Sources */,
				643BAB8ABDEFDA509D258D94 /* SceneDelegate.swift in Sources */,
				3F5CA0D4250559CA8E6348A7 /* SecretPhraseCell.swift in Sources */,
				D9C98A30A53552D609C21A5F /* SecretPhraseCenteredFlowLayout.swift in Sources */,
				C0EFB630D048FF1DA7B3865E /* SecretPhraseCollectionView.swift in Sources */,
				86D4513B773F1FB66F3EEC2F /* SecretPhraseTextView.swift in Sources */,
				603801F8EB639D52C3B9862D /* SecretPhraseViewModel.swift in Sources */,
				BE0298425EE581BCD1427E66 /* SeedPhrase.swift in Sources */,
				F3430AE24EEEB1670B7106BE /* SelectPassVM.swift in Sources */,
				DE33FFB7D492FA770FF9FB5C /* SemiboldStyle.swift in Sources */,
				9E0ACBAA708443DAA342F127 /* ShowSecretPhraseView.swift in Sources */,
				7EF39D36E9F29CF1D5317815 /* ShowSecretPhraseViewController.swift in Sources */,
				F29B5E085D9D0D99354034C9 /* StringProtocol+Extension.swift in Sources */,
				7AFCB70AED932B537B2526BA /* SuggestedSeedPhraseCell.swift in Sources */,
				27F373C49EEA49E197B5865B /* SuggestedSeedPhraseCollectionView.swift in Sources */,
				C1485F1CA88A7831A2C42841 /* ValidateSecretPhraseViewModel.swift in Sources */,
				F898663D57CF432E4DED6F31 /* VerifyPassVM.swift in Sources */,
				95FDAD52A5F074AE7EB93FA7 /* VerifyPasscodeViewController.swift in Sources */,
				3E662780BD00EA17918ACFD5 /* VerifySecretPhraseView.swift in Sources */,
				2AB4A59631E800A56E8D7019 /* VerifySecretPhraseViewController.swift in Sources */,
				4C7FBB094D7EA8820D1F4D69 /* ViewController+Extension.swift in Sources */,
			);
			runOnlyForDeploymentPostprocessing = 0;
		};
		D1ED70C2ECF3B1FB44FE3240 /* Sources */ = {
			isa = PBXSourcesBuildPhase;
			buildActionMask = 2147483647;
			files = (
				C24E36E3E6B2C4A8D1CA3665 /* Pino_iOSTests.swift in Sources */,
				F7D22B022E9C48DDF930FAD9 /* SeedPhraseMock.swift in Sources */,
			);
			runOnlyForDeploymentPostprocessing = 0;
		};
		DF3F5A26D2D6406EDA43045B /* Sources */ = {
			isa = PBXSourcesBuildPhase;
			buildActionMask = 2147483647;
			files = (
				9F374A025E01D130ECA95384 /* CreatePasscodeUITests.swift in Sources */,
				7C0A3AF81DFE67829149BBBE /* CreateWalletUITests.swift in Sources */,
				C0BFA5D21284FA2DAEA8A6CE /* ImportWalletUITests.swift in Sources */,
				0A972ECB0BD4D36DDB793993 /* Pino_iOSUITestsLaunchTests.swift in Sources */,
			);
			runOnlyForDeploymentPostprocessing = 0;
		};
/* End PBXSourcesBuildPhase section */

/* Begin PBXVariantGroup section */
		5952BFBE13B5028BDF1E686D /* LaunchScreen.storyboard */ = {
			isa = PBXVariantGroup;
			children = (
				E5039C2C00BEB653F3B0D399 /* Base */,
			);
			name = LaunchScreen.storyboard;
			sourceTree = "<group>";
		};
/* End PBXVariantGroup section */

/* Begin XCBuildConfiguration section */
		18C0C7105E9F47F5CEC08BAB /* Debug */ = {
			isa = XCBuildConfiguration;
			buildSettings = {
				ALWAYS_SEARCH_USER_PATHS = NO;
				CLANG_ANALYZER_NONNULL = YES;
				CLANG_ANALYZER_NUMBER_OBJECT_CONVERSION = YES_AGGRESSIVE;
				CLANG_CXX_LANGUAGE_STANDARD = "gnu++14";
				CLANG_CXX_LIBRARY = "libc++";
				CLANG_ENABLE_MODULES = YES;
				CLANG_ENABLE_OBJC_ARC = YES;
				CLANG_ENABLE_OBJC_WEAK = YES;
				CLANG_WARN_BLOCK_CAPTURE_AUTORELEASING = YES;
				CLANG_WARN_BOOL_CONVERSION = YES;
				CLANG_WARN_COMMA = YES;
				CLANG_WARN_CONSTANT_CONVERSION = YES;
				CLANG_WARN_DEPRECATED_OBJC_IMPLEMENTATIONS = YES;
				CLANG_WARN_DIRECT_OBJC_ISA_USAGE = YES_ERROR;
				CLANG_WARN_DOCUMENTATION_COMMENTS = YES;
				CLANG_WARN_EMPTY_BODY = YES;
				CLANG_WARN_ENUM_CONVERSION = YES;
				CLANG_WARN_INFINITE_RECURSION = YES;
				CLANG_WARN_INT_CONVERSION = YES;
				CLANG_WARN_NON_LITERAL_NULL_CONVERSION = YES;
				CLANG_WARN_OBJC_IMPLICIT_RETAIN_SELF = YES;
				CLANG_WARN_OBJC_LITERAL_CONVERSION = YES;
				CLANG_WARN_OBJC_ROOT_CLASS = YES_ERROR;
				CLANG_WARN_QUOTED_INCLUDE_IN_FRAMEWORK_HEADER = YES;
				CLANG_WARN_RANGE_LOOP_ANALYSIS = YES;
				CLANG_WARN_STRICT_PROTOTYPES = YES;
				CLANG_WARN_SUSPICIOUS_MOVE = YES;
				CLANG_WARN_UNGUARDED_AVAILABILITY = YES_AGGRESSIVE;
				CLANG_WARN_UNREACHABLE_CODE = YES;
				CLANG_WARN__DUPLICATE_METHOD_MATCH = YES;
				COPY_PHASE_STRIP = NO;
				CURRENT_PROJECT_VERSION = 1;
				DEBUG_INFORMATION_FORMAT = dwarf;
				ENABLE_STRICT_OBJC_MSGSEND = YES;
				ENABLE_TESTABILITY = YES;
				GCC_C_LANGUAGE_STANDARD = gnu11;
				GCC_DYNAMIC_NO_PIC = NO;
				GCC_NO_COMMON_BLOCKS = YES;
				GCC_OPTIMIZATION_LEVEL = 0;
				GCC_PREPROCESSOR_DEFINITIONS = (
					"$(inherited)",
					"DEBUG=1",
				);
				GCC_WARN_64_TO_32_BIT_CONVERSION = YES;
				GCC_WARN_ABOUT_RETURN_TYPE = YES_ERROR;
				GCC_WARN_UNDECLARED_SELECTOR = YES;
				GCC_WARN_UNINITIALIZED_AUTOS = YES_AGGRESSIVE;
				GCC_WARN_UNUSED_FUNCTION = YES;
				GCC_WARN_UNUSED_VARIABLE = YES;
				IPHONEOS_DEPLOYMENT_TARGET = 15.0;
				MARKETING_VERSION = 1.0.0;
				MTL_ENABLE_DEBUG_INFO = INCLUDE_SOURCE;
				MTL_FAST_MATH = YES;
				ONLY_ACTIVE_ARCH = YES;
				PRODUCT_NAME = "$(TARGET_NAME)";
				SDKROOT = iphoneos;
				SWIFT_ACTIVE_COMPILATION_CONDITIONS = DEBUG;
				SWIFT_OPTIMIZATION_LEVEL = "-Onone";
				SWIFT_VERSION = 5.0;
			};
			name = Debug;
		};
		224281A6BD8FC96C15842DC0 /* Debug */ = {
			isa = XCBuildConfiguration;
			baseConfigurationReference = CD24E4CF946F73B8812F6696 /* Pods-Pino-iOS.debug.xcconfig */;
			buildSettings = {
				ASSETCATALOG_COMPILER_APPICON_NAME = AppIcon;
				CODE_SIGN_IDENTITY = "iPhone Developer";
				DEBUG_MODE = YES;
				INFOPLIST_FILE = "Pino-iOS/App/Info.plist";
				LD_RUNPATH_SEARCH_PATHS = (
					"$(inherited)",
					"@executable_path/Frameworks",
				);
				PRODUCT_BUNDLE_IDENTIFIER = "com.aurora.pino.Pino-iOS";
				SDKROOT = iphoneos;
				TARGETED_DEVICE_FAMILY = "1,2";
			};
			name = Debug;
		};
		326094F11CFBB79B529B22C7 /* Release */ = {
			isa = XCBuildConfiguration;
			baseConfigurationReference = BFC3B9E264E8F124DA58AF54 /* Pods-Pino-iOSTests.release.xcconfig */;
			buildSettings = {
				BUNDLE_LOADER = "$(TEST_HOST)";
				LD_RUNPATH_SEARCH_PATHS = (
					"$(inherited)",
					"@executable_path/Frameworks",
					"@loader_path/Frameworks",
				);
				PRODUCT_BUNDLE_IDENTIFIER = "com.aurora.pino.Pino-iOSTests";
				SDKROOT = iphoneos;
				TARGETED_DEVICE_FAMILY = "1,2";
			};
			name = Release;
		};
		7651F5C9499B813D4EF201EF /* Debug */ = {
			isa = XCBuildConfiguration;
			baseConfigurationReference = 316806725EC6E12AE510EDAC /* Pods-Pino-iOSTests.debug.xcconfig */;
			buildSettings = {
				BUNDLE_LOADER = "$(TEST_HOST)";
				LD_RUNPATH_SEARCH_PATHS = (
					"$(inherited)",
					"@executable_path/Frameworks",
					"@loader_path/Frameworks",
				);
				PRODUCT_BUNDLE_IDENTIFIER = "com.aurora.pino.Pino-iOSTests";
				SDKROOT = iphoneos;
				TARGETED_DEVICE_FAMILY = "1,2";
			};
			name = Debug;
		};
		7B083790ABEB8391B5A40C82 /* Release */ = {
			isa = XCBuildConfiguration;
			baseConfigurationReference = 498FC52DF41D7E004492622F /* Pods-Pino-iOS.release.xcconfig */;
			buildSettings = {
				ASSETCATALOG_COMPILER_APPICON_NAME = AppIcon;
				CODE_SIGN_IDENTITY = "iPhone Developer";
				DEBUG_MODE = NO;
				INFOPLIST_FILE = "Pino-iOS/App/Info.plist";
				LD_RUNPATH_SEARCH_PATHS = (
					"$(inherited)",
					"@executable_path/Frameworks",
				);
				PRODUCT_BUNDLE_IDENTIFIER = "com.aurora.pino.Pino-iOS";
				SDKROOT = iphoneos;
				TARGETED_DEVICE_FAMILY = "1,2";
			};
			name = Release;
		};
		B7A1A216F88ED9C8ECF1C97A /* Release */ = {
			isa = XCBuildConfiguration;
			baseConfigurationReference = 9B6A22C6A6ED067D1E972A57 /* Pods-Pino-iOS-Pino-iOSUITests.release.xcconfig */;
			buildSettings = {
				BUNDLE_LOADER = "$(TEST_HOST)";
				LD_RUNPATH_SEARCH_PATHS = (
					"$(inherited)",
					"@executable_path/Frameworks",
					"@loader_path/Frameworks",
				);
				PRODUCT_BUNDLE_IDENTIFIER = "com.aurora.pino.Pino-iOSUITests";
				SDKROOT = iphoneos;
				TARGETED_DEVICE_FAMILY = "1,2";
			};
			name = Release;
		};
		D6E9BFF79FB2B0241EF47EB3 /* Debug */ = {
			isa = XCBuildConfiguration;
			baseConfigurationReference = 82D5E3044E4C099432F479B4 /* Pods-Pino-iOS-Pino-iOSUITests.debug.xcconfig */;
			buildSettings = {
				BUNDLE_LOADER = "$(TEST_HOST)";
				LD_RUNPATH_SEARCH_PATHS = (
					"$(inherited)",
					"@executable_path/Frameworks",
					"@loader_path/Frameworks",
				);
				PRODUCT_BUNDLE_IDENTIFIER = "com.aurora.pino.Pino-iOSUITests";
				SDKROOT = iphoneos;
				TARGETED_DEVICE_FAMILY = "1,2";
			};
			name = Debug;
		};
		F393FE673BB9F54B6A3CF074 /* Release */ = {
			isa = XCBuildConfiguration;
			buildSettings = {
				ALWAYS_SEARCH_USER_PATHS = NO;
				CLANG_ANALYZER_NONNULL = YES;
				CLANG_ANALYZER_NUMBER_OBJECT_CONVERSION = YES_AGGRESSIVE;
				CLANG_CXX_LANGUAGE_STANDARD = "gnu++14";
				CLANG_CXX_LIBRARY = "libc++";
				CLANG_ENABLE_MODULES = YES;
				CLANG_ENABLE_OBJC_ARC = YES;
				CLANG_ENABLE_OBJC_WEAK = YES;
				CLANG_WARN_BLOCK_CAPTURE_AUTORELEASING = YES;
				CLANG_WARN_BOOL_CONVERSION = YES;
				CLANG_WARN_COMMA = YES;
				CLANG_WARN_CONSTANT_CONVERSION = YES;
				CLANG_WARN_DEPRECATED_OBJC_IMPLEMENTATIONS = YES;
				CLANG_WARN_DIRECT_OBJC_ISA_USAGE = YES_ERROR;
				CLANG_WARN_DOCUMENTATION_COMMENTS = YES;
				CLANG_WARN_EMPTY_BODY = YES;
				CLANG_WARN_ENUM_CONVERSION = YES;
				CLANG_WARN_INFINITE_RECURSION = YES;
				CLANG_WARN_INT_CONVERSION = YES;
				CLANG_WARN_NON_LITERAL_NULL_CONVERSION = YES;
				CLANG_WARN_OBJC_IMPLICIT_RETAIN_SELF = YES;
				CLANG_WARN_OBJC_LITERAL_CONVERSION = YES;
				CLANG_WARN_OBJC_ROOT_CLASS = YES_ERROR;
				CLANG_WARN_QUOTED_INCLUDE_IN_FRAMEWORK_HEADER = YES;
				CLANG_WARN_RANGE_LOOP_ANALYSIS = YES;
				CLANG_WARN_STRICT_PROTOTYPES = YES;
				CLANG_WARN_SUSPICIOUS_MOVE = YES;
				CLANG_WARN_UNGUARDED_AVAILABILITY = YES_AGGRESSIVE;
				CLANG_WARN_UNREACHABLE_CODE = YES;
				CLANG_WARN__DUPLICATE_METHOD_MATCH = YES;
				COPY_PHASE_STRIP = NO;
				CURRENT_PROJECT_VERSION = 1;
				DEBUG_INFORMATION_FORMAT = "dwarf-with-dsym";
				ENABLE_NS_ASSERTIONS = NO;
				ENABLE_STRICT_OBJC_MSGSEND = YES;
				GCC_C_LANGUAGE_STANDARD = gnu11;
				GCC_NO_COMMON_BLOCKS = YES;
				GCC_WARN_64_TO_32_BIT_CONVERSION = YES;
				GCC_WARN_ABOUT_RETURN_TYPE = YES_ERROR;
				GCC_WARN_UNDECLARED_SELECTOR = YES;
				GCC_WARN_UNINITIALIZED_AUTOS = YES_AGGRESSIVE;
				GCC_WARN_UNUSED_FUNCTION = YES;
				GCC_WARN_UNUSED_VARIABLE = YES;
				IPHONEOS_DEPLOYMENT_TARGET = 15.0;
				MARKETING_VERSION = 1.0.0;
				MTL_ENABLE_DEBUG_INFO = NO;
				MTL_FAST_MATH = YES;
				PRODUCT_NAME = "$(TARGET_NAME)";
				SDKROOT = iphoneos;
				SWIFT_COMPILATION_MODE = wholemodule;
				SWIFT_OPTIMIZATION_LEVEL = "-O";
				SWIFT_VERSION = 5.0;
			};
			name = Release;
		};
/* End XCBuildConfiguration section */

/* Begin XCConfigurationList section */
		65C12F53E1AD046FA840632E /* Build configuration list for PBXNativeTarget "Pino-iOS" */ = {
			isa = XCConfigurationList;
			buildConfigurations = (
				224281A6BD8FC96C15842DC0 /* Debug */,
				7B083790ABEB8391B5A40C82 /* Release */,
			);
			defaultConfigurationIsVisible = 0;
			defaultConfigurationName = Debug;
		};
		6B6518EC167C528E1CC9BE07 /* Build configuration list for PBXNativeTarget "Pino-iOSTests" */ = {
			isa = XCConfigurationList;
			buildConfigurations = (
				7651F5C9499B813D4EF201EF /* Debug */,
				326094F11CFBB79B529B22C7 /* Release */,
			);
			defaultConfigurationIsVisible = 0;
			defaultConfigurationName = Debug;
		};
		8551383759BECA79C9F7F85D /* Build configuration list for PBXProject "Pino-iOS" */ = {
			isa = XCConfigurationList;
			buildConfigurations = (
				18C0C7105E9F47F5CEC08BAB /* Debug */,
				F393FE673BB9F54B6A3CF074 /* Release */,
			);
			defaultConfigurationIsVisible = 0;
			defaultConfigurationName = Debug;
		};
		EE46D7586D2BB3F3472DCBF5 /* Build configuration list for PBXNativeTarget "Pino-iOSUITests" */ = {
			isa = XCConfigurationList;
			buildConfigurations = (
				D6E9BFF79FB2B0241EF47EB3 /* Debug */,
				B7A1A216F88ED9C8ECF1C97A /* Release */,
			);
			defaultConfigurationIsVisible = 0;
			defaultConfigurationName = Debug;
		};
/* End XCConfigurationList section */

/* Begin XCRemoteSwiftPackageReference section */
		FFD111B1E4C4DA637EA34C0D /* XCRemoteSwiftPackageReference "firebase-ios-sdk" */ = {
			isa = XCRemoteSwiftPackageReference;
			repositoryURL = "https://github.com/firebase/firebase-ios-sdk";
			requirement = {
				kind = upToNextMajorVersion;
				minimumVersion = 9.0.0;
			};
		};
/* End XCRemoteSwiftPackageReference section */

/* Begin XCVersionGroup section */
		281840026D1004B10CE8DAFD /* Pino_iOS.xcdatamodeld */ = {
			isa = XCVersionGroup;
			children = (
				5EFC7CBAB68C417D56B4764A /* Pino_iOS.xcdatamodel */,
			);
			currentVersion = 5EFC7CBAB68C417D56B4764A /* Pino_iOS.xcdatamodel */;
			path = Pino_iOS.xcdatamodeld;
			sourceTree = "<group>";
			versionGroupType = wrapper.xcdatamodel;
		};
/* End XCVersionGroup section */
	};
	rootObject = 5939E0FFBB001767AF40C17F /* Project object */;
}
